{
  "version": 4,
  "terraform_version": "0.12.9",
  "serial": 25,
  "lineage": "7a812aee-f06d-427c-efcc-1204a66c901d",
  "outputs": {
    "dev-vnet": {
      "value": {
        "address_space": [
          "10.2.0.0/16"
        ],
        "id": "/subscriptions/5b98ba7c-c3f7-43ec-ac20-195d8109fe2b/resourceGroups/dev-network-rg/providers/Microsoft.Network/virtualNetworks/dev-vnet",
        "name": "dev-vnet",
        "resource_group_name": "dev-network-rg"
      },
      "type": [
        "object",
        {
          "address_space": [
            "list",
            "string"
          ],
          "id": "string",
          "name": "string",
          "resource_group_name": "string"
        }
      ]
    },
    "dev-vnet-id": {
      "value": "/subscriptions/5b98ba7c-c3f7-43ec-ac20-195d8109fe2b/resourceGroups/dev-network-rg/providers/Microsoft.Network/virtualNetworks/dev-vnet",
      "type": "string"
    }
  },
  "resources": [
    {
      "mode": "data",
      "type": "terraform_remote_state",
      "name": "transit",
      "provider": "provider.terraform",
      "instances": [
        {
          "schema_version": 0,
          "attributes": {
            "backend": "local",
            "config": {
              "value": {
                "path": "../prod/terraform.tfstate"
              },
              "type": [
                "object",
                {
                  "path": "string"
                }
              ]
            },
            "defaults": null,
            "outputs": {
              "value": {
                "transit-vnet": {
                  "address_space": [
                    "10.1.0.0/16"
                  ],
                  "id": "/subscriptions/5b98ba7c-c3f7-43ec-ac20-195d8109fe2b/resourceGroups/tansit-network-rg/providers/Microsoft.Network/virtualNetworks/transit-vnet",
                  "name": "transit-vnet",
                  "resource_group_name": "tansit-network-rg"
                },
                "transit-vnet-id": "/subscriptions/5b98ba7c-c3f7-43ec-ac20-195d8109fe2b/resourceGroups/tansit-network-rg/providers/Microsoft.Network/virtualNetworks/transit-vnet"
              },
              "type": [
                "object",
                {
                  "transit-vnet": [
                    "object",
                    {
                      "address_space": [
                        "list",
                        "string"
                      ],
                      "id": "string",
                      "name": "string",
                      "resource_group_name": "string"
                    }
                  ],
                  "transit-vnet-id": "string"
                }
              ]
            },
            "workspace": "default"
          }
        }
      ]
    },
    {
      "mode": "data",
      "type": "terraform_remote_state",
      "name": "transit-vnet",
      "provider": "provider.terraform",
      "instances": [
        {
          "schema_version": 0,
          "attributes": {
            "backend": "local",
            "config": {
              "value": {
                "path": "../prod/terraform.tfstate"
              },
              "type": [
                "object",
                {
                  "path": "string"
                }
              ]
            },
            "defaults": null,
            "outputs": {
              "value": {
                "transit-vnet": {
                  "address_space": [
                    "10.1.0.0/16"
                  ],
                  "id": "/subscriptions/5b98ba7c-c3f7-43ec-ac20-195d8109fe2b/resourceGroups/tansit-network-rg/providers/Microsoft.Network/virtualNetworks/transit-vnet",
                  "name": "transit-vnet",
                  "resource_group_name": "tansit-network-rg"
                },
                "transit-vnet-id": "/subscriptions/5b98ba7c-c3f7-43ec-ac20-195d8109fe2b/resourceGroups/tansit-network-rg/providers/Microsoft.Network/virtualNetworks/transit-vnet"
              },
              "type": [
                "object",
                {
                  "transit-vnet": [
                    "object",
                    {
                      "address_space": [
                        "list",
                        "string"
                      ],
                      "id": "string",
                      "name": "string",
                      "resource_group_name": "string"
                    }
                  ],
                  "transit-vnet-id": "string"
                }
              ]
            },
            "workspace": "default"
          }
        }
      ]
    },
    {
      "module": "module.dev-network-rg",
      "mode": "managed",
      "type": "azurerm_resource_group",
      "name": "rg",
      "provider": "provider.azurerm",
      "instances": [
        {
          "schema_version": 0,
          "attributes": {
            "id": "/subscriptions/5b98ba7c-c3f7-43ec-ac20-195d8109fe2b/resourceGroups/dev-network-rg",
            "location": "southeastasia",
            "name": "dev-network-rg",
            "tags": {}
          },
          "private": "bnVsbA=="
        }
      ]
    },
    {
      "module": "module.dev-hub",
      "mode": "managed",
      "type": "azurerm_subnet",
      "name": "subnets",
      "each": "list",
      "provider": "provider.azurerm",
      "instances": [
        {
          "index_key": 0,
          "schema_version": 0,
          "attributes": {
            "address_prefix": "10.2.1.0/24",
            "delegation": [],
            "id": "/subscriptions/5b98ba7c-c3f7-43ec-ac20-195d8109fe2b/resourceGroups/dev-network-rg/providers/Microsoft.Network/virtualNetworks/dev-vnet/subnets/dmz-subnet",
            "ip_configurations": [],
            "name": "dmz-subnet",
            "network_security_group_id": "",
            "resource_group_name": "dev-network-rg",
            "route_table_id": "",
            "service_endpoints": [],
            "virtual_network_name": "dev-vnet"
          },
          "private": "bnVsbA==",
          "depends_on": [
            "azurerm_virtual_network.vnet"
          ]
        },
        {
          "index_key": 1,
          "schema_version": 0,
          "attributes": {
            "address_prefix": "10.2.2.0/24",
            "delegation": [],
            "id": "/subscriptions/5b98ba7c-c3f7-43ec-ac20-195d8109fe2b/resourceGroups/dev-network-rg/providers/Microsoft.Network/virtualNetworks/dev-vnet/subnets/mgt-subnet",
            "ip_configurations": [],
            "name": "mgt-subnet",
            "network_security_group_id": "",
            "resource_group_name": "dev-network-rg",
            "route_table_id": "",
            "service_endpoints": [],
            "virtual_network_name": "dev-vnet"
          },
          "private": "bnVsbA==",
          "depends_on": [
            "azurerm_virtual_network.vnet"
          ]
        }
      ]
    },
    {
      "module": "module.dev-hub",
      "mode": "managed",
      "type": "azurerm_virtual_network",
      "name": "vnet",
      "provider": "provider.azurerm",
      "instances": [
        {
          "schema_version": 0,
          "attributes": {
            "address_space": [
              "10.2.0.0/16"
            ],
            "ddos_protection_plan": [],
            "dns_servers": [],
            "id": "/subscriptions/5b98ba7c-c3f7-43ec-ac20-195d8109fe2b/resourceGroups/dev-network-rg/providers/Microsoft.Network/virtualNetworks/dev-vnet",
            "location": "southeastasia",
            "name": "dev-vnet",
            "resource_group_name": "dev-network-rg",
            "subnet": [
              {
                "address_prefix": "10.2.1.0/24",
                "id": "/subscriptions/5b98ba7c-c3f7-43ec-ac20-195d8109fe2b/resourceGroups/dev-network-rg/providers/Microsoft.Network/virtualNetworks/dev-vnet/subnets/dmz-subnet",
                "name": "dmz-subnet",
                "security_group": ""
              },
              {
                "address_prefix": "10.2.2.0/24",
                "id": "/subscriptions/5b98ba7c-c3f7-43ec-ac20-195d8109fe2b/resourceGroups/dev-network-rg/providers/Microsoft.Network/virtualNetworks/dev-vnet/subnets/mgt-subnet",
                "name": "mgt-subnet",
                "security_group": ""
              }
            ],
            "tags": {}
          },
          "private": "bnVsbA=="
        }
      ]
    },
    {
      "module": "module.dev-hub",
      "mode": "managed",
      "type": "azurerm_virtual_network_peering",
      "name": "peering1",
      "provider": "provider.azurerm",
      "instances": [
        {
          "schema_version": 0,
          "attributes": {
            "allow_forwarded_traffic": false,
            "allow_gateway_transit": false,
            "allow_virtual_network_access": false,
            "id": "/subscriptions/5b98ba7c-c3f7-43ec-ac20-195d8109fe2b/resourceGroups/dev-network-rg/providers/Microsoft.Network/virtualNetworks/dev-vnet/virtualNetworkPeerings/dev-transit-peering",
            "name": "dev-transit-peering",
            "remote_virtual_network_id": "/subscriptions/5b98ba7c-c3f7-43ec-ac20-195d8109fe2b/resourceGroups/tansit-network-rg/providers/Microsoft.Network/virtualNetworks/transit-vnet",
            "resource_group_name": "dev-network-rg",
            "use_remote_gateways": false,
            "virtual_network_name": "dev-vnet"
          },
          "private": "bnVsbA==",
          "depends_on": [
            "azurerm_virtual_network.vnet"
          ]
        }
      ]
    },
    {
      "module": "module.dev-hub",
      "mode": "managed",
      "type": "azurerm_virtual_network_peering",
      "name": "peering2",
      "provider": "provider.azurerm",
      "instances": [
        {
          "schema_version": 0,
          "attributes": {
            "allow_forwarded_traffic": false,
            "allow_gateway_transit": false,
            "allow_virtual_network_access": false,
            "id": "/subscriptions/5b98ba7c-c3f7-43ec-ac20-195d8109fe2b/resourceGroups/tansit-network-rg/providers/Microsoft.Network/virtualNetworks/transit-vnet/virtualNetworkPeerings/transit-dev-peering",
            "name": "transit-dev-peering",
            "remote_virtual_network_id": "/subscriptions/5b98ba7c-c3f7-43ec-ac20-195d8109fe2b/resourceGroups/dev-network-rg/providers/Microsoft.Network/virtualNetworks/dev-vnet",
            "resource_group_name": "tansit-network-rg",
            "use_remote_gateways": false,
            "virtual_network_name": "transit-vnet"
          },
          "private": "bnVsbA==",
          "depends_on": [
            "azurerm_virtual_network.vnet"
          ]
        }
      ]
    }
  ]
}
