{
    "version": 3,
    "terraform_version": "0.11.13",
    "serial": 2,
    "lineage": "f59f820a-fbd9-63e5-cca8-cd19fd87d21b",
    "modules": [
        {
            "path": [
                "root"
            ],
            "outputs": {},
            "resources": {
                "azurerm_application_gateway.appgw": {
                    "type": "azurerm_application_gateway",
                    "depends_on": [
                        "azurerm_public_ip.appgw-pip",
                        "azurerm_resource_group.demorg",
                        "azurerm_subnet.frontend"
                    ],
                    "primary": {
                        "id": "/subscriptions/1431443c-49d2-4e4e-8569-e899fc5e5143/resourceGroups/terratest_rg/providers/Microsoft.Network/applicationGateways/appgw",
                        "attributes": {
                            "authentication_certificate.#": "0",
                            "backend_address_pool.#": "1",
                            "backend_address_pool.0.fqdn_list.#": "0",
                            "backend_address_pool.0.fqdns.#": "0",
                            "backend_address_pool.0.id": "/subscriptions/1431443c-49d2-4e4e-8569-e899fc5e5143/resourceGroups/terratest_rg/providers/Microsoft.Network/applicationGateways/appgw/backendAddressPools/appgw-backend-address-pool",
                            "backend_address_pool.0.ip_address_list.#": "0",
                            "backend_address_pool.0.ip_addresses.#": "0",
                            "backend_address_pool.0.name": "appgw-backend-address-pool",
                            "backend_http_settings.#": "1",
                            "backend_http_settings.0.authentication_certificate.#": "0",
                            "backend_http_settings.0.connection_draining.#": "0",
                            "backend_http_settings.0.cookie_based_affinity": "Disabled",
                            "backend_http_settings.0.host_name": "",
                            "backend_http_settings.0.id": "/subscriptions/1431443c-49d2-4e4e-8569-e899fc5e5143/resourceGroups/terratest_rg/providers/Microsoft.Network/applicationGateways/appgw/backendHttpSettingsCollection/appgw-backend-http-settings",
                            "backend_http_settings.0.name": "appgw-backend-http-settings",
                            "backend_http_settings.0.path": "",
                            "backend_http_settings.0.pick_host_name_from_backend_address": "false",
                            "backend_http_settings.0.port": "80",
                            "backend_http_settings.0.probe_id": "",
                            "backend_http_settings.0.probe_name": "",
                            "backend_http_settings.0.protocol": "Http",
                            "backend_http_settings.0.request_timeout": "1",
                            "custom_error_configuration.#": "0",
                            "disabled_ssl_protocols.#": "0",
                            "enable_http2": "false",
                            "frontend_ip_configuration.#": "1",
                            "frontend_ip_configuration.0.id": "/subscriptions/1431443c-49d2-4e4e-8569-e899fc5e5143/resourceGroups/terratest_rg/providers/Microsoft.Network/applicationGateways/appgw/frontendIPConfigurations/appgw-frontend-ip-config",
                            "frontend_ip_configuration.0.name": "appgw-frontend-ip-config",
                            "frontend_ip_configuration.0.private_ip_address": "",
                            "frontend_ip_configuration.0.private_ip_address_allocation": "Dynamic",
                            "frontend_ip_configuration.0.public_ip_address_id": "/subscriptions/1431443c-49d2-4e4e-8569-e899fc5e5143/resourceGroups/terratest_rg/providers/Microsoft.Network/publicIPAddresses/appgw-pip",
                            "frontend_ip_configuration.0.subnet_id": "",
                            "frontend_port.#": "1",
                            "frontend_port.0.id": "/subscriptions/1431443c-49d2-4e4e-8569-e899fc5e5143/resourceGroups/terratest_rg/providers/Microsoft.Network/applicationGateways/appgw/frontendPorts/appgw-frontend-port",
                            "frontend_port.0.name": "appgw-frontend-port",
                            "frontend_port.0.port": "80",
                            "gateway_ip_configuration.#": "1",
                            "gateway_ip_configuration.0.id": "/subscriptions/1431443c-49d2-4e4e-8569-e899fc5e5143/resourceGroups/terratest_rg/providers/Microsoft.Network/applicationGateways/appgw/gatewayIPConfigurations/appgw-ip-config",
                            "gateway_ip_configuration.0.name": "appgw-ip-config",
                            "gateway_ip_configuration.0.subnet_id": "/subscriptions/1431443c-49d2-4e4e-8569-e899fc5e5143/resourceGroups/terratest_rg/providers/Microsoft.Network/virtualNetworks/vnet-appgw/subnets/subnet-appgw-frontend",
                            "http_listener.#": "1",
                            "http_listener.0.custom_error_configuration.#": "0",
                            "http_listener.0.frontend_ip_configuration_id": "/subscriptions/1431443c-49d2-4e4e-8569-e899fc5e5143/resourceGroups/terratest_rg/providers/Microsoft.Network/applicationGateways/appgw/frontendIPConfigurations/appgw-frontend-ip-config",
                            "http_listener.0.frontend_ip_configuration_name": "appgw-frontend-ip-config",
                            "http_listener.0.frontend_port_id": "/subscriptions/1431443c-49d2-4e4e-8569-e899fc5e5143/resourceGroups/terratest_rg/providers/Microsoft.Network/applicationGateways/appgw/frontendPorts/appgw-frontend-port",
                            "http_listener.0.frontend_port_name": "appgw-frontend-port",
                            "http_listener.0.host_name": "",
                            "http_listener.0.id": "/subscriptions/1431443c-49d2-4e4e-8569-e899fc5e5143/resourceGroups/terratest_rg/providers/Microsoft.Network/applicationGateways/appgw/httpListeners/appgw-http-listener",
                            "http_listener.0.name": "appgw-http-listener",
                            "http_listener.0.protocol": "Http",
                            "http_listener.0.require_sni": "false",
                            "http_listener.0.ssl_certificate_id": "",
                            "http_listener.0.ssl_certificate_name": "",
                            "id": "/subscriptions/1431443c-49d2-4e4e-8569-e899fc5e5143/resourceGroups/terratest_rg/providers/Microsoft.Network/applicationGateways/appgw",
                            "location": "southeastasia",
                            "name": "appgw",
                            "probe.#": "0",
                            "redirect_configuration.#": "0",
                            "request_routing_rule.#": "1",
                            "request_routing_rule.0.backend_address_pool_id": "/subscriptions/1431443c-49d2-4e4e-8569-e899fc5e5143/resourceGroups/terratest_rg/providers/Microsoft.Network/applicationGateways/appgw/backendAddressPools/appgw-backend-address-pool",
                            "request_routing_rule.0.backend_address_pool_name": "appgw-backend-address-pool",
                            "request_routing_rule.0.backend_http_settings_id": "/subscriptions/1431443c-49d2-4e4e-8569-e899fc5e5143/resourceGroups/terratest_rg/providers/Microsoft.Network/applicationGateways/appgw/backendHttpSettingsCollection/appgw-backend-http-settings",
                            "request_routing_rule.0.backend_http_settings_name": "appgw-backend-http-settings",
                            "request_routing_rule.0.http_listener_id": "/subscriptions/1431443c-49d2-4e4e-8569-e899fc5e5143/resourceGroups/terratest_rg/providers/Microsoft.Network/applicationGateways/appgw/httpListeners/appgw-http-listener",
                            "request_routing_rule.0.http_listener_name": "appgw-http-listener",
                            "request_routing_rule.0.id": "/subscriptions/1431443c-49d2-4e4e-8569-e899fc5e5143/resourceGroups/terratest_rg/providers/Microsoft.Network/applicationGateways/appgw/requestRoutingRules/appgw-routing-rule",
                            "request_routing_rule.0.name": "appgw-routing-rule",
                            "request_routing_rule.0.redirect_configuration_id": "",
                            "request_routing_rule.0.redirect_configuration_name": "",
                            "request_routing_rule.0.rule_type": "Basic",
                            "request_routing_rule.0.url_path_map_id": "",
                            "request_routing_rule.0.url_path_map_name": "",
                            "resource_group_name": "terratest_rg",
                            "sku.#": "1",
                            "sku.0.capacity": "2",
                            "sku.0.name": "Standard_Small",
                            "sku.0.tier": "Standard",
                            "ssl_certificate.#": "0",
                            "tags.%": "0",
                            "url_path_map.#": "0",
                            "waf_configuration.#": "0",
                            "zones.#": "0"
                        },
                        "meta": {},
                        "tainted": false
                    },
                    "deposed": [],
                    "provider": "provider.azurerm"
                },
                "azurerm_public_ip.appgw-pip": {
                    "type": "azurerm_public_ip",
                    "depends_on": [
                        "azurerm_resource_group.demorg"
                    ],
                    "primary": {
                        "id": "/subscriptions/1431443c-49d2-4e4e-8569-e899fc5e5143/resourceGroups/terratest_rg/providers/Microsoft.Network/publicIPAddresses/appgw-pip",
                        "attributes": {
                            "allocation_method": "Dynamic",
                            "id": "/subscriptions/1431443c-49d2-4e4e-8569-e899fc5e5143/resourceGroups/terratest_rg/providers/Microsoft.Network/publicIPAddresses/appgw-pip",
                            "idle_timeout_in_minutes": "4",
                            "ip_address": "",
                            "ip_version": "IPv4",
                            "location": "southeastasia",
                            "name": "appgw-pip",
                            "public_ip_address_allocation": "Dynamic",
                            "resource_group_name": "terratest_rg",
                            "sku": "Basic",
                            "tags.%": "0",
                            "zones.#": "0"
                        },
                        "meta": {},
                        "tainted": false
                    },
                    "deposed": [],
                    "provider": "provider.azurerm"
                },
                "azurerm_resource_group.demorg": {
                    "type": "azurerm_resource_group",
                    "depends_on": [],
                    "primary": {
                        "id": "/subscriptions/1431443c-49d2-4e4e-8569-e899fc5e5143/resourceGroups/terratest_rg",
                        "attributes": {
                            "id": "/subscriptions/1431443c-49d2-4e4e-8569-e899fc5e5143/resourceGroups/terratest_rg",
                            "location": "southeastasia",
                            "name": "terratest_rg",
                            "tags.%": "0"
                        },
                        "meta": {},
                        "tainted": false
                    },
                    "deposed": [],
                    "provider": "provider.azurerm"
                },
                "azurerm_subnet.backend": {
                    "type": "azurerm_subnet",
                    "depends_on": [
                        "azurerm_resource_group.demorg",
                        "azurerm_virtual_network.vnet-appgw"
                    ],
                    "primary": {
                        "id": "/subscriptions/1431443c-49d2-4e4e-8569-e899fc5e5143/resourceGroups/terratest_rg/providers/Microsoft.Network/virtualNetworks/vnet-appgw/subnets/subnet-appgw-backend",
                        "attributes": {
                            "address_prefix": "192.168.2.0/24",
                            "delegation.#": "0",
                            "id": "/subscriptions/1431443c-49d2-4e4e-8569-e899fc5e5143/resourceGroups/terratest_rg/providers/Microsoft.Network/virtualNetworks/vnet-appgw/subnets/subnet-appgw-backend",
                            "ip_configurations.#": "0",
                            "name": "subnet-appgw-backend",
                            "network_security_group_id": "",
                            "resource_group_name": "terratest_rg",
                            "route_table_id": "",
                            "service_endpoints.#": "0",
                            "virtual_network_name": "vnet-appgw"
                        },
                        "meta": {},
                        "tainted": false
                    },
                    "deposed": [],
                    "provider": "provider.azurerm"
                },
                "azurerm_subnet.frontend": {
                    "type": "azurerm_subnet",
                    "depends_on": [
                        "azurerm_resource_group.demorg",
                        "azurerm_virtual_network.vnet-appgw"
                    ],
                    "primary": {
                        "id": "/subscriptions/1431443c-49d2-4e4e-8569-e899fc5e5143/resourceGroups/terratest_rg/providers/Microsoft.Network/virtualNetworks/vnet-appgw/subnets/subnet-appgw-frontend",
                        "attributes": {
                            "address_prefix": "192.168.1.0/24",
                            "delegation.#": "0",
                            "id": "/subscriptions/1431443c-49d2-4e4e-8569-e899fc5e5143/resourceGroups/terratest_rg/providers/Microsoft.Network/virtualNetworks/vnet-appgw/subnets/subnet-appgw-frontend",
                            "ip_configurations.#": "0",
                            "name": "subnet-appgw-frontend",
                            "network_security_group_id": "",
                            "resource_group_name": "terratest_rg",
                            "route_table_id": "",
                            "service_endpoints.#": "0",
                            "virtual_network_name": "vnet-appgw"
                        },
                        "meta": {},
                        "tainted": false
                    },
                    "deposed": [],
                    "provider": "provider.azurerm"
                },
                "azurerm_virtual_network.vnet-appgw": {
                    "type": "azurerm_virtual_network",
                    "depends_on": [
                        "azurerm_resource_group.demorg"
                    ],
                    "primary": {
                        "id": "/subscriptions/1431443c-49d2-4e4e-8569-e899fc5e5143/resourceGroups/terratest_rg/providers/Microsoft.Network/virtualNetworks/vnet-appgw",
                        "attributes": {
                            "address_space.#": "1",
                            "address_space.0": "192.168.0.0/16",
                            "ddos_protection_plan.#": "0",
                            "dns_servers.#": "0",
                            "id": "/subscriptions/1431443c-49d2-4e4e-8569-e899fc5e5143/resourceGroups/terratest_rg/providers/Microsoft.Network/virtualNetworks/vnet-appgw",
                            "location": "southeastasia",
                            "name": "vnet-appgw",
                            "resource_group_name": "terratest_rg",
                            "subnet.#": "0",
                            "tags.%": "0"
                        },
                        "meta": {},
                        "tainted": false
                    },
                    "deposed": [],
                    "provider": "provider.azurerm"
                }
            },
            "depends_on": []
        }
    ]
}
