{
  "version": 4,
  "terraform_version": "0.12.5",
  "serial": 76,
  "lineage": "87bf8e5a-5e52-cb53-03f9-695f764a8e54",
  "outputs": {},
  "resources": [
    {
      "module": "module.webserver-as",
      "mode": "managed",
      "type": "azurerm_availability_set",
      "name": "as",
      "provider": "provider.azurerm",
      "instances": [
        {
          "schema_version": 0,
          "attributes": {
            "id": "/subscriptions/1431443c-49d2-4e4e-8569-e899fc5e5143/resourceGroups/testterra-rg/providers/Microsoft.Compute/availabilitySets/webserver-as1",
            "location": "southeastasia",
            "managed": true,
            "name": "webserver-as1",
            "platform_fault_domain_count": 2,
            "platform_update_domain_count": 5,
            "resource_group_name": "testterra-rg",
            "tags": {}
          },
          "private": "bnVsbA=="
        }
      ]
    },
    {
      "module": "module.webserver-as",
      "mode": "managed",
      "type": "azurerm_network_interface",
      "name": "nic",
      "each": "list",
      "provider": "provider.azurerm",
      "instances": [
        {
          "index_key": 0,
          "schema_version": 0,
          "attributes": {
            "applied_dns_servers": [],
            "dns_servers": [],
            "enable_accelerated_networking": false,
            "enable_ip_forwarding": false,
            "id": "/subscriptions/1431443c-49d2-4e4e-8569-e899fc5e5143/resourceGroups/testterra-rg/providers/Microsoft.Network/networkInterfaces/webserver-1-nic",
            "internal_dns_name_label": "",
            "internal_fqdn": "",
            "ip_configuration": [
              {
                "application_gateway_backend_address_pools_ids": [],
                "application_security_group_ids": [],
                "load_balancer_backend_address_pools_ids": [],
                "load_balancer_inbound_nat_rules_ids": [],
                "name": "webserver-1-nic-ipconfig",
                "primary": true,
                "private_ip_address": "",
                "private_ip_address_allocation": "dynamic",
                "private_ip_address_version": "IPv4",
                "public_ip_address_id": "",
                "subnet_id": "/subscriptions/1431443c-49d2-4e4e-8569-e899fc5e5143/resourceGroups/testterra-rg/providers/Microsoft.Network/virtualNetworks/main-vnet/subnets/mgt-subnet"
              }
            ],
            "location": "southeastasia",
            "mac_address": "",
            "name": "webserver-1-nic",
            "network_security_group_id": "",
            "private_ip_address": "10.1.2.4",
            "private_ip_addresses": [
              "10.1.2.4"
            ],
            "resource_group_name": "testterra-rg",
            "tags": {},
            "virtual_machine_id": null
          }
        },
        {
          "index_key": 1,
          "schema_version": 0,
          "attributes": {
            "applied_dns_servers": [],
            "dns_servers": [],
            "enable_accelerated_networking": false,
            "enable_ip_forwarding": false,
            "id": "/subscriptions/1431443c-49d2-4e4e-8569-e899fc5e5143/resourceGroups/testterra-rg/providers/Microsoft.Network/networkInterfaces/webserver-2-nic",
            "internal_dns_name_label": "",
            "internal_fqdn": "",
            "ip_configuration": [
              {
                "application_gateway_backend_address_pools_ids": [],
                "application_security_group_ids": [],
                "load_balancer_backend_address_pools_ids": [],
                "load_balancer_inbound_nat_rules_ids": [],
                "name": "webserver-2-nic-ipconfig",
                "primary": true,
                "private_ip_address": "",
                "private_ip_address_allocation": "dynamic",
                "private_ip_address_version": "IPv4",
                "public_ip_address_id": "",
                "subnet_id": "/subscriptions/1431443c-49d2-4e4e-8569-e899fc5e5143/resourceGroups/testterra-rg/providers/Microsoft.Network/virtualNetworks/main-vnet/subnets/mgt-subnet"
              }
            ],
            "location": "southeastasia",
            "mac_address": "",
            "name": "webserver-2-nic",
            "network_security_group_id": "",
            "private_ip_address": "10.1.2.5",
            "private_ip_addresses": [
              "10.1.2.5"
            ],
            "resource_group_name": "testterra-rg",
            "tags": {},
            "virtual_machine_id": null
          }
        },
        {
          "index_key": 2,
          "schema_version": 0,
          "attributes": {
            "applied_dns_servers": [],
            "dns_servers": [],
            "enable_accelerated_networking": false,
            "enable_ip_forwarding": false,
            "id": "/subscriptions/1431443c-49d2-4e4e-8569-e899fc5e5143/resourceGroups/testterra-rg/providers/Microsoft.Network/networkInterfaces/webserver-3-nic",
            "internal_dns_name_label": "",
            "internal_fqdn": "",
            "ip_configuration": [
              {
                "application_gateway_backend_address_pools_ids": [],
                "application_security_group_ids": [],
                "load_balancer_backend_address_pools_ids": [],
                "load_balancer_inbound_nat_rules_ids": [],
                "name": "webserver-3-nic-ipconfig",
                "primary": true,
                "private_ip_address": "",
                "private_ip_address_allocation": "dynamic",
                "private_ip_address_version": "IPv4",
                "public_ip_address_id": "",
                "subnet_id": "/subscriptions/1431443c-49d2-4e4e-8569-e899fc5e5143/resourceGroups/testterra-rg/providers/Microsoft.Network/virtualNetworks/main-vnet/subnets/mgt-subnet"
              }
            ],
            "location": "southeastasia",
            "mac_address": "",
            "name": "webserver-3-nic",
            "network_security_group_id": "",
            "private_ip_address": "10.1.2.6",
            "private_ip_addresses": [
              "10.1.2.6"
            ],
            "resource_group_name": "testterra-rg",
            "tags": {},
            "virtual_machine_id": null
          }
        }
      ]
    },
    {
      "module": "module.mainrg",
      "mode": "managed",
      "type": "azurerm_resource_group",
      "name": "rg",
      "provider": "provider.azurerm",
      "instances": [
        {
          "schema_version": 0,
          "attributes": {
            "id": "/subscriptions/1431443c-49d2-4e4e-8569-e899fc5e5143/resourceGroups/testterra-rg",
            "location": "southeastasia",
            "name": "testterra-rg",
            "tags": {}
          }
        }
      ]
    },
    {
      "module": "module.hub-vnet",
      "mode": "managed",
      "type": "azurerm_subnet",
      "name": "subnets",
      "each": "list",
      "provider": "provider.azurerm",
      "instances": [
        {
          "index_key": 0,
          "schema_version": 0,
          "attributes": {
            "address_prefix": "10.1.2.0/24",
            "delegation": [],
            "id": "/subscriptions/1431443c-49d2-4e4e-8569-e899fc5e5143/resourceGroups/testterra-rg/providers/Microsoft.Network/virtualNetworks/main-vnet/subnets/mgt-subnet",
            "ip_configurations": [
              "/subscriptions/1431443c-49d2-4e4e-8569-e899fc5e5143/resourceGroups/testterra-rg/providers/Microsoft.Network/networkInterfaces/webserver-1-nic/ipConfigurations/webserver-1-nic-ipconfig",
              "/subscriptions/1431443c-49d2-4e4e-8569-e899fc5e5143/resourceGroups/testterra-rg/providers/Microsoft.Network/networkInterfaces/webserver-2-nic/ipConfigurations/webserver-2-nic-ipconfig",
              "/subscriptions/1431443c-49d2-4e4e-8569-e899fc5e5143/resourceGroups/testterra-rg/providers/Microsoft.Network/networkInterfaces/webserver-3-nic/ipConfigurations/webserver-3-nic-ipconfig"
            ],
            "name": "mgt-subnet",
            "network_security_group_id": "",
            "resource_group_name": "testterra-rg",
            "route_table_id": "",
            "service_endpoints": null,
            "virtual_network_name": "main-vnet"
          },
          "depends_on": [
            "azurerm_virtual_network.vnet"
          ]
        }
      ]
    },
    {
      "module": "module.webserver-as",
      "mode": "managed",
      "type": "azurerm_virtual_machine",
      "name": "vm",
      "each": "list",
      "provider": "provider.azurerm",
      "instances": [
        {
          "index_key": 0,
          "schema_version": 0,
          "attributes": {
            "availability_set_id": "/subscriptions/1431443c-49d2-4e4e-8569-e899fc5e5143/resourcegroups/testterra-rg/providers/microsoft.compute/availabilitysets/webserver-as1",
            "boot_diagnostics": [
              {
                "enabled": false,
                "storage_uri": ""
              }
            ],
            "delete_data_disks_on_termination": false,
            "delete_os_disk_on_termination": false,
            "id": "/subscriptions/1431443c-49d2-4e4e-8569-e899fc5e5143/resourceGroups/testterra-rg/providers/Microsoft.Compute/virtualMachines/webserver-1",
            "identity": [],
            "license_type": null,
            "location": "southeastasia",
            "name": "webserver-1",
            "network_interface_ids": [
              "/subscriptions/1431443c-49d2-4e4e-8569-e899fc5e5143/resourceGroups/testterra-rg/providers/Microsoft.Network/networkInterfaces/webserver-1-nic"
            ],
            "os_profile": [
              {
                "admin_password": "",
                "admin_username": "DemoAdmin",
                "computer_name": "webserver",
                "custom_data": ""
              }
            ],
            "os_profile_linux_config": [],
            "os_profile_secrets": [],
            "os_profile_windows_config": [
              {
                "additional_unattend_config": [],
                "enable_automatic_upgrades": false,
                "provision_vm_agent": true,
                "timezone": "",
                "winrm": []
              }
            ],
            "plan": [],
            "primary_network_interface_id": null,
            "resource_group_name": "testterra-rg",
            "storage_data_disk": [],
            "storage_image_reference": [
              {
                "id": "",
                "offer": "WindowsServer",
                "publisher": "MicrosoftWindowsServer",
                "sku": "2019-Datacenter",
                "version": "latest"
              }
            ],
            "storage_os_disk": [
              {
                "caching": "ReadWrite",
                "create_option": "FromImage",
                "disk_size_gb": 127,
                "image_uri": "",
                "managed_disk_id": "/subscriptions/1431443c-49d2-4e4e-8569-e899fc5e5143/resourceGroups/testterra-rg/providers/Microsoft.Compute/disks/webserver-1-osdisk",
                "managed_disk_type": "Standard_LRS",
                "name": "webserver-1-osdisk",
                "os_type": "Windows",
                "vhd_uri": "",
                "write_accelerator_enabled": false
              }
            ],
            "tags": {},
            "vm_size": "Standard_D2s_v3",
            "zones": null
          },
          "private": "bnVsbA==",
          "depends_on": [
            "azurerm_availability_set.as",
            "azurerm_network_interface.nic"
          ]
        },
        {
          "index_key": 1,
          "schema_version": 0,
          "attributes": {
            "availability_set_id": "/subscriptions/1431443c-49d2-4e4e-8569-e899fc5e5143/resourcegroups/testterra-rg/providers/microsoft.compute/availabilitysets/webserver-as1",
            "boot_diagnostics": [
              {
                "enabled": false,
                "storage_uri": ""
              }
            ],
            "delete_data_disks_on_termination": false,
            "delete_os_disk_on_termination": false,
            "id": "/subscriptions/1431443c-49d2-4e4e-8569-e899fc5e5143/resourceGroups/testterra-rg/providers/Microsoft.Compute/virtualMachines/webserver-2",
            "identity": [],
            "license_type": null,
            "location": "southeastasia",
            "name": "webserver-2",
            "network_interface_ids": [
              "/subscriptions/1431443c-49d2-4e4e-8569-e899fc5e5143/resourceGroups/testterra-rg/providers/Microsoft.Network/networkInterfaces/webserver-2-nic"
            ],
            "os_profile": [
              {
                "admin_password": "",
                "admin_username": "DemoAdmin",
                "computer_name": "webserver",
                "custom_data": ""
              }
            ],
            "os_profile_linux_config": [],
            "os_profile_secrets": [],
            "os_profile_windows_config": [
              {
                "additional_unattend_config": [],
                "enable_automatic_upgrades": false,
                "provision_vm_agent": true,
                "timezone": "",
                "winrm": []
              }
            ],
            "plan": [],
            "primary_network_interface_id": null,
            "resource_group_name": "testterra-rg",
            "storage_data_disk": [],
            "storage_image_reference": [
              {
                "id": "",
                "offer": "WindowsServer",
                "publisher": "MicrosoftWindowsServer",
                "sku": "2019-Datacenter",
                "version": "latest"
              }
            ],
            "storage_os_disk": [
              {
                "caching": "ReadWrite",
                "create_option": "FromImage",
                "disk_size_gb": 127,
                "image_uri": "",
                "managed_disk_id": "/subscriptions/1431443c-49d2-4e4e-8569-e899fc5e5143/resourceGroups/testterra-rg/providers/Microsoft.Compute/disks/webserver-2-osdisk",
                "managed_disk_type": "Standard_LRS",
                "name": "webserver-2-osdisk",
                "os_type": "Windows",
                "vhd_uri": "",
                "write_accelerator_enabled": false
              }
            ],
            "tags": {},
            "vm_size": "Standard_D2s_v3",
            "zones": null
          },
          "private": "bnVsbA==",
          "depends_on": [
            "azurerm_availability_set.as",
            "azurerm_network_interface.nic"
          ]
        },
        {
          "index_key": 2,
          "schema_version": 0,
          "attributes": {
            "availability_set_id": "/subscriptions/1431443c-49d2-4e4e-8569-e899fc5e5143/resourcegroups/testterra-rg/providers/microsoft.compute/availabilitysets/webserver-as1",
            "boot_diagnostics": [
              {
                "enabled": false,
                "storage_uri": ""
              }
            ],
            "delete_data_disks_on_termination": false,
            "delete_os_disk_on_termination": false,
            "id": "/subscriptions/1431443c-49d2-4e4e-8569-e899fc5e5143/resourceGroups/testterra-rg/providers/Microsoft.Compute/virtualMachines/webserver-3",
            "identity": [],
            "license_type": null,
            "location": "southeastasia",
            "name": "webserver-3",
            "network_interface_ids": [
              "/subscriptions/1431443c-49d2-4e4e-8569-e899fc5e5143/resourceGroups/testterra-rg/providers/Microsoft.Network/networkInterfaces/webserver-3-nic"
            ],
            "os_profile": [
              {
                "admin_password": "",
                "admin_username": "DemoAdmin",
                "computer_name": "webserver",
                "custom_data": ""
              }
            ],
            "os_profile_linux_config": [],
            "os_profile_secrets": [],
            "os_profile_windows_config": [
              {
                "additional_unattend_config": [],
                "enable_automatic_upgrades": false,
                "provision_vm_agent": true,
                "timezone": "",
                "winrm": []
              }
            ],
            "plan": [],
            "primary_network_interface_id": null,
            "resource_group_name": "testterra-rg",
            "storage_data_disk": [],
            "storage_image_reference": [
              {
                "id": "",
                "offer": "WindowsServer",
                "publisher": "MicrosoftWindowsServer",
                "sku": "2019-Datacenter",
                "version": "latest"
              }
            ],
            "storage_os_disk": [
              {
                "caching": "ReadWrite",
                "create_option": "FromImage",
                "disk_size_gb": 127,
                "image_uri": "",
                "managed_disk_id": "/subscriptions/1431443c-49d2-4e4e-8569-e899fc5e5143/resourceGroups/testterra-rg/providers/Microsoft.Compute/disks/webserver-3-osdisk",
                "managed_disk_type": "Standard_LRS",
                "name": "webserver-3-osdisk",
                "os_type": "Windows",
                "vhd_uri": "",
                "write_accelerator_enabled": false
              }
            ],
            "tags": {},
            "vm_size": "Standard_D2s_v3",
            "zones": null
          },
          "private": "bnVsbA==",
          "depends_on": [
            "azurerm_availability_set.as",
            "azurerm_network_interface.nic"
          ]
        }
      ]
    },
    {
      "module": "module.hub-vnet",
      "mode": "managed",
      "type": "azurerm_virtual_network",
      "name": "vnet",
      "provider": "provider.azurerm",
      "instances": [
        {
          "schema_version": 0,
          "attributes": {
            "address_space": [
              "10.1.0.0/16"
            ],
            "ddos_protection_plan": [],
            "dns_servers": null,
            "id": "/subscriptions/1431443c-49d2-4e4e-8569-e899fc5e5143/resourceGroups/testterra-rg/providers/Microsoft.Network/virtualNetworks/main-vnet",
            "location": "southeastasia",
            "name": "main-vnet",
            "resource_group_name": "testterra-rg",
            "subnet": [
              {
                "address_prefix": "10.1.2.0/24",
                "id": "/subscriptions/1431443c-49d2-4e4e-8569-e899fc5e5143/resourceGroups/testterra-rg/providers/Microsoft.Network/virtualNetworks/main-vnet/subnets/mgt-subnet",
                "name": "mgt-subnet",
                "security_group": ""
              }
            ],
            "tags": {}
          }
        }
      ]
    }
  ]
}
