{
  "version": 4,
  "terraform_version": "0.12.9",
  "serial": 33,
  "lineage": "de7cfc1f-69d7-1d6d-e02d-492cc16acbbb",
  "outputs": {
    "transit-vnet": {
      "value": {
        "address_space": [
          "10.1.0.0/22"
        ],
        "id": "/subscriptions/5b98ba7c-c3f7-43ec-ac20-195d8109fe2b/resourceGroups/Transit-Network-RG/providers/Microsoft.Network/virtualNetworks/Transit-VNet",
        "name": "Transit-VNet",
        "resource_group_name": "Transit-Network-RG"
      },
      "type": [
        "object",
        {
          "address_space": [
            "list",
            "string"
          ],
          "id": "string",
          "name": "string",
          "resource_group_name": "string"
        }
      ]
    },
    "transit-vnet-id": {
      "value": "/subscriptions/5b98ba7c-c3f7-43ec-ac20-195d8109fe2b/resourceGroups/Transit-Network-RG/providers/Microsoft.Network/virtualNetworks/Transit-VNet",
      "type": "string"
    }
  },
  "resources": [
    {
      "module": "module.Prod-ExtWAF-NSG",
      "mode": "managed",
      "type": "azurerm_network_security_group",
      "name": "nsg",
      "provider": "provider.azurerm",
      "instances": [
        {
          "schema_version": 0,
          "attributes": {
            "id": "/subscriptions/5b98ba7c-c3f7-43ec-ac20-195d8109fe2b/resourceGroups/Transit-Network-RG/providers/Microsoft.Network/networkSecurityGroups/Prod-ExtWAF-NSG",
            "location": "southeastasia",
            "name": "Prod-ExtWAF-NSG",
            "resource_group_name": "Transit-Network-RG",
            "security_rule": [
              {
                "access": "Allow",
                "description": "",
                "destination_address_prefix": "*",
                "destination_address_prefixes": [],
                "destination_application_security_group_ids": [],
                "destination_port_range": "*",
                "destination_port_ranges": [],
                "direction": "Inbound",
                "name": "rule1",
                "priority": 1000,
                "protocol": "TCP",
                "source_address_prefix": "*",
                "source_address_prefixes": [],
                "source_application_security_group_ids": [],
                "source_port_range": "*",
                "source_port_ranges": []
              },
              {
                "access": "Allow",
                "description": "",
                "destination_address_prefix": "*",
                "destination_address_prefixes": [],
                "destination_application_security_group_ids": [],
                "destination_port_range": "*",
                "destination_port_ranges": [],
                "direction": "Outbound",
                "name": "rule2",
                "priority": 1001,
                "protocol": "TCP",
                "source_address_prefix": "*",
                "source_address_prefixes": [],
                "source_application_security_group_ids": [],
                "source_port_range": "*",
                "source_port_ranges": []
              }
            ],
            "tags": {}
          },
          "private": "bnVsbA=="
        }
      ]
    },
    {
      "module": "module.Prod-ExtWAF-NSG",
      "mode": "managed",
      "type": "azurerm_network_security_rule",
      "name": "nsgRuleSet",
      "each": "list",
      "provider": "provider.azurerm",
      "instances": [
        {
          "index_key": 0,
          "schema_version": 0,
          "attributes": {
            "access": "Allow",
            "description": "",
            "destination_address_prefix": "*",
            "destination_address_prefixes": [],
            "destination_application_security_group_ids": [],
            "destination_port_range": "*",
            "destination_port_ranges": [],
            "direction": "Inbound",
            "id": "/subscriptions/5b98ba7c-c3f7-43ec-ac20-195d8109fe2b/resourceGroups/Transit-Network-RG/providers/Microsoft.Network/networkSecurityGroups/Prod-ExtWAF-NSG/securityRules/rule1",
            "name": "rule1",
            "network_security_group_name": "Prod-ExtWAF-NSG",
            "priority": 1000,
            "protocol": "TCP",
            "resource_group_name": "Transit-Network-RG",
            "source_address_prefix": "*",
            "source_address_prefixes": [],
            "source_application_security_group_ids": [],
            "source_port_range": "*",
            "source_port_ranges": []
          },
          "private": "bnVsbA==",
          "depends_on": [
            "azurerm_network_security_group.nsg"
          ]
        },
        {
          "index_key": 1,
          "schema_version": 0,
          "attributes": {
            "access": "Allow",
            "description": "",
            "destination_address_prefix": "*",
            "destination_address_prefixes": [],
            "destination_application_security_group_ids": [],
            "destination_port_range": "*",
            "destination_port_ranges": [],
            "direction": "Outbound",
            "id": "/subscriptions/5b98ba7c-c3f7-43ec-ac20-195d8109fe2b/resourceGroups/Transit-Network-RG/providers/Microsoft.Network/networkSecurityGroups/Prod-ExtWAF-NSG/securityRules/rule2",
            "name": "rule2",
            "network_security_group_name": "Prod-ExtWAF-NSG",
            "priority": 1001,
            "protocol": "TCP",
            "resource_group_name": "Transit-Network-RG",
            "source_address_prefix": "*",
            "source_address_prefixes": [],
            "source_application_security_group_ids": [],
            "source_port_range": "*",
            "source_port_ranges": []
          },
          "private": "bnVsbA==",
          "depends_on": [
            "azurerm_network_security_group.nsg"
          ]
        },
        {
          "index_key": 2,
          "schema_version": 0,
          "attributes": {
            "access": "Allow",
            "description": "",
            "destination_address_prefix": "*",
            "destination_address_prefixes": null,
            "destination_application_security_group_ids": null,
            "destination_port_range": "*",
            "destination_port_ranges": null,
            "direction": "Outbound",
            "id": "/subscriptions/5b98ba7c-c3f7-43ec-ac20-195d8109fe2b/resourceGroups/Transit-Network-RG/providers/Microsoft.Network/networkSecurityGroups/Prod-ExtWAF-NSG/securityRules/rule3",
            "name": "rule3",
            "network_security_group_name": "Prod-ExtWAF-NSG",
            "priority": 1002,
            "protocol": "TCP",
            "resource_group_name": "Transit-Network-RG",
            "source_address_prefix": "*",
            "source_address_prefixes": null,
            "source_application_security_group_ids": null,
            "source_port_range": "*",
            "source_port_ranges": null
          },
          "private": "bnVsbA==",
          "depends_on": [
            "azurerm_network_security_group.nsg"
          ]
        }
      ]
    },
    {
      "module": "module.Transit-Hub",
      "mode": "managed",
      "type": "azurerm_resource_group",
      "name": "rgroup",
      "provider": "provider.azurerm",
      "instances": [
        {
          "schema_version": 0,
          "attributes": {
            "id": "/subscriptions/5b98ba7c-c3f7-43ec-ac20-195d8109fe2b/resourceGroups/Transit-Network-RG",
            "location": "southeastasia",
            "name": "Transit-Network-RG",
            "tags": {}
          },
          "private": "bnVsbA=="
        }
      ]
    },
    {
      "module": "module.Transit-Hub",
      "mode": "managed",
      "type": "azurerm_subnet",
      "name": "subnets",
      "each": "list",
      "provider": "provider.azurerm",
      "instances": [
        {
          "index_key": 0,
          "schema_version": 0,
          "attributes": {
            "address_prefix": "10.1.0.0/26",
            "delegation": [],
            "id": "/subscriptions/5b98ba7c-c3f7-43ec-ac20-195d8109fe2b/resourceGroups/Transit-Network-RG/providers/Microsoft.Network/virtualNetworks/Transit-VNet/subnets/AzureFirewallSubnet",
            "ip_configurations": [],
            "name": "AzureFirewallSubnet",
            "network_security_group_id": "",
            "resource_group_name": "Transit-Network-RG",
            "route_table_id": "",
            "service_endpoints": [],
            "virtual_network_name": "Transit-VNet"
          },
          "private": "bnVsbA==",
          "depends_on": [
            "azurerm_resource_group.rgroup",
            "azurerm_virtual_network.vnet"
          ]
        },
        {
          "index_key": 1,
          "schema_version": 0,
          "attributes": {
            "address_prefix": "10.1.3.224/27",
            "delegation": [],
            "id": "/subscriptions/5b98ba7c-c3f7-43ec-ac20-195d8109fe2b/resourceGroups/Transit-Network-RG/providers/Microsoft.Network/virtualNetworks/Transit-VNet/subnets/GatewaySubnet",
            "ip_configurations": [],
            "name": "GatewaySubnet",
            "network_security_group_id": "",
            "resource_group_name": "Transit-Network-RG",
            "route_table_id": "",
            "service_endpoints": [],
            "virtual_network_name": "Transit-VNet"
          },
          "private": "bnVsbA==",
          "depends_on": [
            "azurerm_resource_group.rgroup",
            "azurerm_virtual_network.vnet"
          ]
        },
        {
          "index_key": 2,
          "schema_version": 0,
          "attributes": {
            "address_prefix": "10.1.0.64/26",
            "delegation": [],
            "id": "/subscriptions/5b98ba7c-c3f7-43ec-ac20-195d8109fe2b/resourceGroups/Transit-Network-RG/providers/Microsoft.Network/virtualNetworks/Transit-VNet/subnets/Prod-ExtWAF-Net01",
            "ip_configurations": [],
            "name": "Prod-ExtWAF-Net01",
            "network_security_group_id": "",
            "resource_group_name": "Transit-Network-RG",
            "route_table_id": "",
            "service_endpoints": [],
            "virtual_network_name": "Transit-VNet"
          },
          "private": "bnVsbA==",
          "depends_on": [
            "azurerm_resource_group.rgroup",
            "azurerm_virtual_network.vnet"
          ]
        },
        {
          "index_key": 3,
          "schema_version": 0,
          "attributes": {
            "address_prefix": "10.1.0.128/26",
            "delegation": [],
            "id": "/subscriptions/5b98ba7c-c3f7-43ec-ac20-195d8109fe2b/resourceGroups/Transit-Network-RG/providers/Microsoft.Network/virtualNetworks/Transit-VNet/subnets/Prod-IntWAF-Net01",
            "ip_configurations": [],
            "name": "Prod-IntWAF-Net01",
            "network_security_group_id": "",
            "resource_group_name": "Transit-Network-RG",
            "route_table_id": "",
            "service_endpoints": [],
            "virtual_network_name": "Transit-VNet"
          },
          "private": "bnVsbA==",
          "depends_on": [
            "azurerm_resource_group.rgroup",
            "azurerm_virtual_network.vnet"
          ]
        }
      ]
    },
    {
      "module": "module.Prod-ExtWAF-NSG",
      "mode": "managed",
      "type": "azurerm_subnet_network_security_group_association",
      "name": "nsgAssociation",
      "provider": "provider.azurerm",
      "instances": [
        {
          "schema_version": 0,
          "attributes": {
            "id": "/subscriptions/5b98ba7c-c3f7-43ec-ac20-195d8109fe2b/resourceGroups/Transit-Network-RG/providers/Microsoft.Network/virtualNetworks/Transit-VNet/subnets/Prod-ExtWAF-Net01",
            "network_security_group_id": "/subscriptions/5b98ba7c-c3f7-43ec-ac20-195d8109fe2b/resourceGroups/Transit-Network-RG/providers/Microsoft.Network/networkSecurityGroups/Prod-ExtWAF-NSG",
            "subnet_id": "/subscriptions/5b98ba7c-c3f7-43ec-ac20-195d8109fe2b/resourceGroups/Transit-Network-RG/providers/Microsoft.Network/virtualNetworks/Transit-VNet/subnets/Prod-ExtWAF-Net01"
          },
          "private": "bnVsbA==",
          "depends_on": [
            "azurerm_network_security_group.nsg"
          ]
        }
      ]
    },
    {
      "module": "module.Transit-Hub",
      "mode": "managed",
      "type": "azurerm_virtual_network",
      "name": "vnet",
      "provider": "provider.azurerm",
      "instances": [
        {
          "schema_version": 0,
          "attributes": {
            "address_space": [
              "10.1.0.0/22"
            ],
            "ddos_protection_plan": [],
            "dns_servers": [],
            "id": "/subscriptions/5b98ba7c-c3f7-43ec-ac20-195d8109fe2b/resourceGroups/Transit-Network-RG/providers/Microsoft.Network/virtualNetworks/Transit-VNet",
            "location": "southeastasia",
            "name": "Transit-VNet",
            "resource_group_name": "Transit-Network-RG",
            "subnet": [
              {
                "address_prefix": "10.1.0.0/26",
                "id": "/subscriptions/5b98ba7c-c3f7-43ec-ac20-195d8109fe2b/resourceGroups/Transit-Network-RG/providers/Microsoft.Network/virtualNetworks/Transit-VNet/subnets/AzureFirewallSubnet",
                "name": "AzureFirewallSubnet",
                "security_group": ""
              },
              {
                "address_prefix": "10.1.0.128/26",
                "id": "/subscriptions/5b98ba7c-c3f7-43ec-ac20-195d8109fe2b/resourceGroups/Transit-Network-RG/providers/Microsoft.Network/virtualNetworks/Transit-VNet/subnets/Prod-IntWAF-Net01",
                "name": "Prod-IntWAF-Net01",
                "security_group": ""
              },
              {
                "address_prefix": "10.1.0.64/26",
                "id": "/subscriptions/5b98ba7c-c3f7-43ec-ac20-195d8109fe2b/resourceGroups/Transit-Network-RG/providers/Microsoft.Network/virtualNetworks/Transit-VNet/subnets/Prod-ExtWAF-Net01",
                "name": "Prod-ExtWAF-Net01",
                "security_group": "/subscriptions/5b98ba7c-c3f7-43ec-ac20-195d8109fe2b/resourceGroups/Transit-Network-RG/providers/Microsoft.Network/networkSecurityGroups/Prod-ExtWAF-NSG"
              },
              {
                "address_prefix": "10.1.3.224/27",
                "id": "/subscriptions/5b98ba7c-c3f7-43ec-ac20-195d8109fe2b/resourceGroups/Transit-Network-RG/providers/Microsoft.Network/virtualNetworks/Transit-VNet/subnets/GatewaySubnet",
                "name": "GatewaySubnet",
                "security_group": ""
              }
            ],
            "tags": {}
          },
          "private": "bnVsbA==",
          "depends_on": [
            "azurerm_resource_group.rgroup"
          ]
        }
      ]
    }
  ]
}
