{
    "version": 3,
    "terraform_version": "0.11.13",
    "serial": 5,
    "lineage": "a4350e78-d681-8109-04b7-69edb4a26869",
    "modules": [
        {
            "path": [
                "root"
            ],
            "outputs": {},
            "resources": {
                "azurerm_network_interface.azdc01-nic": {
                    "type": "azurerm_network_interface",
                    "depends_on": [
                        "azurerm_resource_group.hubrg",
                        "azurerm_subnet.hub-subnet-services"
                    ],
                    "primary": {
                        "id": "/subscriptions/1431443c-49d2-4e4e-8569-e899fc5e5143/resourceGroups/bootdiagrg/providers/Microsoft.Network/networkInterfaces/vm01-nic",
                        "attributes": {
                            "applied_dns_servers.#": "0",
                            "dns_servers.#": "0",
                            "enable_accelerated_networking": "false",
                            "enable_ip_forwarding": "false",
                            "id": "/subscriptions/1431443c-49d2-4e4e-8569-e899fc5e5143/resourceGroups/bootdiagrg/providers/Microsoft.Network/networkInterfaces/vm01-nic",
                            "internal_dns_name_label": "",
                            "internal_fqdn": "",
                            "ip_configuration.#": "1",
                            "ip_configuration.0.application_gateway_backend_address_pools_ids.#": "0",
                            "ip_configuration.0.application_security_group_ids.#": "0",
                            "ip_configuration.0.load_balancer_backend_address_pools_ids.#": "0",
                            "ip_configuration.0.load_balancer_inbound_nat_rules_ids.#": "0",
                            "ip_configuration.0.name": "vm01-nic-ipconfig",
                            "ip_configuration.0.primary": "true",
                            "ip_configuration.0.private_ip_address": "192.168.1.4",
                            "ip_configuration.0.private_ip_address_allocation": "static",
                            "ip_configuration.0.private_ip_address_version": "IPv4",
                            "ip_configuration.0.public_ip_address_id": "",
                            "ip_configuration.0.subnet_id": "/subscriptions/1431443c-49d2-4e4e-8569-e899fc5e5143/resourceGroups/bootdiagrg/providers/Microsoft.Network/virtualNetworks/hub-vnet/subnets/hub-subnet-services",
                            "location": "southeastasia",
                            "mac_address": "00-0D-3A-A0-DA-49",
                            "name": "vm01-nic",
                            "network_security_group_id": "",
                            "private_ip_address": "192.168.1.4",
                            "private_ip_addresses.#": "1",
                            "private_ip_addresses.0": "192.168.1.4",
                            "resource_group_name": "bootdiagrg",
                            "tags.%": "0"
                        },
                        "meta": {},
                        "tainted": false
                    },
                    "deposed": [],
                    "provider": "provider.azurerm"
                },
                "azurerm_resource_group.hubrg": {
                    "type": "azurerm_resource_group",
                    "depends_on": [],
                    "primary": {
                        "id": "/subscriptions/1431443c-49d2-4e4e-8569-e899fc5e5143/resourceGroups/bootdiagrg",
                        "attributes": {
                            "id": "/subscriptions/1431443c-49d2-4e4e-8569-e899fc5e5143/resourceGroups/bootdiagrg",
                            "location": "southeastasia",
                            "name": "bootdiagrg",
                            "tags.%": "0"
                        },
                        "meta": {},
                        "tainted": false
                    },
                    "deposed": [],
                    "provider": "provider.azurerm"
                },
                "azurerm_storage_account.hub-diag-sa": {
                    "type": "azurerm_storage_account",
                    "depends_on": [
                        "azurerm_resource_group.hubrg"
                    ],
                    "primary": {
                        "id": "/subscriptions/1431443c-49d2-4e4e-8569-e899fc5e5143/resourceGroups/bootdiagrg/providers/Microsoft.Storage/storageAccounts/bootdiaghubuse123456543",
                        "attributes": {
                            "access_tier": "",
                            "account_encryption_source": "Microsoft.Storage",
                            "account_kind": "Storage",
                            "account_replication_type": "LRS",
                            "account_tier": "Standard",
                            "account_type": "Standard_LRS",
                            "enable_blob_encryption": "true",
                            "enable_file_encryption": "true",
                            "enable_https_traffic_only": "false",
                            "id": "/subscriptions/1431443c-49d2-4e4e-8569-e899fc5e5143/resourceGroups/bootdiagrg/providers/Microsoft.Storage/storageAccounts/bootdiaghubuse123456543",
                            "identity.#": "0",
                            "is_hns_enabled": "false",
                            "location": "southeastasia",
                            "name": "bootdiaghubuse123456543",
                            "network_rules.#": "0",
                            "primary_access_key": "7g55iOEVOoaJxsuGTvGYsN6X9vqxnG5OtNkEPBPxZklBId79x9Amzj4yETpBxj1vYeRlzXVSSOAKqnRQ3IFcGA==",
                            "primary_blob_connection_string": "DefaultEndpointsProtocol=https;BlobEndpoint=https://bootdiaghubuse123456543.blob.core.windows.net/;AccountName=bootdiaghubuse123456543;AccountKey=7g55iOEVOoaJxsuGTvGYsN6X9vqxnG5OtNkEPBPxZklBId79x9Amzj4yETpBxj1vYeRlzXVSSOAKqnRQ3IFcGA==",
                            "primary_blob_endpoint": "https://bootdiaghubuse123456543.blob.core.windows.net/",
                            "primary_blob_host": "bootdiaghubuse123456543.blob.core.windows.net",
                            "primary_connection_string": "DefaultEndpointsProtocol=https;AccountName=bootdiaghubuse123456543;AccountKey=7g55iOEVOoaJxsuGTvGYsN6X9vqxnG5OtNkEPBPxZklBId79x9Amzj4yETpBxj1vYeRlzXVSSOAKqnRQ3IFcGA==;EndpointSuffix=core.windows.net",
                            "primary_dfs_endpoint": "",
                            "primary_dfs_host": "",
                            "primary_file_endpoint": "https://bootdiaghubuse123456543.file.core.windows.net/",
                            "primary_file_host": "bootdiaghubuse123456543.file.core.windows.net",
                            "primary_location": "southeastasia",
                            "primary_queue_endpoint": "https://bootdiaghubuse123456543.queue.core.windows.net/",
                            "primary_queue_host": "bootdiaghubuse123456543.queue.core.windows.net",
                            "primary_table_endpoint": "https://bootdiaghubuse123456543.table.core.windows.net/",
                            "primary_table_host": "bootdiaghubuse123456543.table.core.windows.net",
                            "primary_web_endpoint": "",
                            "primary_web_host": "",
                            "resource_group_name": "bootdiagrg",
                            "secondary_access_key": "5saq9vym/OWO7xnq8U/ahCHMWfQYG3x0rbS8RGwMivM4RcEkc6eJ1nkLQl+BNDL7HAH9qgFratyxnzK2i/Nk7g==",
                            "secondary_blob_connection_string": "",
                            "secondary_connection_string": "DefaultEndpointsProtocol=https;AccountName=bootdiaghubuse123456543;AccountKey=5saq9vym/OWO7xnq8U/ahCHMWfQYG3x0rbS8RGwMivM4RcEkc6eJ1nkLQl+BNDL7HAH9qgFratyxnzK2i/Nk7g==;EndpointSuffix=core.windows.net",
                            "secondary_location": "",
                            "tags.%": "0"
                        },
                        "meta": {
                            "schema_version": "2"
                        },
                        "tainted": false
                    },
                    "deposed": [],
                    "provider": "provider.azurerm"
                },
                "azurerm_subnet.hub-subnet-services": {
                    "type": "azurerm_subnet",
                    "depends_on": [
                        "azurerm_resource_group.hubrg",
                        "azurerm_virtual_network.hub-vnet"
                    ],
                    "primary": {
                        "id": "/subscriptions/1431443c-49d2-4e4e-8569-e899fc5e5143/resourceGroups/bootdiagrg/providers/Microsoft.Network/virtualNetworks/hub-vnet/subnets/hub-subnet-services",
                        "attributes": {
                            "address_prefix": "192.168.1.0/24",
                            "delegation.#": "0",
                            "id": "/subscriptions/1431443c-49d2-4e4e-8569-e899fc5e5143/resourceGroups/bootdiagrg/providers/Microsoft.Network/virtualNetworks/hub-vnet/subnets/hub-subnet-services",
                            "ip_configurations.#": "1",
                            "ip_configurations.1570310569": "/subscriptions/1431443c-49d2-4e4e-8569-e899fc5e5143/resourceGroups/bootdiagrg/providers/Microsoft.Network/networkInterfaces/vm01-nic/ipConfigurations/vm01-nic-ipconfig",
                            "name": "hub-subnet-services",
                            "network_security_group_id": "",
                            "resource_group_name": "bootdiagrg",
                            "route_table_id": "",
                            "service_endpoints.#": "0",
                            "virtual_network_name": "hub-vnet"
                        },
                        "meta": {},
                        "tainted": false
                    },
                    "deposed": [],
                    "provider": "provider.azurerm"
                },
                "azurerm_virtual_machine.azdc01": {
                    "type": "azurerm_virtual_machine",
                    "depends_on": [
                        "azurerm_network_interface.azdc01-nic",
                        "azurerm_resource_group.hubrg",
                        "azurerm_storage_account.hub-diag-sa.*"
                    ],
                    "primary": {
                        "id": "/subscriptions/1431443c-49d2-4e4e-8569-e899fc5e5143/resourceGroups/bootdiagrg/providers/Microsoft.Compute/virtualMachines/vm01",
                        "attributes": {
                            "boot_diagnostics.#": "1",
                            "boot_diagnostics.0.enabled": "true",
                            "boot_diagnostics.0.storage_uri": "https://bootdiaghubuse123456543.blob.core.windows.net/",
                            "delete_data_disks_on_termination": "false",
                            "delete_os_disk_on_termination": "true",
                            "id": "/subscriptions/1431443c-49d2-4e4e-8569-e899fc5e5143/resourceGroups/bootdiagrg/providers/Microsoft.Compute/virtualMachines/vm01",
                            "identity.#": "0",
                            "location": "southeastasia",
                            "name": "vm01",
                            "network_interface_ids.#": "1",
                            "network_interface_ids.0": "/subscriptions/1431443c-49d2-4e4e-8569-e899fc5e5143/resourceGroups/bootdiagrg/providers/Microsoft.Network/networkInterfaces/vm01-nic",
                            "os_profile.#": "1",
                            "os_profile.1509797652.admin_password": "",
                            "os_profile.1509797652.admin_username": "DemoAdmin",
                            "os_profile.1509797652.computer_name": "vm01",
                            "os_profile.1509797652.custom_data": "",
                            "os_profile_linux_config.#": "0",
                            "os_profile_secrets.#": "0",
                            "os_profile_windows_config.#": "1",
                            "os_profile_windows_config.3143587113.additional_unattend_config.#": "0",
                            "os_profile_windows_config.3143587113.enable_automatic_upgrades": "false",
                            "os_profile_windows_config.3143587113.provision_vm_agent": "true",
                            "os_profile_windows_config.3143587113.timezone": "",
                            "os_profile_windows_config.3143587113.winrm.#": "0",
                            "plan.#": "0",
                            "resource_group_name": "bootdiagrg",
                            "storage_data_disk.#": "0",
                            "storage_image_reference.#": "1",
                            "storage_image_reference.3904372903.id": "",
                            "storage_image_reference.3904372903.offer": "WindowsServer",
                            "storage_image_reference.3904372903.publisher": "MicrosoftWindowsServer",
                            "storage_image_reference.3904372903.sku": "2016-Datacenter",
                            "storage_image_reference.3904372903.version": "latest",
                            "storage_os_disk.#": "1",
                            "storage_os_disk.0.caching": "ReadWrite",
                            "storage_os_disk.0.create_option": "FromImage",
                            "storage_os_disk.0.disk_size_gb": "127",
                            "storage_os_disk.0.image_uri": "",
                            "storage_os_disk.0.managed_disk_id": "/subscriptions/1431443c-49d2-4e4e-8569-e899fc5e5143/resourceGroups/bootdiagrg/providers/Microsoft.Compute/disks/vm01-osdisk",
                            "storage_os_disk.0.managed_disk_type": "Standard_LRS",
                            "storage_os_disk.0.name": "vm01-osdisk",
                            "storage_os_disk.0.os_type": "Windows",
                            "storage_os_disk.0.vhd_uri": "",
                            "storage_os_disk.0.write_accelerator_enabled": "false",
                            "tags.%": "0",
                            "vm_size": "Standard_D2s_v3",
                            "zones.#": "0"
                        },
                        "meta": {},
                        "tainted": false
                    },
                    "deposed": [],
                    "provider": "provider.azurerm"
                },
                "azurerm_virtual_network.hub-vnet": {
                    "type": "azurerm_virtual_network",
                    "depends_on": [
                        "azurerm_resource_group.hubrg"
                    ],
                    "primary": {
                        "id": "/subscriptions/1431443c-49d2-4e4e-8569-e899fc5e5143/resourceGroups/bootdiagrg/providers/Microsoft.Network/virtualNetworks/hub-vnet",
                        "attributes": {
                            "address_space.#": "1",
                            "address_space.0": "192.168.0.0/16",
                            "ddos_protection_plan.#": "0",
                            "dns_servers.#": "0",
                            "id": "/subscriptions/1431443c-49d2-4e4e-8569-e899fc5e5143/resourceGroups/bootdiagrg/providers/Microsoft.Network/virtualNetworks/hub-vnet",
                            "location": "southeastasia",
                            "name": "hub-vnet",
                            "resource_group_name": "bootdiagrg",
                            "subnet.#": "1",
                            "subnet.3624903588.address_prefix": "192.168.1.0/24",
                            "subnet.3624903588.id": "/subscriptions/1431443c-49d2-4e4e-8569-e899fc5e5143/resourceGroups/bootdiagrg/providers/Microsoft.Network/virtualNetworks/hub-vnet/subnets/hub-subnet-services",
                            "subnet.3624903588.name": "hub-subnet-services",
                            "subnet.3624903588.security_group": "",
                            "tags.%": "0"
                        },
                        "meta": {},
                        "tainted": false
                    },
                    "deposed": [],
                    "provider": "provider.azurerm"
                }
            },
            "depends_on": []
        }
    ]
}
