{
  "version": 4,
  "terraform_version": "0.12.9",
  "serial": 38,
  "lineage": "5b611c17-30f8-b92b-d435-a720cc3ae873",
  "outputs": {},
  "resources": [
    {
      "mode": "managed",
      "type": "azurerm_resource_group",
      "name": "nsg-rg",
      "provider": "provider.azurerm",
      "instances": [
        {
          "schema_version": 0,
          "attributes": {
            "id": "/subscriptions/5b98ba7c-c3f7-43ec-ac20-195d8109fe2b/resourceGroups/nsg-test-rg",
            "location": "southeastasia",
            "name": "nsg-test-rg",
            "tags": {}
          },
          "private": "bnVsbA=="
        }
      ]
    },
    {
      "mode": "managed",
      "type": "azurerm_subnet",
      "name": "subnet1",
      "provider": "provider.azurerm",
      "instances": [
        {
          "schema_version": 0,
          "attributes": {
            "address_prefix": "10.0.1.0/24",
            "delegation": [],
            "id": "/subscriptions/5b98ba7c-c3f7-43ec-ac20-195d8109fe2b/resourceGroups/nsg-test-rg/providers/Microsoft.Network/virtualNetworks/nsg-vnet/subnets/nsg-subnet",
            "ip_configurations": [],
            "name": "nsg-subnet",
            "network_security_group_id": "",
            "resource_group_name": "nsg-test-rg",
            "route_table_id": "",
            "service_endpoints": null,
            "virtual_network_name": "nsg-vnet"
          },
          "private": "bnVsbA==",
          "depends_on": [
            "azurerm_resource_group.nsg-rg",
            "azurerm_virtual_network.vnet"
          ]
        }
      ]
    },
    {
      "mode": "managed",
      "type": "azurerm_virtual_network",
      "name": "vnet",
      "provider": "provider.azurerm",
      "instances": [
        {
          "schema_version": 0,
          "attributes": {
            "address_space": [
              "10.0.0.0/16"
            ],
            "ddos_protection_plan": [],
            "dns_servers": null,
            "id": "/subscriptions/5b98ba7c-c3f7-43ec-ac20-195d8109fe2b/resourceGroups/nsg-test-rg/providers/Microsoft.Network/virtualNetworks/nsg-vnet",
            "location": "southeastasia",
            "name": "nsg-vnet",
            "resource_group_name": "nsg-test-rg",
            "subnet": [],
            "tags": {}
          },
          "private": "bnVsbA==",
          "depends_on": [
            "azurerm_resource_group.nsg-rg"
          ]
        }
      ]
    }
  ]
}
