{
  "version": 4,
  "terraform_version": "0.12.11",
  "serial": 39,
  "lineage": "8c6f6053-88ae-3de8-40f2-e4d7858879e5",
  "outputs": {},
  "resources": [
    {
      "mode": "data",
      "type": "terraform_remote_state",
      "name": "Hub-Ref",
      "provider": "provider.terraform",
      "instances": [
        {
          "schema_version": 0,
          "attributes": {
            "backend": "local",
            "config": {
              "value": {
                "path": "../hub/terraform.tfstate"
              },
              "type": [
                "object",
                {
                  "path": "string"
                }
              ]
            },
            "defaults": null,
            "outputs": {
              "value": {
                "Hub-Subnets": {
                  "AzureBastionSubnet": "/subscriptions/13ef02a6-7352-4c93-834e-b739a3a65a0b/resourceGroups/Hub-Network-RG/providers/Microsoft.Network/virtualNetworks/Hub-VNet/subnets/AzureBastionSubnet",
                  "AzureFirewallSubnet": "/subscriptions/13ef02a6-7352-4c93-834e-b739a3a65a0b/resourceGroups/Hub-Network-RG/providers/Microsoft.Network/virtualNetworks/Hub-VNet/subnets/AzureFirewallSubnet",
                  "GatewaySubnet": "/subscriptions/13ef02a6-7352-4c93-834e-b739a3a65a0b/resourceGroups/Hub-Network-RG/providers/Microsoft.Network/virtualNetworks/Hub-VNet/subnets/GatewaySubnet",
                  "Hub-ExtWAF-Net01": "/subscriptions/13ef02a6-7352-4c93-834e-b739a3a65a0b/resourceGroups/Hub-Network-RG/providers/Microsoft.Network/virtualNetworks/Hub-VNet/subnets/Hub-ExtWAF-Net01",
                  "Hub-IntWAF-Net01": "/subscriptions/13ef02a6-7352-4c93-834e-b739a3a65a0b/resourceGroups/Hub-Network-RG/providers/Microsoft.Network/virtualNetworks/Hub-VNet/subnets/Hub-IntWAF-Net01",
                  "Hub-Net01": "/subscriptions/13ef02a6-7352-4c93-834e-b739a3a65a0b/resourceGroups/Hub-Network-RG/providers/Microsoft.Network/virtualNetworks/Hub-VNet/subnets/Hub-Net01"
                },
                "Hub-Vnet": {
                  "address_space": [
                    "10.3.0.0/22"
                  ],
                  "id": "/subscriptions/13ef02a6-7352-4c93-834e-b739a3a65a0b/resourceGroups/Hub-Network-RG/providers/Microsoft.Network/virtualNetworks/Hub-VNet",
                  "name": "Hub-VNet",
                  "resource_group_name": "Hub-Network-RG"
                },
                "Hub-Vnet-Id": "/subscriptions/13ef02a6-7352-4c93-834e-b739a3a65a0b/resourceGroups/Hub-Network-RG/providers/Microsoft.Network/virtualNetworks/Hub-VNet"
              },
              "type": [
                "object",
                {
                  "Hub-Subnets": [
                    "object",
                    {
                      "AzureBastionSubnet": "string",
                      "AzureFirewallSubnet": "string",
                      "GatewaySubnet": "string",
                      "Hub-ExtWAF-Net01": "string",
                      "Hub-IntWAF-Net01": "string",
                      "Hub-Net01": "string"
                    }
                  ],
                  "Hub-Vnet": [
                    "object",
                    {
                      "address_space": [
                        "list",
                        "string"
                      ],
                      "id": "string",
                      "name": "string",
                      "resource_group_name": "string"
                    }
                  ],
                  "Hub-Vnet-Id": "string"
                }
              ]
            },
            "workspace": "default"
          }
        }
      ]
    },
    {
      "module": "module.Dev-Network-RG",
      "mode": "managed",
      "type": "azurerm_resource_group",
      "name": "rg",
      "provider": "provider.azurerm",
      "instances": [
        {
          "schema_version": 0,
          "attributes": {
            "id": "/subscriptions/27a828db-53fb-4f4e-a46b-3fc8332e59dd/resourceGroups/Dev-Network-RG",
            "location": "southeastasia",
            "name": "Dev-Network-RG",
            "tags": {}
          },
          "private": "bnVsbA=="
        }
      ]
    },
    {
      "module": "module.Dev-VNet-Spoke",
      "mode": "managed",
      "type": "azurerm_subnet",
      "name": "subnets",
      "each": "list",
      "provider": "provider.azurerm",
      "instances": [
        {
          "index_key": 0,
          "schema_version": 0,
          "attributes": {
            "address_prefix": "10.2.0.0/27",
            "delegation": [],
            "id": "/subscriptions/15f39886-cf2a-4dde-b23d-24a2498809f6/resourceGroups/Dev-Network-RG/providers/Microsoft.Network/virtualNetworks/Dev-VNet/subnets/AzureBastionSubnet",
            "ip_configurations": [],
            "name": "AzureBastionSubnet",
            "network_security_group_id": "",
            "resource_group_name": "Dev-Network-RG",
            "route_table_id": "",
            "service_endpoints": [],
            "virtual_network_name": "Dev-VNet"
          },
          "private": "bnVsbA==",
          "depends_on": [
            "azurerm_virtual_network.vnet"
          ]
        }
      ]
    },
    {
      "module": "module.Dev-VNet-Spoke",
      "mode": "managed",
      "type": "azurerm_virtual_network",
      "name": "vnet",
      "provider": "provider.azurerm",
      "instances": [
        {
          "schema_version": 0,
          "attributes": {
            "address_space": [
              "10.2.0.0/16"
            ],
            "ddos_protection_plan": [],
            "dns_servers": [],
            "id": "/subscriptions/15f39886-cf2a-4dde-b23d-24a2498809f6/resourceGroups/Dev-Network-RG/providers/Microsoft.Network/virtualNetworks/Dev-VNet",
            "location": "southeastasia",
            "name": "Dev-VNet",
            "resource_group_name": "Dev-Network-RG",
            "subnet": [
              {
                "address_prefix": "10.2.0.0/27",
                "id": "/subscriptions/15f39886-cf2a-4dde-b23d-24a2498809f6/resourceGroups/Dev-Network-RG/providers/Microsoft.Network/virtualNetworks/Dev-VNet/subnets/AzureBastionSubnet",
                "name": "AzureBastionSubnet",
                "security_group": ""
              }
            ],
            "tags": {}
          },
          "private": "bnVsbA=="
        }
      ]
    },
    {
      "module": "module.Dev-VNet-Spoke",
      "mode": "managed",
      "type": "azurerm_virtual_network_peering",
      "name": "peering1",
      "provider": "provider.azurerm",
      "instances": [
        {
          "schema_version": 0,
          "attributes": {
            "allow_forwarded_traffic": false,
            "allow_gateway_transit": false,
            "allow_virtual_network_access": false,
            "id": "/subscriptions/15f39886-cf2a-4dde-b23d-24a2498809f6/resourceGroups/Dev-Network-RG/providers/Microsoft.Network/virtualNetworks/Dev-VNet/virtualNetworkPeerings/Dev-Hub-Peering",
            "name": "Dev-Hub-Peering",
            "remote_virtual_network_id": "/subscriptions/13ef02a6-7352-4c93-834e-b739a3a65a0b/resourceGroups/Hub-Network-RG/providers/Microsoft.Network/virtualNetworks/Hub-VNet",
            "resource_group_name": "Dev-Network-RG",
            "use_remote_gateways": true,
            "virtual_network_name": "Dev-VNet"
          },
          "private": "bnVsbA==",
          "depends_on": [
            "azurerm_virtual_network.vnet"
          ]
        }
      ]
    },
    {
      "module": "module.Dev-VNet-Spoke",
      "mode": "managed",
      "type": "azurerm_virtual_network_peering",
      "name": "peering2",
      "provider": "provider.azurerm.prod",
      "instances": [
        {
          "schema_version": 0,
          "attributes": {
            "allow_forwarded_traffic": false,
            "allow_gateway_transit": true,
            "allow_virtual_network_access": false,
            "id": "/subscriptions/13ef02a6-7352-4c93-834e-b739a3a65a0b/resourceGroups/Hub-Network-RG/providers/Microsoft.Network/virtualNetworks/Hub-VNet/virtualNetworkPeerings/Hub-Dev-Peering",
            "name": "Hub-Dev-Peering",
            "remote_virtual_network_id": "/subscriptions/15f39886-cf2a-4dde-b23d-24a2498809f6/resourceGroups/Dev-Network-RG/providers/Microsoft.Network/virtualNetworks/Dev-VNet",
            "resource_group_name": "Hub-Network-RG",
            "use_remote_gateways": false,
            "virtual_network_name": "Hub-VNet"
          },
          "private": "bnVsbA==",
          "depends_on": [
            "azurerm_virtual_network.vnet"
          ]
        }
      ]
    }
  ]
}
