{
  "version": 4,
  "terraform_version": "0.12.11",
  "serial": 385,
  "lineage": "c4909556-1bcc-4f8d-f673-45470e59cf89",
  "outputs": {
    "prodvmbootdiagsa": {
      "value": {
        "access_tier": "",
        "account_encryption_source": "Microsoft.Storage",
        "account_kind": "Storage",
        "account_replication_type": "LRS",
        "account_tier": "Standard",
        "account_type": "Standard_LRS",
        "custom_domain": [],
        "enable_advanced_threat_protection": false,
        "enable_blob_encryption": true,
        "enable_file_encryption": true,
        "enable_https_traffic_only": false,
        "id": "/subscriptions/13ef02a6-7352-4c93-834e-b739a3a65a0b/resourceGroups/Prod-Mgmt-RG/providers/Microsoft.Storage/storageAccounts/prodvmbootdiagsa",
        "identity": [],
        "is_hns_enabled": false,
        "location": "southeastasia",
        "name": "prodvmbootdiagsa",
        "network_rules": [],
        "primary_access_key": "72i8ADdYn1bmRF8GS/rxJW/jfZe5b3tIEx7AzuXh6+nzuQr+7VEg1O4eZs5Q2iwHyxcxAPzdCYew+oKwGQpo8A==",
        "primary_blob_connection_string": "DefaultEndpointsProtocol=https;BlobEndpoint=https://prodvmbootdiagsa.blob.core.windows.net/;AccountName=prodvmbootdiagsa;AccountKey=72i8ADdYn1bmRF8GS/rxJW/jfZe5b3tIEx7AzuXh6+nzuQr+7VEg1O4eZs5Q2iwHyxcxAPzdCYew+oKwGQpo8A==",
        "primary_blob_endpoint": "https://prodvmbootdiagsa.blob.core.windows.net/",
        "primary_blob_host": "prodvmbootdiagsa.blob.core.windows.net",
        "primary_connection_string": "DefaultEndpointsProtocol=https;AccountName=prodvmbootdiagsa;AccountKey=72i8ADdYn1bmRF8GS/rxJW/jfZe5b3tIEx7AzuXh6+nzuQr+7VEg1O4eZs5Q2iwHyxcxAPzdCYew+oKwGQpo8A==;EndpointSuffix=core.windows.net",
        "primary_dfs_endpoint": "",
        "primary_dfs_host": "",
        "primary_file_endpoint": "https://prodvmbootdiagsa.file.core.windows.net/",
        "primary_file_host": "prodvmbootdiagsa.file.core.windows.net",
        "primary_location": "southeastasia",
        "primary_queue_endpoint": "https://prodvmbootdiagsa.queue.core.windows.net/",
        "primary_queue_host": "prodvmbootdiagsa.queue.core.windows.net",
        "primary_table_endpoint": "https://prodvmbootdiagsa.table.core.windows.net/",
        "primary_table_host": "prodvmbootdiagsa.table.core.windows.net",
        "primary_web_endpoint": "",
        "primary_web_host": "",
        "queue_properties": [
          {
            "cors_rule": [],
            "hour_metrics": [
              {
                "enabled": true,
                "include_apis": true,
                "retention_policy_days": 7,
                "version": "1.0"
              }
            ],
            "logging": [
              {
                "delete": false,
                "read": false,
                "retention_policy_days": 0,
                "version": "1.0",
                "write": false
              }
            ],
            "minute_metrics": [
              {
                "enabled": false,
                "include_apis": false,
                "retention_policy_days": 0,
                "version": "1.0"
              }
            ]
          }
        ],
        "resource_group_name": "Prod-Mgmt-RG",
        "secondary_access_key": "HXB/15uQUBxOW2LV38ehFyHY4C7Yr9pgq7h/9szEbvNhYSb2ah9HlJngQNycdZlsdixcOAXFSdi1KWgQfsWycg==",
        "secondary_blob_connection_string": "",
        "secondary_blob_endpoint": null,
        "secondary_blob_host": null,
        "secondary_connection_string": "DefaultEndpointsProtocol=https;AccountName=prodvmbootdiagsa;AccountKey=HXB/15uQUBxOW2LV38ehFyHY4C7Yr9pgq7h/9szEbvNhYSb2ah9HlJngQNycdZlsdixcOAXFSdi1KWgQfsWycg==;EndpointSuffix=core.windows.net",
        "secondary_dfs_endpoint": null,
        "secondary_dfs_host": null,
        "secondary_file_endpoint": null,
        "secondary_file_host": null,
        "secondary_location": "",
        "secondary_queue_endpoint": null,
        "secondary_queue_host": null,
        "secondary_table_endpoint": null,
        "secondary_table_host": null,
        "secondary_web_endpoint": null,
        "secondary_web_host": null,
        "tags": {}
      },
      "type": [
        "object",
        {
          "access_tier": "string",
          "account_encryption_source": "string",
          "account_kind": "string",
          "account_replication_type": "string",
          "account_tier": "string",
          "account_type": "string",
          "custom_domain": [
            "list",
            [
              "object",
              {
                "name": "string",
                "use_subdomain": "bool"
              }
            ]
          ],
          "enable_advanced_threat_protection": "bool",
          "enable_blob_encryption": "bool",
          "enable_file_encryption": "bool",
          "enable_https_traffic_only": "bool",
          "id": "string",
          "identity": [
            "list",
            [
              "object",
              {
                "principal_id": "string",
                "tenant_id": "string",
                "type": "string"
              }
            ]
          ],
          "is_hns_enabled": "bool",
          "location": "string",
          "name": "string",
          "network_rules": [
            "list",
            [
              "object",
              {
                "bypass": [
                  "set",
                  "string"
                ],
                "default_action": "string",
                "ip_rules": [
                  "set",
                  "string"
                ],
                "virtual_network_subnet_ids": [
                  "set",
                  "string"
                ]
              }
            ]
          ],
          "primary_access_key": "string",
          "primary_blob_connection_string": "string",
          "primary_blob_endpoint": "string",
          "primary_blob_host": "string",
          "primary_connection_string": "string",
          "primary_dfs_endpoint": "string",
          "primary_dfs_host": "string",
          "primary_file_endpoint": "string",
          "primary_file_host": "string",
          "primary_location": "string",
          "primary_queue_endpoint": "string",
          "primary_queue_host": "string",
          "primary_table_endpoint": "string",
          "primary_table_host": "string",
          "primary_web_endpoint": "string",
          "primary_web_host": "string",
          "queue_properties": [
            "list",
            [
              "object",
              {
                "cors_rule": [
                  "list",
                  [
                    "object",
                    {
                      "allowed_headers": [
                        "list",
                        "string"
                      ],
                      "allowed_methods": [
                        "list",
                        "string"
                      ],
                      "allowed_origins": [
                        "list",
                        "string"
                      ],
                      "exposed_headers": [
                        "list",
                        "string"
                      ],
                      "max_age_in_seconds": "number"
                    }
                  ]
                ],
                "hour_metrics": [
                  "list",
                  [
                    "object",
                    {
                      "enabled": "bool",
                      "include_apis": "bool",
                      "retention_policy_days": "number",
                      "version": "string"
                    }
                  ]
                ],
                "logging": [
                  "list",
                  [
                    "object",
                    {
                      "delete": "bool",
                      "read": "bool",
                      "retention_policy_days": "number",
                      "version": "string",
                      "write": "bool"
                    }
                  ]
                ],
                "minute_metrics": [
                  "list",
                  [
                    "object",
                    {
                      "enabled": "bool",
                      "include_apis": "bool",
                      "retention_policy_days": "number",
                      "version": "string"
                    }
                  ]
                ]
              }
            ]
          ],
          "resource_group_name": "string",
          "secondary_access_key": "string",
          "secondary_blob_connection_string": "string",
          "secondary_blob_endpoint": "string",
          "secondary_blob_host": "string",
          "secondary_connection_string": "string",
          "secondary_dfs_endpoint": "string",
          "secondary_dfs_host": "string",
          "secondary_file_endpoint": "string",
          "secondary_file_host": "string",
          "secondary_location": "string",
          "secondary_queue_endpoint": "string",
          "secondary_queue_host": "string",
          "secondary_table_endpoint": "string",
          "secondary_table_host": "string",
          "secondary_web_endpoint": "string",
          "secondary_web_host": "string",
          "tags": [
            "map",
            "string"
          ]
        }
      ]
    }
  },
  "resources": [
    {
      "mode": "data",
      "type": "terraform_remote_state",
      "name": "Hub-Ref",
      "provider": "provider.terraform",
      "instances": [
        {
          "schema_version": 0,
          "attributes": {
            "backend": "local",
            "config": {
              "value": {
                "path": "../hub/terraform.tfstate"
              },
              "type": [
                "object",
                {
                  "path": "string"
                }
              ]
            },
            "defaults": null,
            "outputs": {
              "value": {
                "Hub-Subnets": {
                  "AzureBastionSubnet": "/subscriptions/13ef02a6-7352-4c93-834e-b739a3a65a0b/resourceGroups/Hub-Network-RG/providers/Microsoft.Network/virtualNetworks/Hub-VNet/subnets/AzureBastionSubnet",
                  "AzureFirewallSubnet": "/subscriptions/13ef02a6-7352-4c93-834e-b739a3a65a0b/resourceGroups/Hub-Network-RG/providers/Microsoft.Network/virtualNetworks/Hub-VNet/subnets/AzureFirewallSubnet",
                  "GatewaySubnet": "/subscriptions/13ef02a6-7352-4c93-834e-b739a3a65a0b/resourceGroups/Hub-Network-RG/providers/Microsoft.Network/virtualNetworks/Hub-VNet/subnets/GatewaySubnet",
                  "Hub-ExtWAF-Net01": "/subscriptions/13ef02a6-7352-4c93-834e-b739a3a65a0b/resourceGroups/Hub-Network-RG/providers/Microsoft.Network/virtualNetworks/Hub-VNet/subnets/Hub-ExtWAF-Net01",
                  "Hub-IntWAF-Net01": "/subscriptions/13ef02a6-7352-4c93-834e-b739a3a65a0b/resourceGroups/Hub-Network-RG/providers/Microsoft.Network/virtualNetworks/Hub-VNet/subnets/Hub-IntWAF-Net01",
                  "Hub-Net01": "/subscriptions/13ef02a6-7352-4c93-834e-b739a3a65a0b/resourceGroups/Hub-Network-RG/providers/Microsoft.Network/virtualNetworks/Hub-VNet/subnets/Hub-Net01"
                },
                "Hub-Vnet": {
                  "address_space": [
                    "10.3.0.0/22"
                  ],
                  "id": "/subscriptions/13ef02a6-7352-4c93-834e-b739a3a65a0b/resourceGroups/Hub-Network-RG/providers/Microsoft.Network/virtualNetworks/Hub-VNet",
                  "name": "Hub-VNet",
                  "resource_group_name": "Hub-Network-RG"
                },
                "Hub-Vnet-Id": "/subscriptions/13ef02a6-7352-4c93-834e-b739a3a65a0b/resourceGroups/Hub-Network-RG/providers/Microsoft.Network/virtualNetworks/Hub-VNet"
              },
              "type": [
                "object",
                {
                  "Hub-Subnets": [
                    "object",
                    {
                      "AzureBastionSubnet": "string",
                      "AzureFirewallSubnet": "string",
                      "GatewaySubnet": "string",
                      "Hub-ExtWAF-Net01": "string",
                      "Hub-IntWAF-Net01": "string",
                      "Hub-Net01": "string"
                    }
                  ],
                  "Hub-Vnet": [
                    "object",
                    {
                      "address_space": [
                        "list",
                        "string"
                      ],
                      "id": "string",
                      "name": "string",
                      "resource_group_name": "string"
                    }
                  ],
                  "Hub-Vnet-Id": "string"
                }
              ]
            },
            "workspace": "default"
          }
        }
      ]
    },
    {
      "module": "module.Prod-LAW-01",
      "mode": "managed",
      "type": "azurerm_log_analytics_workspace",
      "name": "logAnalytics",
      "provider": "provider.azurerm",
      "instances": [
        {
          "schema_version": 0,
          "attributes": {
            "id": "/subscriptions/13ef02a6-7352-4c93-834e-b739a3a65a0b/resourcegroups/prod-monitor-rg/providers/microsoft.operationalinsights/workspaces/prod-law-01",
            "location": "southeastasia",
            "name": "Prod-LAW-01",
            "portal_url": "",
            "primary_shared_key": "75RhI2IGFVoqRm9gnoI4NxZfVQMNwFr36e4VwU8RrRjictBcRkACnewfXqGe4gwRbXW7AZhfxby0RqRHJg3BFQ==",
            "resource_group_name": "prod-monitor-rg",
            "retention_in_days": 30,
            "secondary_shared_key": "DSTnL2/sBw24K8tAIoJC73UbUgT5G6sEqUX6gJdudBRNR7pIKLCl2jeaFgukYT3UGIPKspxI9X83MCskaOokpw==",
            "sku": "pergb2018",
            "tags": {},
            "workspace_id": "c93ef243-90b9-467d-a9a5-a3df9295171d"
          },
          "private": "bnVsbA==",
          "depends_on": [
            "azurerm_resource_group.rg"
          ]
        }
      ]
    },
    {
      "module": "module.Prod-ARN-RG",
      "mode": "managed",
      "type": "azurerm_resource_group",
      "name": "rg",
      "provider": "provider.azurerm",
      "instances": [
        {
          "schema_version": 0,
          "attributes": {
            "id": "/subscriptions/13ef02a6-7352-4c93-834e-b739a3a65a0b/resourceGroups/Prod-ARN-RG",
            "location": "southeastasia",
            "name": "Prod-ARN-RG",
            "tags": {}
          },
          "private": "bnVsbA=="
        }
      ]
    },
    {
      "module": "module.Prod-DTS-RG",
      "mode": "managed",
      "type": "azurerm_resource_group",
      "name": "rg",
      "provider": "provider.azurerm",
      "instances": [
        {
          "schema_version": 0,
          "attributes": {
            "id": "/subscriptions/13ef02a6-7352-4c93-834e-b739a3a65a0b/resourceGroups/Prod-DTS-RG",
            "location": "southeastasia",
            "name": "Prod-DTS-RG",
            "tags": {}
          },
          "private": "bnVsbA=="
        }
      ]
    },
    {
      "module": "module.Prod-ENE-RG",
      "mode": "managed",
      "type": "azurerm_resource_group",
      "name": "rg",
      "provider": "provider.azurerm",
      "instances": [
        {
          "schema_version": 0,
          "attributes": {
            "id": "/subscriptions/13ef02a6-7352-4c93-834e-b739a3a65a0b/resourceGroups/Prod-ENE-RG",
            "location": "southeastasia",
            "name": "Prod-ENE-RG",
            "tags": {}
          },
          "private": "bnVsbA=="
        }
      ]
    },
    {
      "module": "module.Prod-CSC-RG",
      "mode": "managed",
      "type": "azurerm_resource_group",
      "name": "rg",
      "provider": "provider.azurerm",
      "instances": [
        {
          "schema_version": 0,
          "attributes": {
            "id": "/subscriptions/13ef02a6-7352-4c93-834e-b739a3a65a0b/resourceGroups/Prod-CSC-RG",
            "location": "southeastasia",
            "name": "Prod-CSC-RG",
            "tags": {}
          },
          "private": "bnVsbA=="
        }
      ]
    },
    {
      "module": "module.Prod-BMD-RG",
      "mode": "managed",
      "type": "azurerm_resource_group",
      "name": "rg",
      "provider": "provider.azurerm",
      "instances": [
        {
          "schema_version": 0,
          "attributes": {
            "id": "/subscriptions/13ef02a6-7352-4c93-834e-b739a3a65a0b/resourceGroups/Prod-BMD-RG",
            "location": "southeastasia",
            "name": "Prod-BMD-RG",
            "tags": {}
          },
          "private": "bnVsbA=="
        }
      ]
    },
    {
      "module": "module.Prod-DSS-RG",
      "mode": "managed",
      "type": "azurerm_resource_group",
      "name": "rg",
      "provider": "provider.azurerm",
      "instances": [
        {
          "schema_version": 0,
          "attributes": {
            "id": "/subscriptions/13ef02a6-7352-4c93-834e-b739a3a65a0b/resourceGroups/Prod-DSS-RG",
            "location": "southeastasia",
            "name": "Prod-DSS-RG",
            "tags": {}
          },
          "private": "bnVsbA=="
        }
      ]
    },
    {
      "module": "module.Prod-TEC-RG",
      "mode": "managed",
      "type": "azurerm_resource_group",
      "name": "rg",
      "provider": "provider.azurerm",
      "instances": [
        {
          "schema_version": 0,
          "attributes": {
            "id": "/subscriptions/13ef02a6-7352-4c93-834e-b739a3a65a0b/resourceGroups/Prod-TEC-RG",
            "location": "southeastasia",
            "name": "Prod-TEC-RG",
            "tags": {}
          },
          "private": "bnVsbA=="
        }
      ]
    },
    {
      "module": "module.Prod-Mgmt-RG",
      "mode": "managed",
      "type": "azurerm_resource_group",
      "name": "rg",
      "provider": "provider.azurerm",
      "instances": [
        {
          "schema_version": 0,
          "attributes": {
            "id": "/subscriptions/13ef02a6-7352-4c93-834e-b739a3a65a0b/resourceGroups/Prod-Mgmt-RG",
            "location": "southeastasia",
            "name": "Prod-Mgmt-RG",
            "tags": {}
          },
          "private": "bnVsbA=="
        }
      ]
    },
    {
      "module": "module.Prod-COM-RG",
      "mode": "managed",
      "type": "azurerm_resource_group",
      "name": "rg",
      "provider": "provider.azurerm",
      "instances": [
        {
          "schema_version": 0,
          "attributes": {
            "id": "/subscriptions/13ef02a6-7352-4c93-834e-b739a3a65a0b/resourceGroups/Prod-COM-RG",
            "location": "southeastasia",
            "name": "Prod-COM-RG",
            "tags": {}
          },
          "private": "bnVsbA=="
        }
      ]
    },
    {
      "module": "module.Prod-ECM-RG",
      "mode": "managed",
      "type": "azurerm_resource_group",
      "name": "rg",
      "provider": "provider.azurerm",
      "instances": [
        {
          "schema_version": 0,
          "attributes": {
            "id": "/subscriptions/13ef02a6-7352-4c93-834e-b739a3a65a0b/resourceGroups/Prod-ECM-RG",
            "location": "southeastasia",
            "name": "Prod-ECM-RG",
            "tags": {}
          },
          "private": "bnVsbA=="
        }
      ]
    },
    {
      "module": "module.Prod-DBD-RG",
      "mode": "managed",
      "type": "azurerm_resource_group",
      "name": "rg",
      "provider": "provider.azurerm",
      "instances": [
        {
          "schema_version": 0,
          "attributes": {
            "id": "/subscriptions/13ef02a6-7352-4c93-834e-b739a3a65a0b/resourceGroups/Prod-DBD-RG",
            "location": "southeastasia",
            "name": "Prod-DBD-RG",
            "tags": {}
          },
          "private": "bnVsbA=="
        }
      ]
    },
    {
      "module": "module.Prod-PBI-RG",
      "mode": "managed",
      "type": "azurerm_resource_group",
      "name": "rg",
      "provider": "provider.azurerm",
      "instances": [
        {
          "schema_version": 0,
          "attributes": {
            "id": "/subscriptions/13ef02a6-7352-4c93-834e-b739a3a65a0b/resourceGroups/Prod-PBI-RG",
            "location": "southeastasia",
            "name": "Prod-PBI-RG",
            "tags": {}
          },
          "private": "bnVsbA=="
        }
      ]
    },
    {
      "module": "module.Prod-FTV-RG",
      "mode": "managed",
      "type": "azurerm_resource_group",
      "name": "rg",
      "provider": "provider.azurerm",
      "instances": [
        {
          "schema_version": 0,
          "attributes": {
            "id": "/subscriptions/13ef02a6-7352-4c93-834e-b739a3a65a0b/resourceGroups/Prod-FTV-RG",
            "location": "southeastasia",
            "name": "Prod-FTV-RG",
            "tags": {}
          },
          "private": "bnVsbA=="
        }
      ]
    },
    {
      "module": "module.Prod-POA-RG",
      "mode": "managed",
      "type": "azurerm_resource_group",
      "name": "rg",
      "provider": "provider.azurerm",
      "instances": [
        {
          "schema_version": 0,
          "attributes": {
            "id": "/subscriptions/13ef02a6-7352-4c93-834e-b739a3a65a0b/resourceGroups/Prod-POA-RG",
            "location": "southeastasia",
            "name": "Prod-POA-RG",
            "tags": {}
          },
          "private": "bnVsbA=="
        }
      ]
    },
    {
      "module": "module.Prod-WUS-RG",
      "mode": "managed",
      "type": "azurerm_resource_group",
      "name": "rg",
      "provider": "provider.azurerm",
      "instances": [
        {
          "schema_version": 0,
          "attributes": {
            "id": "/subscriptions/13ef02a6-7352-4c93-834e-b739a3a65a0b/resourceGroups/Prod-WUS-RG",
            "location": "southeastasia",
            "name": "Prod-WUS-RG",
            "tags": {}
          },
          "private": "bnVsbA=="
        }
      ]
    },
    {
      "module": "module.Prod-GWY-RG",
      "mode": "managed",
      "type": "azurerm_resource_group",
      "name": "rg",
      "provider": "provider.azurerm",
      "instances": [
        {
          "schema_version": 0,
          "attributes": {
            "id": "/subscriptions/13ef02a6-7352-4c93-834e-b739a3a65a0b/resourceGroups/Prod-GWY-RG",
            "location": "southeastasia",
            "name": "Prod-GWY-RG",
            "tags": {}
          },
          "private": "bnVsbA=="
        }
      ]
    },
    {
      "module": "module.Prod-LAW-01",
      "mode": "managed",
      "type": "azurerm_resource_group",
      "name": "rg",
      "provider": "provider.azurerm",
      "instances": [
        {
          "schema_version": 0,
          "attributes": {
            "id": "/subscriptions/13ef02a6-7352-4c93-834e-b739a3a65a0b/resourceGroups/Prod-Monitor-RG",
            "location": "southeastasia",
            "name": "Prod-Monitor-RG",
            "tags": {}
          },
          "private": "bnVsbA=="
        }
      ]
    },
    {
      "module": "module.Prod-DEV-RG",
      "mode": "managed",
      "type": "azurerm_resource_group",
      "name": "rg",
      "provider": "provider.azurerm",
      "instances": [
        {
          "schema_version": 0,
          "attributes": {
            "id": "/subscriptions/13ef02a6-7352-4c93-834e-b739a3a65a0b/resourceGroups/Prod-DEV-RG",
            "location": "southeastasia",
            "name": "Prod-DEV-RG",
            "tags": {}
          },
          "private": "bnVsbA=="
        }
      ]
    },
    {
      "module": "module.Prod-CSS-RG",
      "mode": "managed",
      "type": "azurerm_resource_group",
      "name": "rg",
      "provider": "provider.azurerm",
      "instances": [
        {
          "schema_version": 0,
          "attributes": {
            "id": "/subscriptions/13ef02a6-7352-4c93-834e-b739a3a65a0b/resourceGroups/Prod-CSS-RG",
            "location": "southeastasia",
            "name": "Prod-CSS-RG",
            "tags": {}
          },
          "private": "bnVsbA=="
        }
      ]
    },
    {
      "module": "module.Prod-SQL-RG",
      "mode": "managed",
      "type": "azurerm_resource_group",
      "name": "rg",
      "provider": "provider.azurerm",
      "instances": [
        {
          "schema_version": 0,
          "attributes": {
            "id": "/subscriptions/13ef02a6-7352-4c93-834e-b739a3a65a0b/resourceGroups/Prod-SQL-RG",
            "location": "southeastasia",
            "name": "Prod-SQL-RG",
            "tags": {}
          },
          "private": "bnVsbA=="
        }
      ]
    },
    {
      "module": "module.Prod-AGS-RG",
      "mode": "managed",
      "type": "azurerm_resource_group",
      "name": "rg",
      "provider": "provider.azurerm",
      "instances": [
        {
          "schema_version": 0,
          "attributes": {
            "id": "/subscriptions/13ef02a6-7352-4c93-834e-b739a3a65a0b/resourceGroups/Prod-AGS-RG",
            "location": "southeastasia",
            "name": "Prod-AGS-RG",
            "tags": {}
          },
          "private": "bnVsbA=="
        }
      ]
    },
    {
      "module": "module.Prod-BRM-RG",
      "mode": "managed",
      "type": "azurerm_resource_group",
      "name": "rg",
      "provider": "provider.azurerm",
      "instances": [
        {
          "schema_version": 0,
          "attributes": {
            "id": "/subscriptions/13ef02a6-7352-4c93-834e-b739a3a65a0b/resourceGroups/Prod-BRM-RG",
            "location": "southeastasia",
            "name": "Prod-BRM-RG",
            "tags": {}
          },
          "private": "bnVsbA=="
        }
      ]
    },
    {
      "module": "module.Prod-POS-RG",
      "mode": "managed",
      "type": "azurerm_resource_group",
      "name": "rg",
      "provider": "provider.azurerm",
      "instances": [
        {
          "schema_version": 0,
          "attributes": {
            "id": "/subscriptions/13ef02a6-7352-4c93-834e-b739a3a65a0b/resourceGroups/Prod-POS-RG",
            "location": "southeastasia",
            "name": "Prod-POS-RG",
            "tags": {}
          },
          "private": "bnVsbA=="
        }
      ]
    },
    {
      "module": "module.Prod-MOB-RG",
      "mode": "managed",
      "type": "azurerm_resource_group",
      "name": "rg",
      "provider": "provider.azurerm",
      "instances": [
        {
          "schema_version": 0,
          "attributes": {
            "id": "/subscriptions/13ef02a6-7352-4c93-834e-b739a3a65a0b/resourceGroups/Prod-MOB-RG",
            "location": "southeastasia",
            "name": "Prod-MOB-RG",
            "tags": {}
          },
          "private": "bnVsbA=="
        }
      ]
    },
    {
      "module": "module.Prod-DEF-RG",
      "mode": "managed",
      "type": "azurerm_resource_group",
      "name": "rg",
      "provider": "provider.azurerm",
      "instances": [
        {
          "schema_version": 0,
          "attributes": {
            "id": "/subscriptions/13ef02a6-7352-4c93-834e-b739a3a65a0b/resourceGroups/Prod-DEF-RG",
            "location": "southeastasia",
            "name": "Prod-DEF-RG",
            "tags": {}
          },
          "private": "bnVsbA=="
        }
      ]
    },
    {
      "module": "module.Prod-SRC-RG",
      "mode": "managed",
      "type": "azurerm_resource_group",
      "name": "rg",
      "provider": "provider.azurerm",
      "instances": [
        {
          "schema_version": 0,
          "attributes": {
            "id": "/subscriptions/13ef02a6-7352-4c93-834e-b739a3a65a0b/resourceGroups/Prod-SRC-RG",
            "location": "southeastasia",
            "name": "Prod-SRC-RG",
            "tags": {}
          },
          "private": "bnVsbA=="
        }
      ]
    },
    {
      "module": "module.Prod-VTS-RG",
      "mode": "managed",
      "type": "azurerm_resource_group",
      "name": "rg",
      "provider": "provider.azurerm",
      "instances": [
        {
          "schema_version": 0,
          "attributes": {
            "id": "/subscriptions/13ef02a6-7352-4c93-834e-b739a3a65a0b/resourceGroups/Prod-VTS-RG",
            "location": "southeastasia",
            "name": "Prod-VTS-RG",
            "tags": {}
          },
          "private": "bnVsbA=="
        }
      ]
    },
    {
      "module": "module.Prod-SEM-RG",
      "mode": "managed",
      "type": "azurerm_resource_group",
      "name": "rg",
      "provider": "provider.azurerm",
      "instances": [
        {
          "schema_version": 0,
          "attributes": {
            "id": "/subscriptions/13ef02a6-7352-4c93-834e-b739a3a65a0b/resourceGroups/Prod-SEM-RG",
            "location": "southeastasia",
            "name": "Prod-SEM-RG",
            "tags": {}
          },
          "private": "bnVsbA=="
        }
      ]
    },
    {
      "module": "module.Prod-PID-RG",
      "mode": "managed",
      "type": "azurerm_resource_group",
      "name": "rg",
      "provider": "provider.azurerm",
      "instances": [
        {
          "schema_version": 0,
          "attributes": {
            "id": "/subscriptions/13ef02a6-7352-4c93-834e-b739a3a65a0b/resourceGroups/Prod-PID-RG",
            "location": "southeastasia",
            "name": "Prod-PID-RG",
            "tags": {}
          },
          "private": "bnVsbA=="
        }
      ]
    },
    {
      "module": "module.Prod-DES-RG",
      "mode": "managed",
      "type": "azurerm_resource_group",
      "name": "rg",
      "provider": "provider.azurerm",
      "instances": [
        {
          "schema_version": 0,
          "attributes": {
            "id": "/subscriptions/13ef02a6-7352-4c93-834e-b739a3a65a0b/resourceGroups/Prod-DES-RG",
            "location": "southeastasia",
            "name": "Prod-DES-RG",
            "tags": {}
          },
          "private": "bnVsbA=="
        }
      ]
    },
    {
      "module": "module.Prod-EAT-RG",
      "mode": "managed",
      "type": "azurerm_resource_group",
      "name": "rg",
      "provider": "provider.azurerm",
      "instances": [
        {
          "schema_version": 0,
          "attributes": {
            "id": "/subscriptions/13ef02a6-7352-4c93-834e-b739a3a65a0b/resourceGroups/Prod-EAT-RG",
            "location": "southeastasia",
            "name": "Prod-EAT-RG",
            "tags": {}
          },
          "private": "bnVsbA=="
        }
      ]
    },
    {
      "module": "module.Prod-APC-RG",
      "mode": "managed",
      "type": "azurerm_resource_group",
      "name": "rg",
      "provider": "provider.azurerm",
      "instances": [
        {
          "schema_version": 0,
          "attributes": {
            "id": "/subscriptions/13ef02a6-7352-4c93-834e-b739a3a65a0b/resourceGroups/Prod-APC-RG",
            "location": "southeastasia",
            "name": "Prod-APC-RG",
            "tags": {}
          },
          "private": "bnVsbA=="
        }
      ]
    },
    {
      "module": "module.Prod-IPT-RG",
      "mode": "managed",
      "type": "azurerm_resource_group",
      "name": "rg",
      "provider": "provider.azurerm",
      "instances": [
        {
          "schema_version": 0,
          "attributes": {
            "id": "/subscriptions/13ef02a6-7352-4c93-834e-b739a3a65a0b/resourceGroups/Prod-IPT-RG",
            "location": "southeastasia",
            "name": "Prod-IPT-RG",
            "tags": {}
          },
          "private": "bnVsbA=="
        }
      ]
    },
    {
      "module": "module.Prod-CCC-RG",
      "mode": "managed",
      "type": "azurerm_resource_group",
      "name": "rg",
      "provider": "provider.azurerm",
      "instances": [
        {
          "schema_version": 0,
          "attributes": {
            "id": "/subscriptions/13ef02a6-7352-4c93-834e-b739a3a65a0b/resourceGroups/Prod-CCC-RG",
            "location": "southeastasia",
            "name": "Prod-CCC-RG",
            "tags": {}
          },
          "private": "bnVsbA=="
        }
      ]
    },
    {
      "module": "module.Prod-VTP-RG",
      "mode": "managed",
      "type": "azurerm_resource_group",
      "name": "rg",
      "provider": "provider.azurerm",
      "instances": [
        {
          "schema_version": 0,
          "attributes": {
            "id": "/subscriptions/13ef02a6-7352-4c93-834e-b739a3a65a0b/resourceGroups/Prod-VTP-RG",
            "location": "southeastasia",
            "name": "Prod-VTP-RG",
            "tags": {}
          },
          "private": "bnVsbA=="
        }
      ]
    },
    {
      "module": "module.Prod-CBA-RG",
      "mode": "managed",
      "type": "azurerm_resource_group",
      "name": "rg",
      "provider": "provider.azurerm",
      "instances": [
        {
          "schema_version": 0,
          "attributes": {
            "id": "/subscriptions/13ef02a6-7352-4c93-834e-b739a3a65a0b/resourceGroups/Prod-CBA-RG",
            "location": "southeastasia",
            "name": "Prod-CBA-RG",
            "tags": {}
          },
          "private": "bnVsbA=="
        }
      ]
    },
    {
      "module": "module.Prod-RAS-RG",
      "mode": "managed",
      "type": "azurerm_resource_group",
      "name": "rg",
      "provider": "provider.azurerm",
      "instances": [
        {
          "schema_version": 0,
          "attributes": {
            "id": "/subscriptions/13ef02a6-7352-4c93-834e-b739a3a65a0b/resourceGroups/Prod-RAS-RG",
            "location": "southeastasia",
            "name": "Prod-RAS-RG",
            "tags": {}
          },
          "private": "bnVsbA=="
        }
      ]
    },
    {
      "module": "module.Prod-RBP-RG",
      "mode": "managed",
      "type": "azurerm_resource_group",
      "name": "rg",
      "provider": "provider.azurerm",
      "instances": [
        {
          "schema_version": 0,
          "attributes": {
            "id": "/subscriptions/13ef02a6-7352-4c93-834e-b739a3a65a0b/resourceGroups/Prod-RBP-RG",
            "location": "southeastasia",
            "name": "Prod-RBP-RG",
            "tags": {}
          },
          "private": "bnVsbA=="
        }
      ]
    },
    {
      "module": "module.Prod-WLE-RG",
      "mode": "managed",
      "type": "azurerm_resource_group",
      "name": "rg",
      "provider": "provider.azurerm",
      "instances": [
        {
          "schema_version": 0,
          "attributes": {
            "id": "/subscriptions/13ef02a6-7352-4c93-834e-b739a3a65a0b/resourceGroups/Prod-WLE-RG",
            "location": "southeastasia",
            "name": "Prod-WLE-RG",
            "tags": {}
          },
          "private": "bnVsbA=="
        }
      ]
    },
    {
      "module": "module.Prod-UBF-RG",
      "mode": "managed",
      "type": "azurerm_resource_group",
      "name": "rg",
      "provider": "provider.azurerm",
      "instances": [
        {
          "schema_version": 0,
          "attributes": {
            "id": "/subscriptions/13ef02a6-7352-4c93-834e-b739a3a65a0b/resourceGroups/Prod-UBF-RG",
            "location": "southeastasia",
            "name": "Prod-UBF-RG",
            "tags": {}
          },
          "private": "bnVsbA=="
        }
      ]
    },
    {
      "module": "module.Prod-AAM-RG",
      "mode": "managed",
      "type": "azurerm_resource_group",
      "name": "rg",
      "provider": "provider.azurerm",
      "instances": [
        {
          "schema_version": 0,
          "attributes": {
            "id": "/subscriptions/13ef02a6-7352-4c93-834e-b739a3a65a0b/resourceGroups/Prod-AAM-RG",
            "location": "southeastasia",
            "name": "Prod-AAM-RG",
            "tags": {}
          },
          "private": "bnVsbA=="
        }
      ]
    },
    {
      "module": "module.Prod-TCO-RG",
      "mode": "managed",
      "type": "azurerm_resource_group",
      "name": "rg",
      "provider": "provider.azurerm",
      "instances": [
        {
          "schema_version": 0,
          "attributes": {
            "id": "/subscriptions/13ef02a6-7352-4c93-834e-b739a3a65a0b/resourceGroups/Prod-TCO-RG",
            "location": "southeastasia",
            "name": "Prod-TCO-RG",
            "tags": {}
          },
          "private": "bnVsbA=="
        }
      ]
    },
    {
      "module": "module.Prod-HRP-RG",
      "mode": "managed",
      "type": "azurerm_resource_group",
      "name": "rg",
      "provider": "provider.azurerm",
      "instances": [
        {
          "schema_version": 0,
          "attributes": {
            "id": "/subscriptions/13ef02a6-7352-4c93-834e-b739a3a65a0b/resourceGroups/Prod-HRP-RG",
            "location": "southeastasia",
            "name": "Prod-HRP-RG",
            "tags": {}
          },
          "private": "bnVsbA=="
        }
      ]
    },
    {
      "module": "module.Prod-CSI-RG",
      "mode": "managed",
      "type": "azurerm_resource_group",
      "name": "rg",
      "provider": "provider.azurerm",
      "instances": [
        {
          "schema_version": 0,
          "attributes": {
            "id": "/subscriptions/13ef02a6-7352-4c93-834e-b739a3a65a0b/resourceGroups/Prod-CSI-RG",
            "location": "southeastasia",
            "name": "Prod-CSI-RG",
            "tags": {}
          },
          "private": "bnVsbA=="
        }
      ]
    },
    {
      "module": "module.Prod-NLB-RG",
      "mode": "managed",
      "type": "azurerm_resource_group",
      "name": "rg",
      "provider": "provider.azurerm",
      "instances": [
        {
          "schema_version": 0,
          "attributes": {
            "id": "/subscriptions/13ef02a6-7352-4c93-834e-b739a3a65a0b/resourceGroups/Prod-NLB-RG",
            "location": "southeastasia",
            "name": "Prod-NLB-RG",
            "tags": {}
          },
          "private": "bnVsbA=="
        }
      ]
    },
    {
      "module": "module.Prod-MBM-RG",
      "mode": "managed",
      "type": "azurerm_resource_group",
      "name": "rg",
      "provider": "provider.azurerm",
      "instances": [
        {
          "schema_version": 0,
          "attributes": {
            "id": "/subscriptions/13ef02a6-7352-4c93-834e-b739a3a65a0b/resourceGroups/Prod-MBM-RG",
            "location": "southeastasia",
            "name": "Prod-MBM-RG",
            "tags": {}
          },
          "private": "bnVsbA=="
        }
      ]
    },
    {
      "module": "module.Prod-RDM-RG",
      "mode": "managed",
      "type": "azurerm_resource_group",
      "name": "rg",
      "provider": "provider.azurerm",
      "instances": [
        {
          "schema_version": 0,
          "attributes": {
            "id": "/subscriptions/13ef02a6-7352-4c93-834e-b739a3a65a0b/resourceGroups/Prod-RDM-RG",
            "location": "southeastasia",
            "name": "Prod-RDM-RG",
            "tags": {}
          },
          "private": "bnVsbA=="
        }
      ]
    },
    {
      "module": "module.Prod-ASM-RG",
      "mode": "managed",
      "type": "azurerm_resource_group",
      "name": "rg",
      "provider": "provider.azurerm",
      "instances": [
        {
          "schema_version": 0,
          "attributes": {
            "id": "/subscriptions/13ef02a6-7352-4c93-834e-b739a3a65a0b/resourceGroups/Prod-ASM-RG",
            "location": "southeastasia",
            "name": "Prod-ASM-RG",
            "tags": {}
          },
          "private": "bnVsbA=="
        }
      ]
    },
    {
      "module": "module.Prod-WBS-RG",
      "mode": "managed",
      "type": "azurerm_resource_group",
      "name": "rg",
      "provider": "provider.azurerm",
      "instances": [
        {
          "schema_version": 0,
          "attributes": {
            "id": "/subscriptions/13ef02a6-7352-4c93-834e-b739a3a65a0b/resourceGroups/Prod-WBS-RG",
            "location": "southeastasia",
            "name": "Prod-WBS-RG",
            "tags": {}
          },
          "private": "bnVsbA=="
        }
      ]
    },
    {
      "module": "module.Prod-Network-RG",
      "mode": "managed",
      "type": "azurerm_resource_group",
      "name": "rg",
      "provider": "provider.azurerm",
      "instances": [
        {
          "schema_version": 0,
          "attributes": {
            "id": "/subscriptions/13ef02a6-7352-4c93-834e-b739a3a65a0b/resourceGroups/Prod-Network-RG",
            "location": "southeastasia",
            "name": "Prod-Network-RG",
            "tags": {}
          },
          "private": "bnVsbA=="
        }
      ]
    },
    {
      "module": "module.Prod-EFI-RG",
      "mode": "managed",
      "type": "azurerm_resource_group",
      "name": "rg",
      "provider": "provider.azurerm",
      "instances": [
        {
          "schema_version": 0,
          "attributes": {
            "id": "/subscriptions/13ef02a6-7352-4c93-834e-b739a3a65a0b/resourceGroups/Prod-EFI-RG",
            "location": "southeastasia",
            "name": "Prod-EFI-RG",
            "tags": {}
          },
          "private": "bnVsbA=="
        }
      ]
    },
    {
      "module": "module.Prod-MCF-RG",
      "mode": "managed",
      "type": "azurerm_resource_group",
      "name": "rg",
      "provider": "provider.azurerm",
      "instances": [
        {
          "schema_version": 0,
          "attributes": {
            "id": "/subscriptions/13ef02a6-7352-4c93-834e-b739a3a65a0b/resourceGroups/Prod-MCF-RG",
            "location": "southeastasia",
            "name": "Prod-MCF-RG",
            "tags": {}
          },
          "private": "bnVsbA=="
        }
      ]
    },
    {
      "module": "module.Prod-GAW-RG",
      "mode": "managed",
      "type": "azurerm_resource_group",
      "name": "rg",
      "provider": "provider.azurerm",
      "instances": [
        {
          "schema_version": 0,
          "attributes": {
            "id": "/subscriptions/13ef02a6-7352-4c93-834e-b739a3a65a0b/resourceGroups/Prod-GAW-RG",
            "location": "southeastasia",
            "name": "Prod-GAW-RG",
            "tags": {}
          },
          "private": "bnVsbA=="
        }
      ]
    },
    {
      "module": "module.Prod-SHP-RG",
      "mode": "managed",
      "type": "azurerm_resource_group",
      "name": "rg",
      "provider": "provider.azurerm",
      "instances": [
        {
          "schema_version": 0,
          "attributes": {
            "id": "/subscriptions/13ef02a6-7352-4c93-834e-b739a3a65a0b/resourceGroups/Prod-SHP-RG",
            "location": "southeastasia",
            "name": "Prod-SHP-RG",
            "tags": {}
          },
          "private": "bnVsbA=="
        }
      ]
    },
    {
      "module": "module.Prod-PEM-RG",
      "mode": "managed",
      "type": "azurerm_resource_group",
      "name": "rg",
      "provider": "provider.azurerm",
      "instances": [
        {
          "schema_version": 0,
          "attributes": {
            "id": "/subscriptions/13ef02a6-7352-4c93-834e-b739a3a65a0b/resourceGroups/Prod-PEM-RG",
            "location": "southeastasia",
            "name": "Prod-PEM-RG",
            "tags": {}
          },
          "private": "bnVsbA=="
        }
      ]
    },
    {
      "module": "module.Prod-DDR-RG",
      "mode": "managed",
      "type": "azurerm_resource_group",
      "name": "rg",
      "provider": "provider.azurerm",
      "instances": [
        {
          "schema_version": 0,
          "attributes": {
            "id": "/subscriptions/13ef02a6-7352-4c93-834e-b739a3a65a0b/resourceGroups/Prod-DDR-RG",
            "location": "southeastasia",
            "name": "Prod-DDR-RG",
            "tags": {}
          },
          "private": "bnVsbA=="
        }
      ]
    },
    {
      "module": "module.Prod-PCC-RG",
      "mode": "managed",
      "type": "azurerm_resource_group",
      "name": "rg",
      "provider": "provider.azurerm",
      "instances": [
        {
          "schema_version": 0,
          "attributes": {
            "id": "/subscriptions/13ef02a6-7352-4c93-834e-b739a3a65a0b/resourceGroups/Prod-PCC-RG",
            "location": "southeastasia",
            "name": "Prod-PCC-RG",
            "tags": {}
          },
          "private": "bnVsbA=="
        }
      ]
    },
    {
      "module": "module.Prod-BOR-RG",
      "mode": "managed",
      "type": "azurerm_resource_group",
      "name": "rg",
      "provider": "provider.azurerm",
      "instances": [
        {
          "schema_version": 0,
          "attributes": {
            "id": "/subscriptions/13ef02a6-7352-4c93-834e-b739a3a65a0b/resourceGroups/Prod-BOR-RG",
            "location": "southeastasia",
            "name": "Prod-BOR-RG",
            "tags": {}
          },
          "private": "bnVsbA=="
        }
      ]
    },
    {
      "module": "module.Prod-PEF-RG",
      "mode": "managed",
      "type": "azurerm_resource_group",
      "name": "rg",
      "provider": "provider.azurerm",
      "instances": [
        {
          "schema_version": 0,
          "attributes": {
            "id": "/subscriptions/13ef02a6-7352-4c93-834e-b739a3a65a0b/resourceGroups/Prod-PEF-RG",
            "location": "southeastasia",
            "name": "Prod-PEF-RG",
            "tags": {}
          },
          "private": "bnVsbA=="
        }
      ]
    },
    {
      "module": "module.Prod-DOA-RG",
      "mode": "managed",
      "type": "azurerm_resource_group",
      "name": "rg",
      "provider": "provider.azurerm",
      "instances": [
        {
          "schema_version": 0,
          "attributes": {
            "id": "/subscriptions/13ef02a6-7352-4c93-834e-b739a3a65a0b/resourceGroups/Prod-DOA-RG",
            "location": "southeastasia",
            "name": "Prod-DOA-RG",
            "tags": {}
          },
          "private": "bnVsbA=="
        }
      ]
    },
    {
      "module": "module.Prod-SEC-RG",
      "mode": "managed",
      "type": "azurerm_resource_group",
      "name": "rg",
      "provider": "provider.azurerm",
      "instances": [
        {
          "schema_version": 0,
          "attributes": {
            "id": "/subscriptions/13ef02a6-7352-4c93-834e-b739a3a65a0b/resourceGroups/Prod-SEC-RG",
            "location": "southeastasia",
            "name": "Prod-SEC-RG",
            "tags": {}
          },
          "private": "bnVsbA=="
        }
      ]
    },
    {
      "module": "module.Prod-SCD-RG",
      "mode": "managed",
      "type": "azurerm_resource_group",
      "name": "rg",
      "provider": "provider.azurerm",
      "instances": [
        {
          "schema_version": 0,
          "attributes": {
            "id": "/subscriptions/13ef02a6-7352-4c93-834e-b739a3a65a0b/resourceGroups/Prod-SCD-RG",
            "location": "southeastasia",
            "name": "Prod-SCD-RG",
            "tags": {}
          },
          "private": "bnVsbA=="
        }
      ]
    },
    {
      "module": "module.Prod-PRD-RG",
      "mode": "managed",
      "type": "azurerm_resource_group",
      "name": "rg",
      "provider": "provider.azurerm",
      "instances": [
        {
          "schema_version": 0,
          "attributes": {
            "id": "/subscriptions/13ef02a6-7352-4c93-834e-b739a3a65a0b/resourceGroups/Prod-PRD-RG",
            "location": "southeastasia",
            "name": "Prod-PRD-RG",
            "tags": {}
          },
          "private": "bnVsbA=="
        }
      ]
    },
    {
      "module": "module.Prod-PRI-RG",
      "mode": "managed",
      "type": "azurerm_resource_group",
      "name": "rg",
      "provider": "provider.azurerm",
      "instances": [
        {
          "schema_version": 0,
          "attributes": {
            "id": "/subscriptions/13ef02a6-7352-4c93-834e-b739a3a65a0b/resourceGroups/Prod-PRI-RG",
            "location": "southeastasia",
            "name": "Prod-PRI-RG",
            "tags": {}
          },
          "private": "bnVsbA=="
        }
      ]
    },
    {
      "module": "module.Prod-TMS-RG",
      "mode": "managed",
      "type": "azurerm_resource_group",
      "name": "rg",
      "provider": "provider.azurerm",
      "instances": [
        {
          "schema_version": 0,
          "attributes": {
            "id": "/subscriptions/13ef02a6-7352-4c93-834e-b739a3a65a0b/resourceGroups/Prod-TMS-RG",
            "location": "southeastasia",
            "name": "Prod-TMS-RG",
            "tags": {}
          },
          "private": "bnVsbA=="
        }
      ]
    },
    {
      "module": "module.Prod-RHL-RG",
      "mode": "managed",
      "type": "azurerm_resource_group",
      "name": "rg",
      "provider": "provider.azurerm",
      "instances": [
        {
          "schema_version": 0,
          "attributes": {
            "id": "/subscriptions/13ef02a6-7352-4c93-834e-b739a3a65a0b/resourceGroups/Prod-RHL-RG",
            "location": "southeastasia",
            "name": "Prod-RHL-RG",
            "tags": {}
          },
          "private": "bnVsbA=="
        }
      ]
    },
    {
      "module": "module.Prod-EDS-RG",
      "mode": "managed",
      "type": "azurerm_resource_group",
      "name": "rg",
      "provider": "provider.azurerm",
      "instances": [
        {
          "schema_version": 0,
          "attributes": {
            "id": "/subscriptions/13ef02a6-7352-4c93-834e-b739a3a65a0b/resourceGroups/Prod-EDS-RG",
            "location": "southeastasia",
            "name": "Prod-EDS-RG",
            "tags": {}
          },
          "private": "bnVsbA=="
        }
      ]
    },
    {
      "module": "module.Prod-FTF-RG",
      "mode": "managed",
      "type": "azurerm_resource_group",
      "name": "rg",
      "provider": "provider.azurerm",
      "instances": [
        {
          "schema_version": 0,
          "attributes": {
            "id": "/subscriptions/13ef02a6-7352-4c93-834e-b739a3a65a0b/resourceGroups/Prod-FTF-RG",
            "location": "southeastasia",
            "name": "Prod-FTF-RG",
            "tags": {}
          },
          "private": "bnVsbA=="
        }
      ]
    },
    {
      "module": "module.Prod-OPS-RG",
      "mode": "managed",
      "type": "azurerm_resource_group",
      "name": "rg",
      "provider": "provider.azurerm",
      "instances": [
        {
          "schema_version": 0,
          "attributes": {
            "id": "/subscriptions/13ef02a6-7352-4c93-834e-b739a3a65a0b/resourceGroups/Prod-OPS-RG",
            "location": "southeastasia",
            "name": "Prod-OPS-RG",
            "tags": {}
          },
          "private": "bnVsbA=="
        }
      ]
    },
    {
      "module": "module.Prod-PAM-RG",
      "mode": "managed",
      "type": "azurerm_resource_group",
      "name": "rg",
      "provider": "provider.azurerm",
      "instances": [
        {
          "schema_version": 0,
          "attributes": {
            "id": "/subscriptions/13ef02a6-7352-4c93-834e-b739a3a65a0b/resourceGroups/Prod-PAM-RG",
            "location": "southeastasia",
            "name": "Prod-PAM-RG",
            "tags": {}
          },
          "private": "bnVsbA=="
        }
      ]
    },
    {
      "module": "module.Prod-VUL-RG",
      "mode": "managed",
      "type": "azurerm_resource_group",
      "name": "rg",
      "provider": "provider.azurerm",
      "instances": [
        {
          "schema_version": 0,
          "attributes": {
            "id": "/subscriptions/13ef02a6-7352-4c93-834e-b739a3a65a0b/resourceGroups/Prod-VUL-RG",
            "location": "southeastasia",
            "name": "Prod-VUL-RG",
            "tags": {}
          },
          "private": "bnVsbA=="
        }
      ]
    },
    {
      "module": "module.Prod-PAY-RG",
      "mode": "managed",
      "type": "azurerm_resource_group",
      "name": "rg",
      "provider": "provider.azurerm",
      "instances": [
        {
          "schema_version": 0,
          "attributes": {
            "id": "/subscriptions/13ef02a6-7352-4c93-834e-b739a3a65a0b/resourceGroups/Prod-PAY-RG",
            "location": "southeastasia",
            "name": "Prod-PAY-RG",
            "tags": {}
          },
          "private": "bnVsbA=="
        }
      ]
    },
    {
      "module": "module.Prod-AMS-RG",
      "mode": "managed",
      "type": "azurerm_resource_group",
      "name": "rg",
      "provider": "provider.azurerm",
      "instances": [
        {
          "schema_version": 0,
          "attributes": {
            "id": "/subscriptions/13ef02a6-7352-4c93-834e-b739a3a65a0b/resourceGroups/Prod-AMS-RG",
            "location": "southeastasia",
            "name": "Prod-AMS-RG",
            "tags": {}
          },
          "private": "bnVsbA=="
        }
      ]
    },
    {
      "module": "module.Prod-BIL-RG",
      "mode": "managed",
      "type": "azurerm_resource_group",
      "name": "rg",
      "provider": "provider.azurerm",
      "instances": [
        {
          "schema_version": 0,
          "attributes": {
            "id": "/subscriptions/13ef02a6-7352-4c93-834e-b739a3a65a0b/resourceGroups/Prod-BIL-RG",
            "location": "southeastasia",
            "name": "Prod-BIL-RG",
            "tags": {}
          },
          "private": "bnVsbA=="
        }
      ]
    },
    {
      "module": "module.Prod-SFT-RG",
      "mode": "managed",
      "type": "azurerm_resource_group",
      "name": "rg",
      "provider": "provider.azurerm",
      "instances": [
        {
          "schema_version": 0,
          "attributes": {
            "id": "/subscriptions/13ef02a6-7352-4c93-834e-b739a3a65a0b/resourceGroups/Prod-SFT-RG",
            "location": "southeastasia",
            "name": "Prod-SFT-RG",
            "tags": {}
          },
          "private": "bnVsbA=="
        }
      ]
    },
    {
      "module": "module.Prod-CLS-RG",
      "mode": "managed",
      "type": "azurerm_resource_group",
      "name": "rg",
      "provider": "provider.azurerm",
      "instances": [
        {
          "schema_version": 0,
          "attributes": {
            "id": "/subscriptions/13ef02a6-7352-4c93-834e-b739a3a65a0b/resourceGroups/Prod-CLS-RG",
            "location": "southeastasia",
            "name": "Prod-CLS-RG",
            "tags": {}
          },
          "private": "bnVsbA=="
        }
      ]
    },
    {
      "module": "module.Prod-PVS-RG",
      "mode": "managed",
      "type": "azurerm_resource_group",
      "name": "rg",
      "provider": "provider.azurerm",
      "instances": [
        {
          "schema_version": 0,
          "attributes": {
            "id": "/subscriptions/13ef02a6-7352-4c93-834e-b739a3a65a0b/resourceGroups/Prod-PVS-RG",
            "location": "southeastasia",
            "name": "Prod-PVS-RG",
            "tags": {}
          },
          "private": "bnVsbA=="
        }
      ]
    },
    {
      "module": "module.Prod-AFB-RG",
      "mode": "managed",
      "type": "azurerm_resource_group",
      "name": "rg",
      "provider": "provider.azurerm",
      "instances": [
        {
          "schema_version": 0,
          "attributes": {
            "id": "/subscriptions/13ef02a6-7352-4c93-834e-b739a3a65a0b/resourceGroups/Prod-AFB-RG",
            "location": "southeastasia",
            "name": "Prod-AFB-RG",
            "tags": {}
          },
          "private": "bnVsbA=="
        }
      ]
    },
    {
      "module": "module.Prod-EIP-RG",
      "mode": "managed",
      "type": "azurerm_resource_group",
      "name": "rg",
      "provider": "provider.azurerm",
      "instances": [
        {
          "schema_version": 0,
          "attributes": {
            "id": "/subscriptions/13ef02a6-7352-4c93-834e-b739a3a65a0b/resourceGroups/Prod-EIP-RG",
            "location": "southeastasia",
            "name": "Prod-EIP-RG",
            "tags": {}
          },
          "private": "bnVsbA=="
        }
      ]
    },
    {
      "module": "module.Prod-PQC-RG",
      "mode": "managed",
      "type": "azurerm_resource_group",
      "name": "rg",
      "provider": "provider.azurerm",
      "instances": [
        {
          "schema_version": 0,
          "attributes": {
            "id": "/subscriptions/13ef02a6-7352-4c93-834e-b739a3a65a0b/resourceGroups/Prod-PQC-RG",
            "location": "southeastasia",
            "name": "Prod-PQC-RG",
            "tags": {}
          },
          "private": "bnVsbA=="
        }
      ]
    },
    {
      "module": "module.Prod-TRL-RG",
      "mode": "managed",
      "type": "azurerm_resource_group",
      "name": "rg",
      "provider": "provider.azurerm",
      "instances": [
        {
          "schema_version": 0,
          "attributes": {
            "id": "/subscriptions/13ef02a6-7352-4c93-834e-b739a3a65a0b/resourceGroups/Prod-TRL-RG",
            "location": "southeastasia",
            "name": "Prod-TRL-RG",
            "tags": {}
          },
          "private": "bnVsbA=="
        }
      ]
    },
    {
      "module": "module.Prod-HVM-RG",
      "mode": "managed",
      "type": "azurerm_resource_group",
      "name": "rg",
      "provider": "provider.azurerm",
      "instances": [
        {
          "schema_version": 0,
          "attributes": {
            "id": "/subscriptions/13ef02a6-7352-4c93-834e-b739a3a65a0b/resourceGroups/Prod-HVM-RG",
            "location": "southeastasia",
            "name": "Prod-HVM-RG",
            "tags": {}
          },
          "private": "bnVsbA=="
        }
      ]
    },
    {
      "module": "module.Prod-PCI-RG",
      "mode": "managed",
      "type": "azurerm_resource_group",
      "name": "rg",
      "provider": "provider.azurerm",
      "instances": [
        {
          "schema_version": 0,
          "attributes": {
            "id": "/subscriptions/13ef02a6-7352-4c93-834e-b739a3a65a0b/resourceGroups/Prod-PCI-RG",
            "location": "southeastasia",
            "name": "Prod-PCI-RG",
            "tags": {}
          },
          "private": "bnVsbA=="
        }
      ]
    },
    {
      "module": "module.Prod-ARI-RG",
      "mode": "managed",
      "type": "azurerm_resource_group",
      "name": "rg",
      "provider": "provider.azurerm",
      "instances": [
        {
          "schema_version": 0,
          "attributes": {
            "id": "/subscriptions/13ef02a6-7352-4c93-834e-b739a3a65a0b/resourceGroups/Prod-ARI-RG",
            "location": "southeastasia",
            "name": "Prod-ARI-RG",
            "tags": {}
          },
          "private": "bnVsbA=="
        }
      ]
    },
    {
      "module": "module.prodvmbootdiagsa",
      "mode": "managed",
      "type": "azurerm_storage_account",
      "name": "storage_account",
      "provider": "provider.azurerm",
      "instances": [
        {
          "schema_version": 2,
          "attributes": {
            "access_tier": "",
            "account_encryption_source": "Microsoft.Storage",
            "account_kind": "Storage",
            "account_replication_type": "LRS",
            "account_tier": "Standard",
            "account_type": "Standard_LRS",
            "custom_domain": [],
            "enable_advanced_threat_protection": false,
            "enable_blob_encryption": true,
            "enable_file_encryption": true,
            "enable_https_traffic_only": false,
            "id": "/subscriptions/13ef02a6-7352-4c93-834e-b739a3a65a0b/resourceGroups/Prod-Mgmt-RG/providers/Microsoft.Storage/storageAccounts/prodvmbootdiagsa",
            "identity": [],
            "is_hns_enabled": false,
            "location": "southeastasia",
            "name": "prodvmbootdiagsa",
            "network_rules": [],
            "primary_access_key": "72i8ADdYn1bmRF8GS/rxJW/jfZe5b3tIEx7AzuXh6+nzuQr+7VEg1O4eZs5Q2iwHyxcxAPzdCYew+oKwGQpo8A==",
            "primary_blob_connection_string": "DefaultEndpointsProtocol=https;BlobEndpoint=https://prodvmbootdiagsa.blob.core.windows.net/;AccountName=prodvmbootdiagsa;AccountKey=72i8ADdYn1bmRF8GS/rxJW/jfZe5b3tIEx7AzuXh6+nzuQr+7VEg1O4eZs5Q2iwHyxcxAPzdCYew+oKwGQpo8A==",
            "primary_blob_endpoint": "https://prodvmbootdiagsa.blob.core.windows.net/",
            "primary_blob_host": "prodvmbootdiagsa.blob.core.windows.net",
            "primary_connection_string": "DefaultEndpointsProtocol=https;AccountName=prodvmbootdiagsa;AccountKey=72i8ADdYn1bmRF8GS/rxJW/jfZe5b3tIEx7AzuXh6+nzuQr+7VEg1O4eZs5Q2iwHyxcxAPzdCYew+oKwGQpo8A==;EndpointSuffix=core.windows.net",
            "primary_dfs_endpoint": "",
            "primary_dfs_host": "",
            "primary_file_endpoint": "https://prodvmbootdiagsa.file.core.windows.net/",
            "primary_file_host": "prodvmbootdiagsa.file.core.windows.net",
            "primary_location": "southeastasia",
            "primary_queue_endpoint": "https://prodvmbootdiagsa.queue.core.windows.net/",
            "primary_queue_host": "prodvmbootdiagsa.queue.core.windows.net",
            "primary_table_endpoint": "https://prodvmbootdiagsa.table.core.windows.net/",
            "primary_table_host": "prodvmbootdiagsa.table.core.windows.net",
            "primary_web_endpoint": "",
            "primary_web_host": "",
            "queue_properties": [
              {
                "cors_rule": [],
                "hour_metrics": [
                  {
                    "enabled": true,
                    "include_apis": true,
                    "retention_policy_days": 7,
                    "version": "1.0"
                  }
                ],
                "logging": [
                  {
                    "delete": false,
                    "read": false,
                    "retention_policy_days": 0,
                    "version": "1.0",
                    "write": false
                  }
                ],
                "minute_metrics": [
                  {
                    "enabled": false,
                    "include_apis": false,
                    "retention_policy_days": 0,
                    "version": "1.0"
                  }
                ]
              }
            ],
            "resource_group_name": "Prod-Mgmt-RG",
            "secondary_access_key": "HXB/15uQUBxOW2LV38ehFyHY4C7Yr9pgq7h/9szEbvNhYSb2ah9HlJngQNycdZlsdixcOAXFSdi1KWgQfsWycg==",
            "secondary_blob_connection_string": "",
            "secondary_blob_endpoint": null,
            "secondary_blob_host": null,
            "secondary_connection_string": "DefaultEndpointsProtocol=https;AccountName=prodvmbootdiagsa;AccountKey=HXB/15uQUBxOW2LV38ehFyHY4C7Yr9pgq7h/9szEbvNhYSb2ah9HlJngQNycdZlsdixcOAXFSdi1KWgQfsWycg==;EndpointSuffix=core.windows.net",
            "secondary_dfs_endpoint": null,
            "secondary_dfs_host": null,
            "secondary_file_endpoint": null,
            "secondary_file_host": null,
            "secondary_location": "",
            "secondary_queue_endpoint": null,
            "secondary_queue_host": null,
            "secondary_table_endpoint": null,
            "secondary_table_host": null,
            "secondary_web_endpoint": null,
            "secondary_web_host": null,
            "tags": {}
          },
          "private": "eyJzY2hlbWFfdmVyc2lvbiI6IjIifQ=="
        }
      ]
    },
    {
      "module": "module.Prod-VNet-Spoke",
      "mode": "managed",
      "type": "azurerm_subnet",
      "name": "subnets",
      "each": "list",
      "provider": "provider.azurerm",
      "instances": [
        {
          "index_key": 0,
          "schema_version": 0,
          "attributes": {
            "address_prefix": "10.1.0.0/27",
            "delegation": [],
            "id": "/subscriptions/13ef02a6-7352-4c93-834e-b739a3a65a0b/resourceGroups/Prod-Network-RG/providers/Microsoft.Network/virtualNetworks/Prod-VNet/subnets/AzureBastionSubnet",
            "ip_configurations": [],
            "name": "AzureBastionSubnet",
            "network_security_group_id": "",
            "resource_group_name": "Prod-Network-RG",
            "route_table_id": "",
            "service_endpoints": [],
            "virtual_network_name": "Prod-VNet"
          },
          "private": "bnVsbA==",
          "depends_on": [
            "azurerm_virtual_network.vnet"
          ]
        }
      ]
    },
    {
      "module": "module.Prod-VNet-Spoke",
      "mode": "managed",
      "type": "azurerm_virtual_network",
      "name": "vnet",
      "provider": "provider.azurerm",
      "instances": [
        {
          "schema_version": 0,
          "attributes": {
            "address_space": [
              "10.1.0.0/16"
            ],
            "ddos_protection_plan": [],
            "dns_servers": [],
            "id": "/subscriptions/13ef02a6-7352-4c93-834e-b739a3a65a0b/resourceGroups/Prod-Network-RG/providers/Microsoft.Network/virtualNetworks/Prod-VNet",
            "location": "southeastasia",
            "name": "Prod-VNet",
            "resource_group_name": "Prod-Network-RG",
            "subnet": [
              {
                "address_prefix": "10.1.0.0/27",
                "id": "/subscriptions/13ef02a6-7352-4c93-834e-b739a3a65a0b/resourceGroups/Prod-Network-RG/providers/Microsoft.Network/virtualNetworks/Prod-VNet/subnets/AzureBastionSubnet",
                "name": "AzureBastionSubnet",
                "security_group": ""
              },
              {
                "address_prefix": "10.1.1.0/28",
                "id": "/subscriptions/13ef02a6-7352-4c93-834e-b739a3a65a0b/resourceGroups/Prod-Network-RG/providers/Microsoft.Network/virtualNetworks/Prod-VNet/subnets/PROD-Net01",
                "name": "PROD-Net01",
                "security_group": "/subscriptions/13ef02a6-7352-4c93-834e-b739a3a65a0b/resourceGroups/PROD-CIS-RG/providers/Microsoft.Network/networkSecurityGroups/PROD-Net01-NSG"
              }
            ],
            "tags": {}
          },
          "private": "bnVsbA=="
        }
      ]
    },
    {
      "module": "module.Prod-VNet-Spoke",
      "mode": "managed",
      "type": "azurerm_virtual_network_peering",
      "name": "peering1",
      "provider": "provider.azurerm",
      "instances": [
        {
          "schema_version": 0,
          "attributes": {
            "allow_forwarded_traffic": false,
            "allow_gateway_transit": false,
            "allow_virtual_network_access": false,
            "id": "/subscriptions/13ef02a6-7352-4c93-834e-b739a3a65a0b/resourceGroups/Prod-Network-RG/providers/Microsoft.Network/virtualNetworks/Prod-VNet/virtualNetworkPeerings/Prod-Hub-Peering",
            "name": "Prod-Hub-Peering",
            "remote_virtual_network_id": "/subscriptions/13ef02a6-7352-4c93-834e-b739a3a65a0b/resourceGroups/Hub-Network-RG/providers/Microsoft.Network/virtualNetworks/Hub-VNet",
            "resource_group_name": "Prod-Network-RG",
            "use_remote_gateways": false,
            "virtual_network_name": "Prod-VNet"
          },
          "private": "bnVsbA==",
          "depends_on": [
            "azurerm_virtual_network.vnet"
          ]
        }
      ]
    },
    {
      "module": "module.Prod-VNet-Spoke",
      "mode": "managed",
      "type": "azurerm_virtual_network_peering",
      "name": "peering2",
      "provider": "provider.azurerm.prod",
      "instances": [
        {
          "schema_version": 0,
          "attributes": {
            "allow_forwarded_traffic": false,
            "allow_gateway_transit": false,
            "allow_virtual_network_access": false,
            "id": "/subscriptions/13ef02a6-7352-4c93-834e-b739a3a65a0b/resourceGroups/Hub-Network-RG/providers/Microsoft.Network/virtualNetworks/Hub-VNet/virtualNetworkPeerings/Hub-Prod-Peering",
            "name": "Hub-Prod-Peering",
            "remote_virtual_network_id": "/subscriptions/13ef02a6-7352-4c93-834e-b739a3a65a0b/resourceGroups/Prod-Network-RG/providers/Microsoft.Network/virtualNetworks/Prod-VNet",
            "resource_group_name": "Hub-Network-RG",
            "use_remote_gateways": false,
            "virtual_network_name": "Hub-VNet"
          },
          "private": "bnVsbA==",
          "depends_on": [
            "azurerm_virtual_network.vnet"
          ]
        }
      ]
    }
  ]
}
