{
  "version": 4,
  "terraform_version": "0.12.5",
  "serial": 49,
  "lineage": "0e538d4b-e4b6-b6fa-6c70-6533b6ed73b9",
  "outputs": {},
  "resources": [
    {
      "mode": "managed",
      "type": "azurerm_automation_account",
      "name": "azauto",
      "provider": "provider.azurerm",
      "instances": [
        {
          "schema_version": 0,
          "attributes": {
            "dsc_primary_access_key": "rEvVwPy0wDF/hP64ZOYTqZumS+TXPWnCesywhEyLY0H/MSHsyUUKQw2n/XFbbtpqo+RrIU9UKOTZDeNNoh+BGQ==",
            "dsc_secondary_access_key": "NZ5uAV94pS7fAD3w7UYWqD3W+qocY7hQDBsZpZTPElDJeqB5EwK9XWDU/1Imzb4tuz3QcVtng1e+DxZvGz2ELg==",
            "dsc_server_endpoint": "https://sea-agentservice-prod-1.azure-automation.net/accounts/3cbd879f-f328-4752-a86a-636dd1473aa2",
            "id": "/subscriptions/1431443c-49d2-4e4e-8569-e899fc5e5143/resourceGroups/AATest-RG/providers/Microsoft.Automation/automationAccounts/AATestAccount",
            "location": "southeastasia",
            "name": "AATestAccount",
            "resource_group_name": "AATest-RG",
            "sku": [
              {
                "name": "Basic"
              }
            ],
            "tags": {}
          },
          "depends_on": [
            "azurerm_resource_group.rg"
          ]
        }
      ]
    },
    {
      "mode": "managed",
      "type": "azurerm_automation_dsc_configuration",
      "name": "dsc_config",
      "provider": "provider.azurerm",
      "instances": [
        {
          "schema_version": 0,
          "attributes": {
            "automation_account_name": "AATestAccount",
            "content_embedded": "    Configuration HelloWorld {\r\n\r\n        # Import the module that contains the File resource.\r\n        Import-DscResource -ModuleName PsDesiredStateConfiguration\r\n\r\n        # The Node statement specifies which targets to compile MOF files for, when this configuration is executed.\r\n        Node vmAA {\r\n\r\n            # The File resource can ensure the state of files, or copy them from a source to a destination with persistent updates.\r\n            File HelloWorld {\r\n                DestinationPath = \"C:\\DSCDemo\\HelloWorld.txt\"\r\n                Ensure = \"Present\"\r\n                Contents   = \"Hello World from DSC!\"\r\n            }\r\n        }\r\n    }\r\n",
            "description": "",
            "id": "/subscriptions/1431443c-49d2-4e4e-8569-e899fc5e5143/resourceGroups/AATest-RG/providers/Microsoft.Automation/automationAccounts/AATestAccount/configurations/HelloWorld",
            "location": "southeastasia",
            "log_verbose": false,
            "name": "HelloWorld",
            "resource_group_name": "AATest-RG",
            "state": "Published"
          },
          "depends_on": [
            "azurerm_automation_account.azauto",
            "azurerm_resource_group.rg"
          ]
        }
      ]
    },
    {
      "mode": "managed",
      "type": "azurerm_automation_dsc_nodeconfiguration",
      "name": "dsc_nodeconfig",
      "provider": "provider.azurerm",
      "instances": [
        {
          "schema_version": 0,
          "attributes": {
            "automation_account_name": "AATestAccount",
            "configuration_name": "HelloWorld",
            "content_embedded": "        instance of MSFT_FileDirectoryConfiguration as $MSFT_FileDirectoryConfiguration1ref\r\n        {\r\n            ResourceID = \"[File]HelloWorld\";\r\n            Ensure = \"Present\";\r\n            Contents = \"Hello World from DSC!\";\r\n            DestinationPath = \"C:\\\\DSCDemo\\\\HelloWorld.txt\";\r\n            ModuleName = \"PSDesiredStateConfiguration\";\r\n            SourceInfo = \"C:\\\\Users\\\\jorseng\\\\OneDrive - Infront Consulting APAC\\\\Infront Consulting\\\\TFDev\\\\AATest\\\\DSC_HelloWorld.ps1::10::9::File\";\r\n            ModuleVersion = \"1.0\";\r\n            ConfigurationName = \"HelloWorld\";\r\n        };\r\n        instance of OMI_ConfigurationDocument\r\n        {\r\n            Version=\"2.0.0\";\r\n            MinimumCompatibleVersion = \"1.0.0\";\r\n            CompatibleVersionAdditionalProperties= {\"Omi_BaseResource:ConfigurationName\"};\r\n            Author=\"jorseng\";\r\n            GenerationDate=\"07/21/2019 23:55:49\";\r\n            GenerationHost=\"LAPTOP-JGNDMEA0\";\r\n            Name=\"HelloWorld\";\r\n        };\r\n",
            "id": "/subscriptions/1431443c-49d2-4e4e-8569-e899fc5e5143/resourceGroups/AATest-RG/providers/Microsoft.Automation/automationAccounts/AATestAccount/nodeConfigurations/HelloWorld.vmAA",
            "name": "HelloWorld.vmAA",
            "resource_group_name": "AATest-RG"
          },
          "depends_on": [
            "azurerm_automation_account.azauto",
            "azurerm_automation_dsc_configuration.dsc_config",
            "azurerm_resource_group.rg"
          ]
        }
      ]
    },
    {
      "mode": "managed",
      "type": "azurerm_network_interface",
      "name": "nic",
      "provider": "provider.azurerm",
      "instances": [
        {
          "schema_version": 0,
          "attributes": {
            "applied_dns_servers": [],
            "dns_servers": [],
            "enable_accelerated_networking": false,
            "enable_ip_forwarding": false,
            "id": "/subscriptions/1431443c-49d2-4e4e-8569-e899fc5e5143/resourceGroups/AATest-RG/providers/Microsoft.Network/networkInterfaces/vmAA-nic",
            "internal_dns_name_label": "",
            "internal_fqdn": "",
            "ip_configuration": [
              {
                "application_gateway_backend_address_pools_ids": [],
                "application_security_group_ids": [],
                "load_balancer_backend_address_pools_ids": [],
                "load_balancer_inbound_nat_rules_ids": [],
                "name": "vmAA-ipconfig",
                "primary": true,
                "private_ip_address": "10.0.1.5",
                "private_ip_address_allocation": "static",
                "private_ip_address_version": "IPv4",
                "public_ip_address_id": "/subscriptions/1431443c-49d2-4e4e-8569-e899fc5e5143/resourceGroups/AATest-RG/providers/Microsoft.Network/publicIPAddresses/vmAA-pip",
                "subnet_id": "/subscriptions/1431443c-49d2-4e4e-8569-e899fc5e5143/resourceGroups/AATest-RG/providers/Microsoft.Network/virtualNetworks/AAtest-vnet/subnets/sharedsubnet"
              }
            ],
            "location": "southeastasia",
            "mac_address": "00-0D-3A-A3-B4-03",
            "name": "vmAA-nic",
            "network_security_group_id": "",
            "private_ip_address": "10.0.1.5",
            "private_ip_addresses": [
              "10.0.1.5"
            ],
            "resource_group_name": "AATest-RG",
            "tags": {},
            "virtual_machine_id": "/subscriptions/1431443c-49d2-4e4e-8569-e899fc5e5143/resourceGroups/AATest-RG/providers/Microsoft.Compute/virtualMachines/vmAA"
          },
          "depends_on": [
            "azurerm_public_ip.pip",
            "azurerm_resource_group.rg",
            "azurerm_subnet.subnet"
          ]
        }
      ]
    },
    {
      "mode": "managed",
      "type": "azurerm_public_ip",
      "name": "pip",
      "provider": "provider.azurerm",
      "instances": [
        {
          "schema_version": 0,
          "attributes": {
            "allocation_method": "Dynamic",
            "domain_name_label": null,
            "fqdn": null,
            "id": "/subscriptions/1431443c-49d2-4e4e-8569-e899fc5e5143/resourceGroups/AATest-RG/providers/Microsoft.Network/publicIPAddresses/vmAA-pip",
            "idle_timeout_in_minutes": 4,
            "ip_address": "13.76.99.174",
            "ip_version": "IPv4",
            "location": "southeastasia",
            "name": "vmAA-pip",
            "public_ip_address_allocation": "Dynamic",
            "public_ip_prefix_id": null,
            "resource_group_name": "AATest-RG",
            "reverse_fqdn": null,
            "sku": "Basic",
            "tags": {},
            "zones": null
          },
          "depends_on": [
            "azurerm_resource_group.rg"
          ]
        }
      ]
    },
    {
      "mode": "managed",
      "type": "azurerm_resource_group",
      "name": "rg",
      "provider": "provider.azurerm",
      "instances": [
        {
          "schema_version": 0,
          "attributes": {
            "id": "/subscriptions/1431443c-49d2-4e4e-8569-e899fc5e5143/resourceGroups/AATest-RG",
            "location": "southeastasia",
            "name": "AATest-RG",
            "tags": {}
          }
        }
      ]
    },
    {
      "mode": "managed",
      "type": "azurerm_storage_account",
      "name": "sa",
      "provider": "provider.azurerm",
      "instances": [
        {
          "schema_version": 2,
          "attributes": {
            "access_tier": "",
            "account_encryption_source": "Microsoft.Storage",
            "account_kind": "Storage",
            "account_replication_type": "LRS",
            "account_tier": "Standard",
            "account_type": "Standard_LRS",
            "custom_domain": [],
            "enable_blob_encryption": true,
            "enable_file_encryption": true,
            "enable_https_traffic_only": false,
            "id": "/subscriptions/1431443c-49d2-4e4e-8569-e899fc5e5143/resourceGroups/AATest-RG/providers/Microsoft.Storage/storageAccounts/aatestdsc",
            "identity": [],
            "is_hns_enabled": false,
            "location": "southeastasia",
            "name": "aatestdsc",
            "network_rules": [],
            "primary_access_key": "jdPTt34ULqoYXEpOZVC0maM0eEynP7qQKFpRI/6reKvR/XuU1yUICGpOwryditrEwv+NpahVYcolqLoyGZhHEw==",
            "primary_blob_connection_string": "DefaultEndpointsProtocol=https;BlobEndpoint=https://aatestdsc.blob.core.windows.net/;AccountName=aatestdsc;AccountKey=jdPTt34ULqoYXEpOZVC0maM0eEynP7qQKFpRI/6reKvR/XuU1yUICGpOwryditrEwv+NpahVYcolqLoyGZhHEw==",
            "primary_blob_endpoint": "https://aatestdsc.blob.core.windows.net/",
            "primary_blob_host": "aatestdsc.blob.core.windows.net",
            "primary_connection_string": "DefaultEndpointsProtocol=https;AccountName=aatestdsc;AccountKey=jdPTt34ULqoYXEpOZVC0maM0eEynP7qQKFpRI/6reKvR/XuU1yUICGpOwryditrEwv+NpahVYcolqLoyGZhHEw==;EndpointSuffix=core.windows.net",
            "primary_dfs_endpoint": "",
            "primary_dfs_host": "",
            "primary_file_endpoint": "https://aatestdsc.file.core.windows.net/",
            "primary_file_host": "aatestdsc.file.core.windows.net",
            "primary_location": "southeastasia",
            "primary_queue_endpoint": "https://aatestdsc.queue.core.windows.net/",
            "primary_queue_host": "aatestdsc.queue.core.windows.net",
            "primary_table_endpoint": "https://aatestdsc.table.core.windows.net/",
            "primary_table_host": "aatestdsc.table.core.windows.net",
            "primary_web_endpoint": "",
            "primary_web_host": "",
            "resource_group_name": "AATest-RG",
            "secondary_access_key": "maauNhSu/aKXYX95JnNLAEQm1cDmvM+GK1Re9a7gaGeEdAFHkCsUX4ZE3kef1WN4CgFNDO3+kSBrewWso+pnrg==",
            "secondary_blob_connection_string": "",
            "secondary_blob_endpoint": null,
            "secondary_blob_host": null,
            "secondary_connection_string": "DefaultEndpointsProtocol=https;AccountName=aatestdsc;AccountKey=maauNhSu/aKXYX95JnNLAEQm1cDmvM+GK1Re9a7gaGeEdAFHkCsUX4ZE3kef1WN4CgFNDO3+kSBrewWso+pnrg==;EndpointSuffix=core.windows.net",
            "secondary_dfs_endpoint": null,
            "secondary_dfs_host": null,
            "secondary_file_endpoint": null,
            "secondary_file_host": null,
            "secondary_location": "",
            "secondary_queue_endpoint": null,
            "secondary_queue_host": null,
            "secondary_table_endpoint": null,
            "secondary_table_host": null,
            "secondary_web_endpoint": null,
            "secondary_web_host": null,
            "tags": {}
          },
          "depends_on": [
            "azurerm_resource_group.rg"
          ]
        }
      ]
    },
    {
      "mode": "managed",
      "type": "azurerm_subnet",
      "name": "subnet",
      "provider": "provider.azurerm",
      "instances": [
        {
          "schema_version": 0,
          "attributes": {
            "address_prefix": "10.0.1.0/24",
            "delegation": [],
            "id": "/subscriptions/1431443c-49d2-4e4e-8569-e899fc5e5143/resourceGroups/AATest-RG/providers/Microsoft.Network/virtualNetworks/AAtest-vnet/subnets/sharedsubnet",
            "ip_configurations": [
              "/subscriptions/1431443c-49d2-4e4e-8569-e899fc5e5143/resourceGroups/AATest-RG/providers/Microsoft.Network/networkInterfaces/vmAA-nic/ipConfigurations/vmAA-ipconfig"
            ],
            "name": "sharedsubnet",
            "network_security_group_id": "",
            "resource_group_name": "AATest-RG",
            "route_table_id": "",
            "service_endpoints": null,
            "virtual_network_name": "AAtest-vnet"
          },
          "depends_on": [
            "azurerm_resource_group.rg",
            "azurerm_virtual_network.vnet"
          ]
        }
      ]
    },
    {
      "mode": "managed",
      "type": "azurerm_virtual_machine",
      "name": "vmAA",
      "provider": "provider.azurerm",
      "instances": [
        {
          "schema_version": 0,
          "attributes": {
            "availability_set_id": null,
            "boot_diagnostics": [
              {
                "enabled": true,
                "storage_uri": "https://aatestdsc.blob.core.windows.net/"
              }
            ],
            "delete_data_disks_on_termination": true,
            "delete_os_disk_on_termination": true,
            "id": "/subscriptions/1431443c-49d2-4e4e-8569-e899fc5e5143/resourceGroups/AATest-RG/providers/Microsoft.Compute/virtualMachines/vmAA",
            "identity": [],
            "license_type": null,
            "location": "southeastasia",
            "name": "vmAA",
            "network_interface_ids": [
              "/subscriptions/1431443c-49d2-4e4e-8569-e899fc5e5143/resourceGroups/AATest-RG/providers/Microsoft.Network/networkInterfaces/vmAA-nic"
            ],
            "os_profile": [
              {
                "admin_password": "",
                "admin_username": "DemoAdmin",
                "computer_name": "vmAA",
                "custom_data": ""
              }
            ],
            "os_profile_linux_config": [],
            "os_profile_secrets": [],
            "os_profile_windows_config": [
              {
                "additional_unattend_config": [],
                "enable_automatic_upgrades": false,
                "provision_vm_agent": true,
                "timezone": "",
                "winrm": []
              }
            ],
            "plan": [],
            "primary_network_interface_id": null,
            "resource_group_name": "AATest-RG",
            "storage_data_disk": [],
            "storage_image_reference": [
              {
                "id": "",
                "offer": "WindowsServer",
                "publisher": "MicrosoftWindowsServer",
                "sku": "2016-Datacenter",
                "version": "latest"
              }
            ],
            "storage_os_disk": [
              {
                "caching": "ReadWrite",
                "create_option": "FromImage",
                "disk_size_gb": 127,
                "image_uri": "",
                "managed_disk_id": "/subscriptions/1431443c-49d2-4e4e-8569-e899fc5e5143/resourceGroups/AATest-RG/providers/Microsoft.Compute/disks/vmAA-osdisk",
                "managed_disk_type": "Standard_LRS",
                "name": "vmAA-osdisk",
                "os_type": "Windows",
                "vhd_uri": "",
                "write_accelerator_enabled": false
              }
            ],
            "tags": {},
            "vm_size": "Standard_D2S_v3",
            "zones": null
          },
          "depends_on": [
            "azurerm_network_interface.nic",
            "azurerm_resource_group.rg",
            "azurerm_storage_account.sa"
          ]
        }
      ]
    },
    {
      "mode": "managed",
      "type": "azurerm_virtual_machine_extension",
      "name": "dsc",
      "provider": "provider.azurerm",
      "instances": [
        {
          "schema_version": 0,
          "attributes": {
            "auto_upgrade_minor_version": false,
            "id": "/subscriptions/1431443c-49d2-4e4e-8569-e899fc5e5143/resourceGroups/AATest-RG/providers/Microsoft.Compute/virtualMachines/vmAA/extensions/AATestDsc",
            "location": "southeastasia",
            "name": "AATestDsc",
            "protected_settings": "    {\r\n      \"Items\": {\r\n        \"registrationKeyPrivate\" : \"rEvVwPy0wDF/hP64ZOYTqZumS+TXPWnCesywhEyLY0H/MSHsyUUKQw2n/XFbbtpqo+RrIU9UKOTZDeNNoh+BGQ==\"\r\n      }\r\n    }\r\n",
            "publisher": "Microsoft.Powershell",
            "resource_group_name": "AATest-RG",
            "settings": "{\"Privacy\":{\"DataCollection\":\"\"},\"Properties\":{\"ActionAfterReboot\":\"continueConfiguration\",\"AllowModuleOverwrite\":false,\"ConfigurationMode\":\"ApplyAndAutoCorrect\",\"ConfigurationModeFrequencyMins\":15,\"NodeConfigurationName\":\"HelloWorld.vmAA\",\"RebootNodeIfNeeded\":true,\"RefreshFrequencyMins\":30,\"RegistrationKey\":{\"Password\":\"PrivateSettingsRef:registrationKeyPrivate\",\"UserName\":\"PLACEHOLDER_DONOTUSE\"},\"RegistrationUrl\":\"https://sea-agentservice-prod-1.azure-automation.net/accounts/3cbd879f-f328-4752-a86a-636dd1473aa2\"},\"WmfVersion\":\"latest\"}",
            "tags": {},
            "type": "DSC",
            "type_handler_version": "2.73",
            "virtual_machine_name": "vmAA"
          },
          "private": "bnVsbA==",
          "depends_on": [
            "azurerm_automation_account.azauto",
            "azurerm_automation_dsc_nodeconfiguration.dsc_nodeconfig",
            "azurerm_resource_group.rg",
            "azurerm_virtual_machine.vmAA"
          ]
        }
      ]
    },
    {
      "mode": "managed",
      "type": "azurerm_virtual_network",
      "name": "vnet",
      "provider": "provider.azurerm",
      "instances": [
        {
          "schema_version": 0,
          "attributes": {
            "address_space": [
              "10.0.0.0/16"
            ],
            "ddos_protection_plan": [],
            "dns_servers": null,
            "id": "/subscriptions/1431443c-49d2-4e4e-8569-e899fc5e5143/resourceGroups/AATest-RG/providers/Microsoft.Network/virtualNetworks/AAtest-vnet",
            "location": "southeastasia",
            "name": "AAtest-vnet",
            "resource_group_name": "AATest-RG",
            "subnet": [
              {
                "address_prefix": "10.0.1.0/24",
                "id": "/subscriptions/1431443c-49d2-4e4e-8569-e899fc5e5143/resourceGroups/AATest-RG/providers/Microsoft.Network/virtualNetworks/AAtest-vnet/subnets/sharedsubnet",
                "name": "sharedsubnet",
                "security_group": ""
              }
            ],
            "tags": {}
          },
          "depends_on": [
            "azurerm_resource_group.rg"
          ]
        }
      ]
    }
  ]
}
