{
  "version": 4,
  "terraform_version": "0.12.8",
  "serial": 95,
  "lineage": "2e900458-f148-4fa7-72d8-eca94e2baa35",
  "outputs": {},
  "resources": [
    {
      "module": "module.Dev-FW01",
      "mode": "managed",
      "type": "azurerm_firewall",
      "name": "firewall",
      "provider": "provider.azurerm",
      "instances": [
        {
          "schema_version": 0,
          "attributes": {
            "id": "/subscriptions/5b98ba7c-c3f7-43ec-ac20-195d8109fe2b/resourceGroups/Dev-Network-RG/providers/Microsoft.Network/azureFirewalls/astro-fw-test",
            "ip_configuration": [
              {
                "internal_public_ip_address_id": "/subscriptions/5b98ba7c-c3f7-43ec-ac20-195d8109fe2b/resourceGroups/Dev-Network-RG/providers/Microsoft.Network/publicIPAddresses/fw-astro-test-pip",
                "name": "fw-astro-test-pip-config",
                "private_ip_address": "10.2.0.4",
                "public_ip_address_id": "/subscriptions/5b98ba7c-c3f7-43ec-ac20-195d8109fe2b/resourceGroups/Dev-Network-RG/providers/Microsoft.Network/publicIPAddresses/fw-astro-test-pip",
                "subnet_id": "/subscriptions/5b98ba7c-c3f7-43ec-ac20-195d8109fe2b/resourceGroups/Dev-Network-RG/providers/Microsoft.Network/virtualNetworks/Dev-Vnet/subnets/AzureFirewallSubnet"
              }
            ],
            "location": "southeastasia",
            "name": "astro-fw-test",
            "resource_group_name": "Dev-Network-RG",
            "tags": {}
          },
          "private": "bnVsbA==",
          "depends_on": [
            "azurerm_public_ip.fw_pip"
          ]
        }
      ]
    },
    {
      "module": "module.Dev-FW01",
      "mode": "managed",
      "type": "azurerm_public_ip",
      "name": "fw_pip",
      "provider": "provider.azurerm",
      "instances": [
        {
          "schema_version": 0,
          "attributes": {
            "allocation_method": "Static",
            "domain_name_label": null,
            "fqdn": null,
            "id": "/subscriptions/5b98ba7c-c3f7-43ec-ac20-195d8109fe2b/resourceGroups/Dev-Network-RG/providers/Microsoft.Network/publicIPAddresses/fw-astro-test-pip",
            "idle_timeout_in_minutes": 4,
            "ip_address": "40.90.187.215",
            "ip_version": "IPv4",
            "location": "southeastasia",
            "name": "fw-astro-test-pip",
            "public_ip_address_allocation": "Static",
            "public_ip_prefix_id": null,
            "resource_group_name": "Dev-Network-RG",
            "reverse_fqdn": null,
            "sku": "Standard",
            "tags": {},
            "zones": null
          },
          "private": "bnVsbA=="
        }
      ]
    },
    {
      "module": "module.Dev-Security-RG",
      "mode": "managed",
      "type": "azurerm_resource_group",
      "name": "rg",
      "provider": "provider.azurerm",
      "instances": [
        {
          "schema_version": 0,
          "attributes": {
            "id": "/subscriptions/5b98ba7c-c3f7-43ec-ac20-195d8109fe2b/resourceGroups/Dev-Security-RG",
            "location": "southeastasia",
            "name": "Dev-Security-RG",
            "tags": {}
          },
          "private": "bnVsbA=="
        }
      ]
    },
    {
      "module": "module.Dev-Management-RG",
      "mode": "managed",
      "type": "azurerm_resource_group",
      "name": "rg",
      "provider": "provider.azurerm",
      "instances": [
        {
          "schema_version": 0,
          "attributes": {
            "id": "/subscriptions/5b98ba7c-c3f7-43ec-ac20-195d8109fe2b/resourceGroups/Dev-Management-RG",
            "location": "southeastasia",
            "name": "Dev-Management-RG",
            "tags": {}
          },
          "private": "bnVsbA=="
        }
      ]
    },
    {
      "module": "module.Dev-Network-RG",
      "mode": "managed",
      "type": "azurerm_resource_group",
      "name": "rg",
      "provider": "provider.azurerm",
      "instances": [
        {
          "schema_version": 0,
          "attributes": {
            "id": "/subscriptions/5b98ba7c-c3f7-43ec-ac20-195d8109fe2b/resourceGroups/Dev-Network-RG",
            "location": "southeastasia",
            "name": "Dev-Network-RG",
            "tags": {}
          },
          "private": "bnVsbA=="
        }
      ]
    },
    {
      "module": "module.Dev-Net01",
      "mode": "managed",
      "type": "azurerm_subnet",
      "name": "subnet",
      "provider": "provider.azurerm",
      "instances": [
        {
          "schema_version": 0,
          "attributes": {
            "address_prefix": "10.2.1.0/24",
            "delegation": [],
            "id": "/subscriptions/5b98ba7c-c3f7-43ec-ac20-195d8109fe2b/resourceGroups/Dev-Network-RG/providers/Microsoft.Network/virtualNetworks/Dev-Vnet/subnets/Dev-Net01",
            "ip_configurations": [],
            "name": "Dev-Net01",
            "network_security_group_id": "",
            "resource_group_name": "Dev-Network-RG",
            "route_table_id": "",
            "service_endpoints": [],
            "virtual_network_name": "Dev-Vnet"
          },
          "private": "bnVsbA=="
        }
      ]
    },
    {
      "module": "module.AzureFirewallSubnet",
      "mode": "managed",
      "type": "azurerm_subnet",
      "name": "subnet",
      "provider": "provider.azurerm",
      "instances": [
        {
          "schema_version": 0,
          "attributes": {
            "address_prefix": "10.2.0.0/26",
            "delegation": [],
            "id": "/subscriptions/5b98ba7c-c3f7-43ec-ac20-195d8109fe2b/resourceGroups/Dev-Network-RG/providers/Microsoft.Network/virtualNetworks/Dev-Vnet/subnets/AzureFirewallSubnet",
            "ip_configurations": [],
            "name": "AzureFirewallSubnet",
            "network_security_group_id": "",
            "resource_group_name": "Dev-Network-RG",
            "route_table_id": "",
            "service_endpoints": [],
            "virtual_network_name": "Dev-Vnet"
          },
          "private": "bnVsbA=="
        }
      ]
    },
    {
      "module": "module.GatewaySubnet",
      "mode": "managed",
      "type": "azurerm_subnet",
      "name": "subnet",
      "provider": "provider.azurerm",
      "instances": [
        {
          "schema_version": 0,
          "attributes": {
            "address_prefix": "10.2.255.224/27",
            "delegation": [],
            "id": "/subscriptions/5b98ba7c-c3f7-43ec-ac20-195d8109fe2b/resourceGroups/Dev-Network-RG/providers/Microsoft.Network/virtualNetworks/Dev-Vnet/subnets/GatewaySubnet",
            "ip_configurations": [
              "/subscriptions/5b98ba7c-c3f7-43ec-ac20-195d8109fe2b/resourceGroups/Dev-Network-RG/providers/Microsoft.Network/virtualNetworkGateways/Dev-VPN-GW01/ipConfigurations/Dev-GW01-PIP01"
            ],
            "name": "GatewaySubnet",
            "network_security_group_id": "",
            "resource_group_name": "Dev-Network-RG",
            "route_table_id": "",
            "service_endpoints": [],
            "virtual_network_name": "Dev-Vnet"
          },
          "private": "bnVsbA=="
        }
      ]
    },
    {
      "module": "module.Dev-ExtWAF-Net01",
      "mode": "managed",
      "type": "azurerm_subnet",
      "name": "subnet",
      "provider": "provider.azurerm",
      "instances": [
        {
          "schema_version": 0,
          "attributes": {
            "address_prefix": "10.2.0.64/26",
            "delegation": [],
            "id": "/subscriptions/5b98ba7c-c3f7-43ec-ac20-195d8109fe2b/resourceGroups/Dev-Network-RG/providers/Microsoft.Network/virtualNetworks/Dev-Vnet/subnets/Dev-ExtWAF-Net01",
            "ip_configurations": [],
            "name": "Dev-ExtWAF-Net01",
            "network_security_group_id": "",
            "resource_group_name": "Dev-Network-RG",
            "route_table_id": "",
            "service_endpoints": [],
            "virtual_network_name": "Dev-Vnet"
          },
          "private": "bnVsbA=="
        }
      ]
    },
    {
      "module": "module.Dev-Vnet",
      "mode": "managed",
      "type": "azurerm_virtual_network",
      "name": "vnet",
      "provider": "provider.azurerm",
      "instances": [
        {
          "schema_version": 0,
          "attributes": {
            "address_space": [
              "10.2.0.0/16"
            ],
            "ddos_protection_plan": [],
            "dns_servers": [],
            "id": "/subscriptions/5b98ba7c-c3f7-43ec-ac20-195d8109fe2b/resourceGroups/Dev-Network-RG/providers/Microsoft.Network/virtualNetworks/Dev-Vnet",
            "location": "southeastasia",
            "name": "Dev-Vnet",
            "resource_group_name": "Dev-Network-RG",
            "subnet": [
              {
                "address_prefix": "10.2.0.0/26",
                "id": "/subscriptions/5b98ba7c-c3f7-43ec-ac20-195d8109fe2b/resourceGroups/Dev-Network-RG/providers/Microsoft.Network/virtualNetworks/Dev-Vnet/subnets/AzureFirewallSubnet",
                "name": "AzureFirewallSubnet",
                "security_group": ""
              },
              {
                "address_prefix": "10.2.0.64/26",
                "id": "/subscriptions/5b98ba7c-c3f7-43ec-ac20-195d8109fe2b/resourceGroups/Dev-Network-RG/providers/Microsoft.Network/virtualNetworks/Dev-Vnet/subnets/Dev-ExtWAF-Net01",
                "name": "Dev-ExtWAF-Net01",
                "security_group": ""
              },
              {
                "address_prefix": "10.2.1.0/24",
                "id": "/subscriptions/5b98ba7c-c3f7-43ec-ac20-195d8109fe2b/resourceGroups/Dev-Network-RG/providers/Microsoft.Network/virtualNetworks/Dev-Vnet/subnets/Dev-Net01",
                "name": "Dev-Net01",
                "security_group": ""
              },
              {
                "address_prefix": "10.2.255.224/27",
                "id": "/subscriptions/5b98ba7c-c3f7-43ec-ac20-195d8109fe2b/resourceGroups/Dev-Network-RG/providers/Microsoft.Network/virtualNetworks/Dev-Vnet/subnets/GatewaySubnet",
                "name": "GatewaySubnet",
                "security_group": ""
              }
            ],
            "tags": {}
          },
          "private": "bnVsbA=="
        }
      ]
    }
  ]
}
