{
    "version": 3,
    "terraform_version": "0.11.13",
    "serial": 34,
    "lineage": "04899197-c1aa-26d0-feca-7cab82874234",
    "modules": [
        {
            "path": [
                "root"
            ],
            "outputs": {},
            "resources": {
                "azurerm_availability_set.app01-web-as01": {
                    "type": "azurerm_availability_set",
                    "depends_on": [
                        "azurerm_resource_group.hubrg"
                    ],
                    "primary": {
                        "id": "/subscriptions/1431443c-49d2-4e4e-8569-e899fc5e5143/resourceGroups/hubrg/providers/Microsoft.Compute/availabilitySets/app01-web-as01",
                        "attributes": {
                            "id": "/subscriptions/1431443c-49d2-4e4e-8569-e899fc5e5143/resourceGroups/hubrg/providers/Microsoft.Compute/availabilitySets/app01-web-as01",
                            "location": "southeastasia",
                            "managed": "true",
                            "name": "app01-web-as01",
                            "platform_fault_domain_count": "2",
                            "platform_update_domain_count": "5",
                            "resource_group_name": "hubrg",
                            "tags.%": "0"
                        },
                        "meta": {},
                        "tainted": false
                    },
                    "deposed": [],
                    "provider": "provider.azurerm"
                },
                "azurerm_availability_set.azdc-as01": {
                    "type": "azurerm_availability_set",
                    "depends_on": [
                        "azurerm_resource_group.hubrg"
                    ],
                    "primary": {
                        "id": "/subscriptions/1431443c-49d2-4e4e-8569-e899fc5e5143/resourceGroups/hubrg/providers/Microsoft.Compute/availabilitySets/azdc-as01",
                        "attributes": {
                            "id": "/subscriptions/1431443c-49d2-4e4e-8569-e899fc5e5143/resourceGroups/hubrg/providers/Microsoft.Compute/availabilitySets/azdc-as01",
                            "location": "southeastasia",
                            "managed": "true",
                            "name": "azdc-as01",
                            "platform_fault_domain_count": "2",
                            "platform_update_domain_count": "5",
                            "resource_group_name": "hubrg",
                            "tags.%": "0"
                        },
                        "meta": {},
                        "tainted": false
                    },
                    "deposed": [],
                    "provider": "provider.azurerm"
                },
                "azurerm_network_interface.app01-web01-nic": {
                    "type": "azurerm_network_interface",
                    "depends_on": [
                        "azurerm_resource_group.hubrg",
                        "azurerm_subnet.app01-web-subnet"
                    ],
                    "primary": {
                        "id": "/subscriptions/1431443c-49d2-4e4e-8569-e899fc5e5143/resourceGroups/hubrg/providers/Microsoft.Network/networkInterfaces/app01-web01-nic",
                        "attributes": {
                            "applied_dns_servers.#": "0",
                            "dns_servers.#": "0",
                            "enable_accelerated_networking": "false",
                            "enable_ip_forwarding": "false",
                            "id": "/subscriptions/1431443c-49d2-4e4e-8569-e899fc5e5143/resourceGroups/hubrg/providers/Microsoft.Network/networkInterfaces/app01-web01-nic",
                            "internal_dns_name_label": "",
                            "internal_fqdn": "",
                            "ip_configuration.#": "1",
                            "ip_configuration.0.application_gateway_backend_address_pools_ids.#": "0",
                            "ip_configuration.0.application_security_group_ids.#": "0",
                            "ip_configuration.0.load_balancer_backend_address_pools_ids.#": "0",
                            "ip_configuration.0.load_balancer_inbound_nat_rules_ids.#": "0",
                            "ip_configuration.0.name": "app01-web01-nic-ipconfig",
                            "ip_configuration.0.primary": "true",
                            "ip_configuration.0.private_ip_address": "10.0.1.4",
                            "ip_configuration.0.private_ip_address_allocation": "static",
                            "ip_configuration.0.private_ip_address_version": "IPv4",
                            "ip_configuration.0.public_ip_address_id": "",
                            "ip_configuration.0.subnet_id": "/subscriptions/1431443c-49d2-4e4e-8569-e899fc5e5143/resourceGroups/hubrg/providers/Microsoft.Network/virtualNetworks/app01-vnet/subnets/app01-web-subnet",
                            "location": "southeastasia",
                            "mac_address": "",
                            "name": "app01-web01-nic",
                            "network_security_group_id": "",
                            "private_ip_address": "10.0.1.4",
                            "private_ip_addresses.#": "1",
                            "private_ip_addresses.0": "10.0.1.4",
                            "resource_group_name": "hubrg",
                            "tags.%": "0"
                        },
                        "meta": {},
                        "tainted": false
                    },
                    "deposed": [],
                    "provider": "provider.azurerm"
                },
                "azurerm_network_interface.app01-web02-nic": {
                    "type": "azurerm_network_interface",
                    "depends_on": [
                        "azurerm_resource_group.hubrg",
                        "azurerm_subnet.app01-web-subnet"
                    ],
                    "primary": {
                        "id": "/subscriptions/1431443c-49d2-4e4e-8569-e899fc5e5143/resourceGroups/hubrg/providers/Microsoft.Network/networkInterfaces/app01-web02-nic",
                        "attributes": {
                            "applied_dns_servers.#": "0",
                            "dns_servers.#": "0",
                            "enable_accelerated_networking": "false",
                            "enable_ip_forwarding": "false",
                            "id": "/subscriptions/1431443c-49d2-4e4e-8569-e899fc5e5143/resourceGroups/hubrg/providers/Microsoft.Network/networkInterfaces/app01-web02-nic",
                            "internal_dns_name_label": "",
                            "internal_fqdn": "",
                            "ip_configuration.#": "1",
                            "ip_configuration.0.application_gateway_backend_address_pools_ids.#": "0",
                            "ip_configuration.0.application_security_group_ids.#": "0",
                            "ip_configuration.0.load_balancer_backend_address_pools_ids.#": "0",
                            "ip_configuration.0.load_balancer_inbound_nat_rules_ids.#": "0",
                            "ip_configuration.0.name": "app01-web02-nic-ipconfig",
                            "ip_configuration.0.primary": "true",
                            "ip_configuration.0.private_ip_address": "10.0.1.5",
                            "ip_configuration.0.private_ip_address_allocation": "static",
                            "ip_configuration.0.private_ip_address_version": "IPv4",
                            "ip_configuration.0.public_ip_address_id": "",
                            "ip_configuration.0.subnet_id": "/subscriptions/1431443c-49d2-4e4e-8569-e899fc5e5143/resourceGroups/hubrg/providers/Microsoft.Network/virtualNetworks/app01-vnet/subnets/app01-web-subnet",
                            "location": "southeastasia",
                            "mac_address": "",
                            "name": "app01-web02-nic",
                            "network_security_group_id": "",
                            "private_ip_address": "10.0.1.5",
                            "private_ip_addresses.#": "1",
                            "private_ip_addresses.0": "10.0.1.5",
                            "resource_group_name": "hubrg",
                            "tags.%": "0"
                        },
                        "meta": {},
                        "tainted": false
                    },
                    "deposed": [],
                    "provider": "provider.azurerm"
                },
                "azurerm_network_interface.azdc01-nic": {
                    "type": "azurerm_network_interface",
                    "depends_on": [
                        "azurerm_resource_group.hubrg",
                        "azurerm_subnet.hub-subnet-services"
                    ],
                    "primary": {
                        "id": "/subscriptions/1431443c-49d2-4e4e-8569-e899fc5e5143/resourceGroups/hubrg/providers/Microsoft.Network/networkInterfaces/azdc01-nic",
                        "attributes": {
                            "applied_dns_servers.#": "0",
                            "dns_servers.#": "0",
                            "enable_accelerated_networking": "false",
                            "enable_ip_forwarding": "false",
                            "id": "/subscriptions/1431443c-49d2-4e4e-8569-e899fc5e5143/resourceGroups/hubrg/providers/Microsoft.Network/networkInterfaces/azdc01-nic",
                            "internal_dns_name_label": "",
                            "internal_fqdn": "",
                            "ip_configuration.#": "1",
                            "ip_configuration.0.application_gateway_backend_address_pools_ids.#": "0",
                            "ip_configuration.0.application_security_group_ids.#": "0",
                            "ip_configuration.0.load_balancer_backend_address_pools_ids.#": "0",
                            "ip_configuration.0.load_balancer_inbound_nat_rules_ids.#": "0",
                            "ip_configuration.0.name": "azdc01-nic-ipconfig",
                            "ip_configuration.0.primary": "true",
                            "ip_configuration.0.private_ip_address": "192.168.3.4",
                            "ip_configuration.0.private_ip_address_allocation": "static",
                            "ip_configuration.0.private_ip_address_version": "IPv4",
                            "ip_configuration.0.public_ip_address_id": "",
                            "ip_configuration.0.subnet_id": "/subscriptions/1431443c-49d2-4e4e-8569-e899fc5e5143/resourceGroups/hubrg/providers/Microsoft.Network/virtualNetworks/hub-vnet/subnets/hub-subnet-services",
                            "location": "southeastasia",
                            "mac_address": "",
                            "name": "azdc01-nic",
                            "network_security_group_id": "",
                            "private_ip_address": "192.168.3.4",
                            "private_ip_addresses.#": "1",
                            "private_ip_addresses.0": "192.168.3.4",
                            "resource_group_name": "hubrg",
                            "tags.%": "0"
                        },
                        "meta": {},
                        "tainted": false
                    },
                    "deposed": [],
                    "provider": "provider.azurerm"
                },
                "azurerm_network_interface.azdc02-nic": {
                    "type": "azurerm_network_interface",
                    "depends_on": [
                        "azurerm_resource_group.hubrg",
                        "azurerm_subnet.hub-subnet-services"
                    ],
                    "primary": {
                        "id": "/subscriptions/1431443c-49d2-4e4e-8569-e899fc5e5143/resourceGroups/hubrg/providers/Microsoft.Network/networkInterfaces/azdc02-nic",
                        "attributes": {
                            "applied_dns_servers.#": "0",
                            "dns_servers.#": "0",
                            "enable_accelerated_networking": "false",
                            "enable_ip_forwarding": "false",
                            "id": "/subscriptions/1431443c-49d2-4e4e-8569-e899fc5e5143/resourceGroups/hubrg/providers/Microsoft.Network/networkInterfaces/azdc02-nic",
                            "internal_dns_name_label": "",
                            "internal_fqdn": "",
                            "ip_configuration.#": "1",
                            "ip_configuration.0.application_gateway_backend_address_pools_ids.#": "0",
                            "ip_configuration.0.application_security_group_ids.#": "0",
                            "ip_configuration.0.load_balancer_backend_address_pools_ids.#": "0",
                            "ip_configuration.0.load_balancer_inbound_nat_rules_ids.#": "0",
                            "ip_configuration.0.name": "azdc02-nic-ipconfig",
                            "ip_configuration.0.primary": "true",
                            "ip_configuration.0.private_ip_address": "192.168.3.5",
                            "ip_configuration.0.private_ip_address_allocation": "static",
                            "ip_configuration.0.private_ip_address_version": "IPv4",
                            "ip_configuration.0.public_ip_address_id": "",
                            "ip_configuration.0.subnet_id": "/subscriptions/1431443c-49d2-4e4e-8569-e899fc5e5143/resourceGroups/hubrg/providers/Microsoft.Network/virtualNetworks/hub-vnet/subnets/hub-subnet-services",
                            "location": "southeastasia",
                            "mac_address": "",
                            "name": "azdc02-nic",
                            "network_security_group_id": "",
                            "private_ip_address": "192.168.3.5",
                            "private_ip_addresses.#": "1",
                            "private_ip_addresses.0": "192.168.3.5",
                            "resource_group_name": "hubrg",
                            "tags.%": "0"
                        },
                        "meta": {},
                        "tainted": false
                    },
                    "deposed": [],
                    "provider": "provider.azurerm"
                },
                "azurerm_network_interface.jumpserver01-nic": {
                    "type": "azurerm_network_interface",
                    "depends_on": [
                        "azurerm_public_ip.jumpserver01-pip",
                        "azurerm_resource_group.hubrg",
                        "azurerm_subnet.hub-subnet-jumpbox"
                    ],
                    "primary": {
                        "id": "/subscriptions/1431443c-49d2-4e4e-8569-e899fc5e5143/resourceGroups/hubrg/providers/Microsoft.Network/networkInterfaces/jumpserver01-nic",
                        "attributes": {
                            "applied_dns_servers.#": "0",
                            "dns_servers.#": "0",
                            "enable_accelerated_networking": "false",
                            "enable_ip_forwarding": "false",
                            "id": "/subscriptions/1431443c-49d2-4e4e-8569-e899fc5e5143/resourceGroups/hubrg/providers/Microsoft.Network/networkInterfaces/jumpserver01-nic",
                            "internal_dns_name_label": "",
                            "internal_fqdn": "",
                            "ip_configuration.#": "1",
                            "ip_configuration.0.application_gateway_backend_address_pools_ids.#": "0",
                            "ip_configuration.0.application_security_group_ids.#": "0",
                            "ip_configuration.0.load_balancer_backend_address_pools_ids.#": "0",
                            "ip_configuration.0.load_balancer_inbound_nat_rules_ids.#": "0",
                            "ip_configuration.0.name": "jumpserver01-nic-ipconfig",
                            "ip_configuration.0.primary": "true",
                            "ip_configuration.0.private_ip_address": "192.168.2.4",
                            "ip_configuration.0.private_ip_address_allocation": "static",
                            "ip_configuration.0.private_ip_address_version": "IPv4",
                            "ip_configuration.0.public_ip_address_id": "/subscriptions/1431443c-49d2-4e4e-8569-e899fc5e5143/resourceGroups/hubrg/providers/Microsoft.Network/publicIPAddresses/jumpserver01-pip",
                            "ip_configuration.0.subnet_id": "/subscriptions/1431443c-49d2-4e4e-8569-e899fc5e5143/resourceGroups/hubrg/providers/Microsoft.Network/virtualNetworks/hub-vnet/subnets/hub-subnet-jumpbox",
                            "location": "southeastasia",
                            "mac_address": "",
                            "name": "jumpserver01-nic",
                            "network_security_group_id": "",
                            "private_ip_address": "192.168.2.4",
                            "private_ip_addresses.#": "1",
                            "private_ip_addresses.0": "192.168.2.4",
                            "resource_group_name": "hubrg",
                            "tags.%": "0"
                        },
                        "meta": {},
                        "tainted": false
                    },
                    "deposed": [],
                    "provider": "provider.azurerm"
                },
                "azurerm_public_ip.gateway-pip": {
                    "type": "azurerm_public_ip",
                    "depends_on": [
                        "azurerm_resource_group.hubrg"
                    ],
                    "primary": {
                        "id": "/subscriptions/1431443c-49d2-4e4e-8569-e899fc5e5143/resourceGroups/hubrg/providers/Microsoft.Network/publicIPAddresses/gateway-pip",
                        "attributes": {
                            "allocation_method": "Dynamic",
                            "id": "/subscriptions/1431443c-49d2-4e4e-8569-e899fc5e5143/resourceGroups/hubrg/providers/Microsoft.Network/publicIPAddresses/gateway-pip",
                            "idle_timeout_in_minutes": "4",
                            "ip_address": "",
                            "ip_version": "IPv4",
                            "location": "southeastasia",
                            "name": "gateway-pip",
                            "public_ip_address_allocation": "Dynamic",
                            "resource_group_name": "hubrg",
                            "sku": "Basic",
                            "tags.%": "0",
                            "zones.#": "0"
                        },
                        "meta": {},
                        "tainted": false
                    },
                    "deposed": [],
                    "provider": "provider.azurerm"
                },
                "azurerm_public_ip.jumpserver01-pip": {
                    "type": "azurerm_public_ip",
                    "depends_on": [
                        "azurerm_resource_group.hubrg"
                    ],
                    "primary": {
                        "id": "/subscriptions/1431443c-49d2-4e4e-8569-e899fc5e5143/resourceGroups/hubrg/providers/Microsoft.Network/publicIPAddresses/jumpserver01-pip",
                        "attributes": {
                            "allocation_method": "Dynamic",
                            "id": "/subscriptions/1431443c-49d2-4e4e-8569-e899fc5e5143/resourceGroups/hubrg/providers/Microsoft.Network/publicIPAddresses/jumpserver01-pip",
                            "idle_timeout_in_minutes": "4",
                            "ip_address": "",
                            "ip_version": "IPv4",
                            "location": "southeastasia",
                            "name": "jumpserver01-pip",
                            "public_ip_address_allocation": "Dynamic",
                            "resource_group_name": "hubrg",
                            "sku": "Basic",
                            "tags.%": "0",
                            "zones.#": "0"
                        },
                        "meta": {},
                        "tainted": false
                    },
                    "deposed": [],
                    "provider": "provider.azurerm"
                },
                "azurerm_resource_group.hubrg": {
                    "type": "azurerm_resource_group",
                    "depends_on": [],
                    "primary": {
                        "id": "/subscriptions/1431443c-49d2-4e4e-8569-e899fc5e5143/resourceGroups/hubrg",
                        "attributes": {
                            "id": "/subscriptions/1431443c-49d2-4e4e-8569-e899fc5e5143/resourceGroups/hubrg",
                            "location": "southeastasia",
                            "name": "hubrg",
                            "tags.%": "0"
                        },
                        "meta": {},
                        "tainted": false
                    },
                    "deposed": [],
                    "provider": "provider.azurerm"
                },
                "azurerm_sql_database.app01-db01": {
                    "type": "azurerm_sql_database",
                    "depends_on": [
                        "azurerm_resource_group.hubrg",
                        "azurerm_sql_server.app01-sqlserver"
                    ],
                    "primary": {
                        "id": "/subscriptions/1431443c-49d2-4e4e-8569-e899fc5e5143/resourceGroups/hubrg/providers/Microsoft.Sql/servers/app01-sqlserver/databases/app01-db01",
                        "attributes": {
                            "collation": "SQL_Latin1_General_CP1_CI_AS",
                            "create_mode": "Default",
                            "creation_date": "2019-06-21T03:45:36.75Z",
                            "default_secondary_location": "East Asia",
                            "edition": "Standard",
                            "elastic_pool_name": "",
                            "encryption": "",
                            "id": "/subscriptions/1431443c-49d2-4e4e-8569-e899fc5e5143/resourceGroups/hubrg/providers/Microsoft.Sql/servers/app01-sqlserver/databases/app01-db01",
                            "location": "southeastasia",
                            "max_size_bytes": "268435456000",
                            "name": "app01-db01",
                            "requested_service_objective_id": "f1173c43-91bd-4aaa-973c-54e79e15235b",
                            "requested_service_objective_name": "S0",
                            "resource_group_name": "hubrg",
                            "server_name": "app01-sqlserver",
                            "tags.%": "0",
                            "threat_detection_policy.#": "1",
                            "threat_detection_policy.0.disabled_alerts.#": "0",
                            "threat_detection_policy.0.email_account_admins": "Disabled",
                            "threat_detection_policy.0.email_addresses.#": "0",
                            "threat_detection_policy.0.retention_days": "0",
                            "threat_detection_policy.0.state": "Disabled",
                            "threat_detection_policy.0.storage_account_access_key": "",
                            "threat_detection_policy.0.storage_endpoint": "",
                            "threat_detection_policy.0.use_server_default": "Disabled"
                        },
                        "meta": {},
                        "tainted": false
                    },
                    "deposed": [],
                    "provider": "provider.azurerm"
                },
                "azurerm_sql_firewall_rule.app01-sqlserver-fw-rule": {
                    "type": "azurerm_sql_firewall_rule",
                    "depends_on": [
                        "azurerm_resource_group.hubrg",
                        "azurerm_sql_server.app01-sqlserver"
                    ],
                    "primary": {
                        "id": "/subscriptions/1431443c-49d2-4e4e-8569-e899fc5e5143/resourceGroups/hubrg/providers/Microsoft.Sql/servers/app01-sqlserver/firewallRules/AllowAzureServices",
                        "attributes": {
                            "end_ip_address": "0.0.0.0",
                            "id": "/subscriptions/1431443c-49d2-4e4e-8569-e899fc5e5143/resourceGroups/hubrg/providers/Microsoft.Sql/servers/app01-sqlserver/firewallRules/AllowAzureServices",
                            "name": "AllowAzureServices",
                            "resource_group_name": "hubrg",
                            "server_name": "app01-sqlserver",
                            "start_ip_address": "0.0.0.0"
                        },
                        "meta": {},
                        "tainted": false
                    },
                    "deposed": [],
                    "provider": "provider.azurerm"
                },
                "azurerm_sql_server.app01-sqlserver": {
                    "type": "azurerm_sql_server",
                    "depends_on": [
                        "azurerm_resource_group.hubrg"
                    ],
                    "primary": {
                        "id": "/subscriptions/1431443c-49d2-4e4e-8569-e899fc5e5143/resourceGroups/hubrg/providers/Microsoft.Sql/servers/app01-sqlserver",
                        "attributes": {
                            "administrator_login": "DemoAdmin",
                            "administrator_login_password": "DemoPassAdminW0rd",
                            "fully_qualified_domain_name": "app01-sqlserver.database.windows.net",
                            "id": "/subscriptions/1431443c-49d2-4e4e-8569-e899fc5e5143/resourceGroups/hubrg/providers/Microsoft.Sql/servers/app01-sqlserver",
                            "location": "southeastasia",
                            "name": "app01-sqlserver",
                            "resource_group_name": "hubrg",
                            "tags.%": "0",
                            "version": "12.0"
                        },
                        "meta": {},
                        "tainted": false
                    },
                    "deposed": [],
                    "provider": "provider.azurerm"
                },
                "azurerm_storage_account.hub-diag-sa": {
                    "type": "azurerm_storage_account",
                    "depends_on": [
                        "azurerm_resource_group.hubrg"
                    ],
                    "primary": {
                        "id": "/subscriptions/1431443c-49d2-4e4e-8569-e899fc5e5143/resourceGroups/hubrg/providers/Microsoft.Storage/storageAccounts/hubsafordiaguse",
                        "attributes": {
                            "access_tier": "",
                            "account_encryption_source": "Microsoft.Storage",
                            "account_kind": "Storage",
                            "account_replication_type": "LRS",
                            "account_tier": "Standard",
                            "account_type": "Standard_LRS",
                            "enable_blob_encryption": "true",
                            "enable_file_encryption": "true",
                            "enable_https_traffic_only": "false",
                            "id": "/subscriptions/1431443c-49d2-4e4e-8569-e899fc5e5143/resourceGroups/hubrg/providers/Microsoft.Storage/storageAccounts/hubsafordiaguse",
                            "identity.#": "0",
                            "is_hns_enabled": "false",
                            "location": "southeastasia",
                            "name": "hubsafordiaguse",
                            "network_rules.#": "0",
                            "primary_access_key": "JrW4tMuC9N12Jaf+DCHazh5M/jiVnh1hwN4cO7bGCwR4BhjEDuVOG5bJU81PLwK4/9IksYNqexiQWN+fWlHFqA==",
                            "primary_blob_connection_string": "DefaultEndpointsProtocol=https;BlobEndpoint=https://hubsafordiaguse.blob.core.windows.net/;AccountName=hubsafordiaguse;AccountKey=JrW4tMuC9N12Jaf+DCHazh5M/jiVnh1hwN4cO7bGCwR4BhjEDuVOG5bJU81PLwK4/9IksYNqexiQWN+fWlHFqA==",
                            "primary_blob_endpoint": "https://hubsafordiaguse.blob.core.windows.net/",
                            "primary_blob_host": "hubsafordiaguse.blob.core.windows.net",
                            "primary_connection_string": "DefaultEndpointsProtocol=https;AccountName=hubsafordiaguse;AccountKey=JrW4tMuC9N12Jaf+DCHazh5M/jiVnh1hwN4cO7bGCwR4BhjEDuVOG5bJU81PLwK4/9IksYNqexiQWN+fWlHFqA==;EndpointSuffix=core.windows.net",
                            "primary_dfs_endpoint": "",
                            "primary_dfs_host": "",
                            "primary_file_endpoint": "https://hubsafordiaguse.file.core.windows.net/",
                            "primary_file_host": "hubsafordiaguse.file.core.windows.net",
                            "primary_location": "southeastasia",
                            "primary_queue_endpoint": "https://hubsafordiaguse.queue.core.windows.net/",
                            "primary_queue_host": "hubsafordiaguse.queue.core.windows.net",
                            "primary_table_endpoint": "https://hubsafordiaguse.table.core.windows.net/",
                            "primary_table_host": "hubsafordiaguse.table.core.windows.net",
                            "primary_web_endpoint": "",
                            "primary_web_host": "",
                            "resource_group_name": "hubrg",
                            "secondary_access_key": "ZlvXpeiZUn+z0kx88/e/IfL82BkXnbKmPLhaf1jpsWhomZil2YrOZiUiCq6Vv1gftgRYjyvSVs3rfnf/mATBRQ==",
                            "secondary_blob_connection_string": "",
                            "secondary_connection_string": "DefaultEndpointsProtocol=https;AccountName=hubsafordiaguse;AccountKey=ZlvXpeiZUn+z0kx88/e/IfL82BkXnbKmPLhaf1jpsWhomZil2YrOZiUiCq6Vv1gftgRYjyvSVs3rfnf/mATBRQ==;EndpointSuffix=core.windows.net",
                            "secondary_location": "",
                            "tags.%": "0"
                        },
                        "meta": {
                            "schema_version": "2"
                        },
                        "tainted": false
                    },
                    "deposed": [],
                    "provider": "provider.azurerm"
                },
                "azurerm_subnet.app01-web-subnet": {
                    "type": "azurerm_subnet",
                    "depends_on": [
                        "azurerm_resource_group.hubrg",
                        "azurerm_virtual_network.app01-vnet"
                    ],
                    "primary": {
                        "id": "/subscriptions/1431443c-49d2-4e4e-8569-e899fc5e5143/resourceGroups/hubrg/providers/Microsoft.Network/virtualNetworks/app01-vnet/subnets/app01-web-subnet",
                        "attributes": {
                            "address_prefix": "10.0.1.0/24",
                            "delegation.#": "0",
                            "id": "/subscriptions/1431443c-49d2-4e4e-8569-e899fc5e5143/resourceGroups/hubrg/providers/Microsoft.Network/virtualNetworks/app01-vnet/subnets/app01-web-subnet",
                            "ip_configurations.#": "0",
                            "name": "app01-web-subnet",
                            "network_security_group_id": "",
                            "resource_group_name": "hubrg",
                            "route_table_id": "",
                            "service_endpoints.#": "0",
                            "virtual_network_name": "app01-vnet"
                        },
                        "meta": {},
                        "tainted": false
                    },
                    "deposed": [],
                    "provider": "provider.azurerm"
                },
                "azurerm_subnet.hub-subnet-gateway": {
                    "type": "azurerm_subnet",
                    "depends_on": [
                        "azurerm_resource_group.hubrg",
                        "azurerm_virtual_network.hub-vnet"
                    ],
                    "primary": {
                        "id": "/subscriptions/1431443c-49d2-4e4e-8569-e899fc5e5143/resourceGroups/hubrg/providers/Microsoft.Network/virtualNetworks/hub-vnet/subnets/GatewaySubnet",
                        "attributes": {
                            "address_prefix": "192.168.1.0/24",
                            "delegation.#": "0",
                            "id": "/subscriptions/1431443c-49d2-4e4e-8569-e899fc5e5143/resourceGroups/hubrg/providers/Microsoft.Network/virtualNetworks/hub-vnet/subnets/GatewaySubnet",
                            "ip_configurations.#": "0",
                            "name": "GatewaySubnet",
                            "network_security_group_id": "",
                            "resource_group_name": "hubrg",
                            "route_table_id": "",
                            "service_endpoints.#": "0",
                            "virtual_network_name": "hub-vnet"
                        },
                        "meta": {},
                        "tainted": false
                    },
                    "deposed": [],
                    "provider": "provider.azurerm"
                },
                "azurerm_subnet.hub-subnet-jumpbox": {
                    "type": "azurerm_subnet",
                    "depends_on": [
                        "azurerm_resource_group.hubrg",
                        "azurerm_virtual_network.hub-vnet"
                    ],
                    "primary": {
                        "id": "/subscriptions/1431443c-49d2-4e4e-8569-e899fc5e5143/resourceGroups/hubrg/providers/Microsoft.Network/virtualNetworks/hub-vnet/subnets/hub-subnet-jumpbox",
                        "attributes": {
                            "address_prefix": "192.168.2.0/24",
                            "delegation.#": "0",
                            "id": "/subscriptions/1431443c-49d2-4e4e-8569-e899fc5e5143/resourceGroups/hubrg/providers/Microsoft.Network/virtualNetworks/hub-vnet/subnets/hub-subnet-jumpbox",
                            "ip_configurations.#": "0",
                            "name": "hub-subnet-jumpbox",
                            "network_security_group_id": "",
                            "resource_group_name": "hubrg",
                            "route_table_id": "",
                            "service_endpoints.#": "0",
                            "virtual_network_name": "hub-vnet"
                        },
                        "meta": {},
                        "tainted": false
                    },
                    "deposed": [],
                    "provider": "provider.azurerm"
                },
                "azurerm_subnet.hub-subnet-services": {
                    "type": "azurerm_subnet",
                    "depends_on": [
                        "azurerm_resource_group.hubrg",
                        "azurerm_virtual_network.hub-vnet"
                    ],
                    "primary": {
                        "id": "/subscriptions/1431443c-49d2-4e4e-8569-e899fc5e5143/resourceGroups/hubrg/providers/Microsoft.Network/virtualNetworks/hub-vnet/subnets/hub-subnet-services",
                        "attributes": {
                            "address_prefix": "192.168.3.0/24",
                            "delegation.#": "0",
                            "id": "/subscriptions/1431443c-49d2-4e4e-8569-e899fc5e5143/resourceGroups/hubrg/providers/Microsoft.Network/virtualNetworks/hub-vnet/subnets/hub-subnet-services",
                            "ip_configurations.#": "0",
                            "name": "hub-subnet-services",
                            "network_security_group_id": "",
                            "resource_group_name": "hubrg",
                            "route_table_id": "",
                            "service_endpoints.#": "0",
                            "virtual_network_name": "hub-vnet"
                        },
                        "meta": {},
                        "tainted": false
                    },
                    "deposed": [],
                    "provider": "provider.azurerm"
                },
                "azurerm_virtual_machine.app01-web01": {
                    "type": "azurerm_virtual_machine",
                    "depends_on": [
                        "azurerm_availability_set.app01-web-as01",
                        "azurerm_network_interface.app01-web01-nic",
                        "azurerm_resource_group.hubrg",
                        "azurerm_storage_account.hub-diag-sa.*",
                        "azurerm_virtual_machine.azdc01"
                    ],
                    "primary": {
                        "id": "/subscriptions/1431443c-49d2-4e4e-8569-e899fc5e5143/resourceGroups/hubrg/providers/Microsoft.Compute/virtualMachines/app01-web01",
                        "attributes": {
                            "availability_set_id": "/subscriptions/1431443c-49d2-4e4e-8569-e899fc5e5143/resourcegroups/hubrg/providers/microsoft.compute/availabilitysets/app01-web-as01",
                            "boot_diagnostics.#": "1",
                            "boot_diagnostics.0.enabled": "true",
                            "boot_diagnostics.0.storage_uri": "https://hubsafordiaguse.blob.core.windows.net/",
                            "delete_data_disks_on_termination": "false",
                            "delete_os_disk_on_termination": "true",
                            "id": "/subscriptions/1431443c-49d2-4e4e-8569-e899fc5e5143/resourceGroups/hubrg/providers/Microsoft.Compute/virtualMachines/app01-web01",
                            "identity.#": "0",
                            "location": "southeastasia",
                            "name": "app01-web01",
                            "network_interface_ids.#": "1",
                            "network_interface_ids.0": "/subscriptions/1431443c-49d2-4e4e-8569-e899fc5e5143/resourceGroups/hubrg/providers/Microsoft.Network/networkInterfaces/app01-web01-nic",
                            "os_profile.#": "1",
                            "os_profile.2155394723.admin_password": "",
                            "os_profile.2155394723.admin_username": "DemoAdmin",
                            "os_profile.2155394723.computer_name": "app01-web01",
                            "os_profile.2155394723.custom_data": "",
                            "os_profile_linux_config.#": "0",
                            "os_profile_secrets.#": "0",
                            "os_profile_windows_config.#": "1",
                            "os_profile_windows_config.3143587113.additional_unattend_config.#": "0",
                            "os_profile_windows_config.3143587113.enable_automatic_upgrades": "false",
                            "os_profile_windows_config.3143587113.provision_vm_agent": "true",
                            "os_profile_windows_config.3143587113.timezone": "",
                            "os_profile_windows_config.3143587113.winrm.#": "0",
                            "plan.#": "0",
                            "resource_group_name": "hubrg",
                            "storage_data_disk.#": "0",
                            "storage_image_reference.#": "1",
                            "storage_image_reference.3904372903.id": "",
                            "storage_image_reference.3904372903.offer": "WindowsServer",
                            "storage_image_reference.3904372903.publisher": "MicrosoftWindowsServer",
                            "storage_image_reference.3904372903.sku": "2016-Datacenter",
                            "storage_image_reference.3904372903.version": "latest",
                            "storage_os_disk.#": "1",
                            "storage_os_disk.0.caching": "ReadWrite",
                            "storage_os_disk.0.create_option": "FromImage",
                            "storage_os_disk.0.disk_size_gb": "127",
                            "storage_os_disk.0.image_uri": "",
                            "storage_os_disk.0.managed_disk_id": "/subscriptions/1431443c-49d2-4e4e-8569-e899fc5e5143/resourceGroups/hubrg/providers/Microsoft.Compute/disks/app01-web01-osdisk",
                            "storage_os_disk.0.managed_disk_type": "Standard_LRS",
                            "storage_os_disk.0.name": "app01-web01-osdisk",
                            "storage_os_disk.0.os_type": "Windows",
                            "storage_os_disk.0.vhd_uri": "",
                            "storage_os_disk.0.write_accelerator_enabled": "false",
                            "tags.%": "0",
                            "vm_size": "Standard_D2s_v3",
                            "zones.#": "0"
                        },
                        "meta": {},
                        "tainted": false
                    },
                    "deposed": [],
                    "provider": "provider.azurerm"
                },
                "azurerm_virtual_machine.app01-web02": {
                    "type": "azurerm_virtual_machine",
                    "depends_on": [
                        "azurerm_availability_set.app01-web-as01",
                        "azurerm_network_interface.app01-web02-nic",
                        "azurerm_resource_group.hubrg",
                        "azurerm_storage_account.hub-diag-sa.*",
                        "azurerm_virtual_machine.azdc01"
                    ],
                    "primary": {
                        "id": "/subscriptions/1431443c-49d2-4e4e-8569-e899fc5e5143/resourceGroups/hubrg/providers/Microsoft.Compute/virtualMachines/app01-web02",
                        "attributes": {
                            "availability_set_id": "/subscriptions/1431443c-49d2-4e4e-8569-e899fc5e5143/resourcegroups/hubrg/providers/microsoft.compute/availabilitysets/app01-web-as01",
                            "boot_diagnostics.#": "1",
                            "boot_diagnostics.0.enabled": "true",
                            "boot_diagnostics.0.storage_uri": "https://hubsafordiaguse.blob.core.windows.net/",
                            "delete_data_disks_on_termination": "false",
                            "delete_os_disk_on_termination": "true",
                            "id": "/subscriptions/1431443c-49d2-4e4e-8569-e899fc5e5143/resourceGroups/hubrg/providers/Microsoft.Compute/virtualMachines/app01-web02",
                            "identity.#": "0",
                            "location": "southeastasia",
                            "name": "app01-web02",
                            "network_interface_ids.#": "1",
                            "network_interface_ids.0": "/subscriptions/1431443c-49d2-4e4e-8569-e899fc5e5143/resourceGroups/hubrg/providers/Microsoft.Network/networkInterfaces/app01-web02-nic",
                            "os_profile.#": "1",
                            "os_profile.2874533216.admin_password": "",
                            "os_profile.2874533216.admin_username": "DemoAdmin",
                            "os_profile.2874533216.computer_name": "app01-web02",
                            "os_profile.2874533216.custom_data": "",
                            "os_profile_linux_config.#": "0",
                            "os_profile_secrets.#": "0",
                            "os_profile_windows_config.#": "1",
                            "os_profile_windows_config.3143587113.additional_unattend_config.#": "0",
                            "os_profile_windows_config.3143587113.enable_automatic_upgrades": "false",
                            "os_profile_windows_config.3143587113.provision_vm_agent": "true",
                            "os_profile_windows_config.3143587113.timezone": "",
                            "os_profile_windows_config.3143587113.winrm.#": "0",
                            "plan.#": "0",
                            "resource_group_name": "hubrg",
                            "storage_data_disk.#": "0",
                            "storage_image_reference.#": "1",
                            "storage_image_reference.3904372903.id": "",
                            "storage_image_reference.3904372903.offer": "WindowsServer",
                            "storage_image_reference.3904372903.publisher": "MicrosoftWindowsServer",
                            "storage_image_reference.3904372903.sku": "2016-Datacenter",
                            "storage_image_reference.3904372903.version": "latest",
                            "storage_os_disk.#": "1",
                            "storage_os_disk.0.caching": "ReadWrite",
                            "storage_os_disk.0.create_option": "FromImage",
                            "storage_os_disk.0.disk_size_gb": "127",
                            "storage_os_disk.0.image_uri": "",
                            "storage_os_disk.0.managed_disk_id": "/subscriptions/1431443c-49d2-4e4e-8569-e899fc5e5143/resourceGroups/hubrg/providers/Microsoft.Compute/disks/app01-web02-osdisk",
                            "storage_os_disk.0.managed_disk_type": "Standard_LRS",
                            "storage_os_disk.0.name": "app01-web02-osdisk",
                            "storage_os_disk.0.os_type": "Windows",
                            "storage_os_disk.0.vhd_uri": "",
                            "storage_os_disk.0.write_accelerator_enabled": "false",
                            "tags.%": "0",
                            "vm_size": "Standard_D2s_v3",
                            "zones.#": "0"
                        },
                        "meta": {},
                        "tainted": false
                    },
                    "deposed": [],
                    "provider": "provider.azurerm"
                },
                "azurerm_virtual_machine.azdc01": {
                    "type": "azurerm_virtual_machine",
                    "depends_on": [
                        "azurerm_availability_set.azdc-as01",
                        "azurerm_network_interface.azdc01-nic",
                        "azurerm_resource_group.hubrg",
                        "azurerm_storage_account.hub-diag-sa.*"
                    ],
                    "primary": {
                        "id": "/subscriptions/1431443c-49d2-4e4e-8569-e899fc5e5143/resourceGroups/hubrg/providers/Microsoft.Compute/virtualMachines/azdc01",
                        "attributes": {
                            "availability_set_id": "/subscriptions/1431443c-49d2-4e4e-8569-e899fc5e5143/resourcegroups/hubrg/providers/microsoft.compute/availabilitysets/azdc-as01",
                            "boot_diagnostics.#": "1",
                            "boot_diagnostics.0.enabled": "true",
                            "boot_diagnostics.0.storage_uri": "https://hubsafordiaguse.blob.core.windows.net/",
                            "delete_data_disks_on_termination": "false",
                            "delete_os_disk_on_termination": "true",
                            "id": "/subscriptions/1431443c-49d2-4e4e-8569-e899fc5e5143/resourceGroups/hubrg/providers/Microsoft.Compute/virtualMachines/azdc01",
                            "identity.#": "0",
                            "location": "southeastasia",
                            "name": "azdc01",
                            "network_interface_ids.#": "1",
                            "network_interface_ids.0": "/subscriptions/1431443c-49d2-4e4e-8569-e899fc5e5143/resourceGroups/hubrg/providers/Microsoft.Network/networkInterfaces/azdc01-nic",
                            "os_profile.#": "1",
                            "os_profile.2925492107.admin_password": "",
                            "os_profile.2925492107.admin_username": "DemoAdmin",
                            "os_profile.2925492107.computer_name": "azdc01",
                            "os_profile.2925492107.custom_data": "",
                            "os_profile_linux_config.#": "0",
                            "os_profile_secrets.#": "0",
                            "os_profile_windows_config.#": "1",
                            "os_profile_windows_config.3143587113.additional_unattend_config.#": "0",
                            "os_profile_windows_config.3143587113.enable_automatic_upgrades": "false",
                            "os_profile_windows_config.3143587113.provision_vm_agent": "true",
                            "os_profile_windows_config.3143587113.timezone": "",
                            "os_profile_windows_config.3143587113.winrm.#": "0",
                            "plan.#": "0",
                            "resource_group_name": "hubrg",
                            "storage_data_disk.#": "0",
                            "storage_image_reference.#": "1",
                            "storage_image_reference.3904372903.id": "",
                            "storage_image_reference.3904372903.offer": "WindowsServer",
                            "storage_image_reference.3904372903.publisher": "MicrosoftWindowsServer",
                            "storage_image_reference.3904372903.sku": "2016-Datacenter",
                            "storage_image_reference.3904372903.version": "latest",
                            "storage_os_disk.#": "1",
                            "storage_os_disk.0.caching": "ReadWrite",
                            "storage_os_disk.0.create_option": "FromImage",
                            "storage_os_disk.0.disk_size_gb": "127",
                            "storage_os_disk.0.image_uri": "",
                            "storage_os_disk.0.managed_disk_id": "/subscriptions/1431443c-49d2-4e4e-8569-e899fc5e5143/resourceGroups/hubrg/providers/Microsoft.Compute/disks/azdc01-osdisk",
                            "storage_os_disk.0.managed_disk_type": "Standard_LRS",
                            "storage_os_disk.0.name": "azdc01-osdisk",
                            "storage_os_disk.0.os_type": "Windows",
                            "storage_os_disk.0.vhd_uri": "",
                            "storage_os_disk.0.write_accelerator_enabled": "false",
                            "tags.%": "0",
                            "vm_size": "Standard_D2s_v3",
                            "zones.#": "0"
                        },
                        "meta": {},
                        "tainted": false
                    },
                    "deposed": [],
                    "provider": "provider.azurerm"
                },
                "azurerm_virtual_machine.azdc02": {
                    "type": "azurerm_virtual_machine",
                    "depends_on": [
                        "azurerm_availability_set.azdc-as01",
                        "azurerm_network_interface.azdc02-nic",
                        "azurerm_resource_group.hubrg",
                        "azurerm_storage_account.hub-diag-sa.*",
                        "azurerm_virtual_machine.azdc01"
                    ],
                    "primary": {
                        "id": "/subscriptions/1431443c-49d2-4e4e-8569-e899fc5e5143/resourceGroups/hubrg/providers/Microsoft.Compute/virtualMachines/azdc02",
                        "attributes": {
                            "availability_set_id": "/subscriptions/1431443c-49d2-4e4e-8569-e899fc5e5143/resourcegroups/hubrg/providers/microsoft.compute/availabilitysets/azdc-as01",
                            "boot_diagnostics.#": "1",
                            "boot_diagnostics.0.enabled": "true",
                            "boot_diagnostics.0.storage_uri": "https://hubsafordiaguse.blob.core.windows.net/",
                            "delete_data_disks_on_termination": "false",
                            "delete_os_disk_on_termination": "true",
                            "id": "/subscriptions/1431443c-49d2-4e4e-8569-e899fc5e5143/resourceGroups/hubrg/providers/Microsoft.Compute/virtualMachines/azdc02",
                            "identity.#": "0",
                            "location": "southeastasia",
                            "name": "azdc02",
                            "network_interface_ids.#": "1",
                            "network_interface_ids.0": "/subscriptions/1431443c-49d2-4e4e-8569-e899fc5e5143/resourceGroups/hubrg/providers/Microsoft.Network/networkInterfaces/azdc02-nic",
                            "os_profile.#": "1",
                            "os_profile.2238850120.admin_password": "",
                            "os_profile.2238850120.admin_username": "DemoAdmin",
                            "os_profile.2238850120.computer_name": "azdc02",
                            "os_profile.2238850120.custom_data": "",
                            "os_profile_linux_config.#": "0",
                            "os_profile_secrets.#": "0",
                            "os_profile_windows_config.#": "1",
                            "os_profile_windows_config.3143587113.additional_unattend_config.#": "0",
                            "os_profile_windows_config.3143587113.enable_automatic_upgrades": "false",
                            "os_profile_windows_config.3143587113.provision_vm_agent": "true",
                            "os_profile_windows_config.3143587113.timezone": "",
                            "os_profile_windows_config.3143587113.winrm.#": "0",
                            "plan.#": "0",
                            "resource_group_name": "hubrg",
                            "storage_data_disk.#": "0",
                            "storage_image_reference.#": "1",
                            "storage_image_reference.3904372903.id": "",
                            "storage_image_reference.3904372903.offer": "WindowsServer",
                            "storage_image_reference.3904372903.publisher": "MicrosoftWindowsServer",
                            "storage_image_reference.3904372903.sku": "2016-Datacenter",
                            "storage_image_reference.3904372903.version": "latest",
                            "storage_os_disk.#": "1",
                            "storage_os_disk.0.caching": "ReadWrite",
                            "storage_os_disk.0.create_option": "FromImage",
                            "storage_os_disk.0.disk_size_gb": "127",
                            "storage_os_disk.0.image_uri": "",
                            "storage_os_disk.0.managed_disk_id": "/subscriptions/1431443c-49d2-4e4e-8569-e899fc5e5143/resourceGroups/hubrg/providers/Microsoft.Compute/disks/azdc02-osdisk",
                            "storage_os_disk.0.managed_disk_type": "Standard_LRS",
                            "storage_os_disk.0.name": "azdc02-osdisk",
                            "storage_os_disk.0.os_type": "Windows",
                            "storage_os_disk.0.vhd_uri": "",
                            "storage_os_disk.0.write_accelerator_enabled": "false",
                            "tags.%": "0",
                            "vm_size": "Standard_D2s_v3",
                            "zones.#": "0"
                        },
                        "meta": {},
                        "tainted": false
                    },
                    "deposed": [],
                    "provider": "provider.azurerm"
                },
                "azurerm_virtual_machine.jumpserver01": {
                    "type": "azurerm_virtual_machine",
                    "depends_on": [
                        "azurerm_network_interface.jumpserver01-nic",
                        "azurerm_resource_group.hubrg",
                        "azurerm_storage_account.hub-diag-sa.*",
                        "azurerm_virtual_machine.azdc01"
                    ],
                    "primary": {
                        "id": "/subscriptions/1431443c-49d2-4e4e-8569-e899fc5e5143/resourceGroups/hubrg/providers/Microsoft.Compute/virtualMachines/jumpserver01",
                        "attributes": {
                            "boot_diagnostics.#": "1",
                            "boot_diagnostics.0.enabled": "true",
                            "boot_diagnostics.0.storage_uri": "https://hubsafordiaguse.blob.core.windows.net/",
                            "delete_data_disks_on_termination": "false",
                            "delete_os_disk_on_termination": "true",
                            "id": "/subscriptions/1431443c-49d2-4e4e-8569-e899fc5e5143/resourceGroups/hubrg/providers/Microsoft.Compute/virtualMachines/jumpserver01",
                            "identity.#": "0",
                            "location": "southeastasia",
                            "name": "jumpserver01",
                            "network_interface_ids.#": "1",
                            "network_interface_ids.0": "/subscriptions/1431443c-49d2-4e4e-8569-e899fc5e5143/resourceGroups/hubrg/providers/Microsoft.Network/networkInterfaces/jumpserver01-nic",
                            "os_profile.#": "1",
                            "os_profile.3856574788.admin_password": "",
                            "os_profile.3856574788.admin_username": "DemoAdmin",
                            "os_profile.3856574788.computer_name": "jumpserver01",
                            "os_profile.3856574788.custom_data": "",
                            "os_profile_linux_config.#": "0",
                            "os_profile_secrets.#": "0",
                            "os_profile_windows_config.#": "1",
                            "os_profile_windows_config.3143587113.additional_unattend_config.#": "0",
                            "os_profile_windows_config.3143587113.enable_automatic_upgrades": "false",
                            "os_profile_windows_config.3143587113.provision_vm_agent": "true",
                            "os_profile_windows_config.3143587113.timezone": "",
                            "os_profile_windows_config.3143587113.winrm.#": "0",
                            "plan.#": "0",
                            "resource_group_name": "hubrg",
                            "storage_data_disk.#": "0",
                            "storage_image_reference.#": "1",
                            "storage_image_reference.3904372903.id": "",
                            "storage_image_reference.3904372903.offer": "WindowsServer",
                            "storage_image_reference.3904372903.publisher": "MicrosoftWindowsServer",
                            "storage_image_reference.3904372903.sku": "2016-Datacenter",
                            "storage_image_reference.3904372903.version": "latest",
                            "storage_os_disk.#": "1",
                            "storage_os_disk.0.caching": "ReadWrite",
                            "storage_os_disk.0.create_option": "FromImage",
                            "storage_os_disk.0.disk_size_gb": "127",
                            "storage_os_disk.0.image_uri": "",
                            "storage_os_disk.0.managed_disk_id": "/subscriptions/1431443c-49d2-4e4e-8569-e899fc5e5143/resourceGroups/hubrg/providers/Microsoft.Compute/disks/jumpserver01-osdisk",
                            "storage_os_disk.0.managed_disk_type": "Standard_LRS",
                            "storage_os_disk.0.name": "jumpserver01-osdisk",
                            "storage_os_disk.0.os_type": "Windows",
                            "storage_os_disk.0.vhd_uri": "",
                            "storage_os_disk.0.write_accelerator_enabled": "false",
                            "tags.%": "0",
                            "vm_size": "Standard_D2s_v3",
                            "zones.#": "0"
                        },
                        "meta": {},
                        "tainted": false
                    },
                    "deposed": [],
                    "provider": "provider.azurerm"
                },
                "azurerm_virtual_network.app01-vnet": {
                    "type": "azurerm_virtual_network",
                    "depends_on": [
                        "azurerm_resource_group.hubrg"
                    ],
                    "primary": {
                        "id": "/subscriptions/1431443c-49d2-4e4e-8569-e899fc5e5143/resourceGroups/hubrg/providers/Microsoft.Network/virtualNetworks/app01-vnet",
                        "attributes": {
                            "address_space.#": "1",
                            "address_space.0": "10.0.0.0/16",
                            "ddos_protection_plan.#": "0",
                            "dns_servers.#": "2",
                            "dns_servers.0": "192.168.3.4",
                            "dns_servers.1": "192.168.3.5",
                            "id": "/subscriptions/1431443c-49d2-4e4e-8569-e899fc5e5143/resourceGroups/hubrg/providers/Microsoft.Network/virtualNetworks/app01-vnet",
                            "location": "southeastasia",
                            "name": "app01-vnet",
                            "resource_group_name": "hubrg",
                            "subnet.#": "0",
                            "tags.%": "0"
                        },
                        "meta": {},
                        "tainted": false
                    },
                    "deposed": [],
                    "provider": "provider.azurerm"
                },
                "azurerm_virtual_network.hub-vnet": {
                    "type": "azurerm_virtual_network",
                    "depends_on": [
                        "azurerm_resource_group.hubrg"
                    ],
                    "primary": {
                        "id": "/subscriptions/1431443c-49d2-4e4e-8569-e899fc5e5143/resourceGroups/hubrg/providers/Microsoft.Network/virtualNetworks/hub-vnet",
                        "attributes": {
                            "address_space.#": "1",
                            "address_space.0": "192.168.0.0/16",
                            "ddos_protection_plan.#": "0",
                            "dns_servers.#": "2",
                            "dns_servers.0": "192.168.3.4",
                            "dns_servers.1": "192.168.3.5",
                            "id": "/subscriptions/1431443c-49d2-4e4e-8569-e899fc5e5143/resourceGroups/hubrg/providers/Microsoft.Network/virtualNetworks/hub-vnet",
                            "location": "southeastasia",
                            "name": "hub-vnet",
                            "resource_group_name": "hubrg",
                            "subnet.#": "0",
                            "tags.%": "0"
                        },
                        "meta": {},
                        "tainted": false
                    },
                    "deposed": [],
                    "provider": "provider.azurerm"
                },
                "azurerm_virtual_network_gateway.hub-gateway": {
                    "type": "azurerm_virtual_network_gateway",
                    "depends_on": [
                        "azurerm_public_ip.gateway-pip",
                        "azurerm_resource_group.hubrg",
                        "azurerm_subnet.hub-subnet-gateway"
                    ],
                    "primary": {
                        "id": "/subscriptions/1431443c-49d2-4e4e-8569-e899fc5e5143/resourceGroups/hubrg/providers/Microsoft.Network/virtualNetworkGateways/hub-gateway",
                        "attributes": {
                            "active_active": "false",
                            "bgp_settings.#": "1",
                            "bgp_settings.0.asn": "65515",
                            "bgp_settings.0.peer_weight": "0",
                            "bgp_settings.0.peering_address": "192.168.1.254",
                            "enable_bgp": "false",
                            "id": "/subscriptions/1431443c-49d2-4e4e-8569-e899fc5e5143/resourceGroups/hubrg/providers/Microsoft.Network/virtualNetworkGateways/hub-gateway",
                            "ip_configuration.#": "1",
                            "ip_configuration.0.name": "hub-gateway-ipconfig",
                            "ip_configuration.0.private_ip_address_allocation": "Dynamic",
                            "ip_configuration.0.public_ip_address_id": "/subscriptions/1431443c-49d2-4e4e-8569-e899fc5e5143/resourceGroups/hubrg/providers/Microsoft.Network/publicIPAddresses/gateway-pip",
                            "ip_configuration.0.subnet_id": "/subscriptions/1431443c-49d2-4e4e-8569-e899fc5e5143/resourceGroups/hubrg/providers/Microsoft.Network/virtualNetworks/hub-vnet/subnets/GatewaySubnet",
                            "location": "southeastasia",
                            "name": "hub-gateway",
                            "resource_group_name": "hubrg",
                            "sku": "Basic",
                            "tags.%": "0",
                            "type": "Vpn",
                            "vpn_client_configuration.#": "0",
                            "vpn_type": "RouteBased"
                        },
                        "meta": {},
                        "tainted": false
                    },
                    "deposed": [],
                    "provider": "provider.azurerm"
                },
                "azurerm_virtual_network_peering.hubvnet-app01vnet": {
                    "type": "azurerm_virtual_network_peering",
                    "depends_on": [
                        "azurerm_resource_group.hubrg",
                        "azurerm_virtual_network.app01-vnet",
                        "azurerm_virtual_network.hub-vnet"
                    ],
                    "primary": {
                        "id": "/subscriptions/1431443c-49d2-4e4e-8569-e899fc5e5143/resourceGroups/hubrg/providers/Microsoft.Network/virtualNetworks/hub-vnet/virtualNetworkPeerings/hubvnet-app01vnet",
                        "attributes": {
                            "allow_forwarded_traffic": "true",
                            "allow_gateway_transit": "false",
                            "allow_virtual_network_access": "true",
                            "id": "/subscriptions/1431443c-49d2-4e4e-8569-e899fc5e5143/resourceGroups/hubrg/providers/Microsoft.Network/virtualNetworks/hub-vnet/virtualNetworkPeerings/hubvnet-app01vnet",
                            "name": "hubvnet-app01vnet",
                            "remote_virtual_network_id": "/subscriptions/1431443c-49d2-4e4e-8569-e899fc5e5143/resourceGroups/hubrg/providers/Microsoft.Network/virtualNetworks/app01-vnet",
                            "resource_group_name": "hubrg",
                            "use_remote_gateways": "false",
                            "virtual_network_name": "hub-vnet"
                        },
                        "meta": {},
                        "tainted": false
                    },
                    "deposed": [],
                    "provider": "provider.azurerm"
                }
            },
            "depends_on": []
        }
    ]
}
