{
    "version": 3,
    "terraform_version": "0.11.13",
    "serial": 3,
    "lineage": "9865f138-b62f-b83f-5aec-afba98bd8e90",
    "modules": [
        {
            "path": [
                "root"
            ],
            "outputs": {
                "nic": {
                    "sensitive": false,
                    "type": "string",
                    "value": "webapp1"
                }
            },
            "resources": {
                "azurerm_availability_set.webapp-as1": {
                    "type": "azurerm_availability_set",
                    "depends_on": [
                        "azurerm_resource_group.demorg"
                    ],
                    "primary": {
                        "id": "/subscriptions/1431443c-49d2-4e4e-8569-e899fc5e5143/resourceGroups/DemoTerraRG/providers/Microsoft.Compute/availabilitySets/as01-demo-sea-webapp-prod",
                        "attributes": {
                            "id": "/subscriptions/1431443c-49d2-4e4e-8569-e899fc5e5143/resourceGroups/DemoTerraRG/providers/Microsoft.Compute/availabilitySets/as01-demo-sea-webapp-prod",
                            "location": "southeastasia",
                            "managed": "true",
                            "name": "as01-demo-sea-webapp-prod",
                            "platform_fault_domain_count": "2",
                            "platform_update_domain_count": "5",
                            "resource_group_name": "DemoTerraRG",
                            "tags.%": "0"
                        },
                        "meta": {},
                        "tainted": false
                    },
                    "deposed": [],
                    "provider": "provider.azurerm"
                },
                "azurerm_network_interface.webapp1-nic": {
                    "type": "azurerm_network_interface",
                    "depends_on": [
                        "azurerm_public_ip.webapp1-pip",
                        "azurerm_resource_group.demorg",
                        "azurerm_subnet.webserver",
                        "local.webapp1"
                    ],
                    "primary": {
                        "id": "/subscriptions/1431443c-49d2-4e4e-8569-e899fc5e5143/resourceGroups/DemoTerraRG/providers/Microsoft.Network/networkInterfaces/webapp1-nic",
                        "attributes": {
                            "applied_dns_servers.#": "0",
                            "dns_servers.#": "0",
                            "enable_accelerated_networking": "false",
                            "enable_ip_forwarding": "false",
                            "id": "/subscriptions/1431443c-49d2-4e4e-8569-e899fc5e5143/resourceGroups/DemoTerraRG/providers/Microsoft.Network/networkInterfaces/webapp1-nic",
                            "internal_dns_name_label": "",
                            "internal_fqdn": "",
                            "ip_configuration.#": "1",
                            "ip_configuration.0.application_gateway_backend_address_pools_ids.#": "0",
                            "ip_configuration.0.application_security_group_ids.#": "0",
                            "ip_configuration.0.load_balancer_backend_address_pools_ids.#": "0",
                            "ip_configuration.0.load_balancer_inbound_nat_rules_ids.#": "0",
                            "ip_configuration.0.name": "webapp1-ipconfig",
                            "ip_configuration.0.primary": "true",
                            "ip_configuration.0.private_ip_address": "192.168.1.4",
                            "ip_configuration.0.private_ip_address_allocation": "static",
                            "ip_configuration.0.private_ip_address_version": "IPv4",
                            "ip_configuration.0.public_ip_address_id": "/subscriptions/1431443c-49d2-4e4e-8569-e899fc5e5143/resourceGroups/DemoTerraRG/providers/Microsoft.Network/publicIPAddresses/webapp1-pip",
                            "ip_configuration.0.subnet_id": "/subscriptions/1431443c-49d2-4e4e-8569-e899fc5e5143/resourceGroups/DemoTerraRG/providers/Microsoft.Network/virtualNetworks/vnet-sea-app/subnets/vnet-sea-app-subnet-webserver",
                            "location": "southeastasia",
                            "mac_address": "",
                            "name": "webapp1-nic",
                            "network_security_group_id": "",
                            "private_ip_address": "192.168.1.4",
                            "private_ip_addresses.#": "1",
                            "private_ip_addresses.0": "192.168.1.4",
                            "resource_group_name": "DemoTerraRG",
                            "tags.%": "0"
                        },
                        "meta": {},
                        "tainted": false
                    },
                    "deposed": [],
                    "provider": "provider.azurerm"
                },
                "azurerm_network_interface.webapp2-nic": {
                    "type": "azurerm_network_interface",
                    "depends_on": [
                        "azurerm_resource_group.demorg",
                        "azurerm_subnet.webserver",
                        "local.webapp2"
                    ],
                    "primary": {
                        "id": "/subscriptions/1431443c-49d2-4e4e-8569-e899fc5e5143/resourceGroups/DemoTerraRG/providers/Microsoft.Network/networkInterfaces/webapp2-nic",
                        "attributes": {
                            "applied_dns_servers.#": "0",
                            "dns_servers.#": "0",
                            "enable_accelerated_networking": "false",
                            "enable_ip_forwarding": "false",
                            "id": "/subscriptions/1431443c-49d2-4e4e-8569-e899fc5e5143/resourceGroups/DemoTerraRG/providers/Microsoft.Network/networkInterfaces/webapp2-nic",
                            "internal_dns_name_label": "",
                            "internal_fqdn": "",
                            "ip_configuration.#": "1",
                            "ip_configuration.0.application_gateway_backend_address_pools_ids.#": "0",
                            "ip_configuration.0.application_security_group_ids.#": "0",
                            "ip_configuration.0.load_balancer_backend_address_pools_ids.#": "0",
                            "ip_configuration.0.load_balancer_inbound_nat_rules_ids.#": "0",
                            "ip_configuration.0.name": "webapp2-ipconfig",
                            "ip_configuration.0.primary": "true",
                            "ip_configuration.0.private_ip_address": "192.168.1.5",
                            "ip_configuration.0.private_ip_address_allocation": "static",
                            "ip_configuration.0.private_ip_address_version": "IPv4",
                            "ip_configuration.0.public_ip_address_id": "",
                            "ip_configuration.0.subnet_id": "/subscriptions/1431443c-49d2-4e4e-8569-e899fc5e5143/resourceGroups/DemoTerraRG/providers/Microsoft.Network/virtualNetworks/vnet-sea-app/subnets/vnet-sea-app-subnet-webserver",
                            "location": "southeastasia",
                            "mac_address": "",
                            "name": "webapp2-nic",
                            "network_security_group_id": "",
                            "private_ip_address": "192.168.1.5",
                            "private_ip_addresses.#": "1",
                            "private_ip_addresses.0": "192.168.1.5",
                            "resource_group_name": "DemoTerraRG",
                            "tags.%": "0"
                        },
                        "meta": {},
                        "tainted": false
                    },
                    "deposed": [],
                    "provider": "provider.azurerm"
                },
                "azurerm_public_ip.webapp1-pip": {
                    "type": "azurerm_public_ip",
                    "depends_on": [
                        "azurerm_resource_group.demorg",
                        "local.webapp1"
                    ],
                    "primary": {
                        "id": "/subscriptions/1431443c-49d2-4e4e-8569-e899fc5e5143/resourceGroups/DemoTerraRG/providers/Microsoft.Network/publicIPAddresses/webapp1-pip",
                        "attributes": {
                            "allocation_method": "Dynamic",
                            "id": "/subscriptions/1431443c-49d2-4e4e-8569-e899fc5e5143/resourceGroups/DemoTerraRG/providers/Microsoft.Network/publicIPAddresses/webapp1-pip",
                            "idle_timeout_in_minutes": "4",
                            "ip_address": "",
                            "ip_version": "IPv4",
                            "location": "southeastasia",
                            "name": "webapp1-pip",
                            "public_ip_address_allocation": "Dynamic",
                            "resource_group_name": "DemoTerraRG",
                            "sku": "Basic",
                            "tags.%": "0",
                            "zones.#": "0"
                        },
                        "meta": {},
                        "tainted": false
                    },
                    "deposed": [],
                    "provider": "provider.azurerm"
                },
                "azurerm_resource_group.demorg": {
                    "type": "azurerm_resource_group",
                    "depends_on": [
                        "local.resource-group"
                    ],
                    "primary": {
                        "id": "/subscriptions/1431443c-49d2-4e4e-8569-e899fc5e5143/resourceGroups/DemoTerraRG",
                        "attributes": {
                            "id": "/subscriptions/1431443c-49d2-4e4e-8569-e899fc5e5143/resourceGroups/DemoTerraRG",
                            "location": "southeastasia",
                            "name": "DemoTerraRG",
                            "tags.%": "0"
                        },
                        "meta": {},
                        "tainted": false
                    },
                    "deposed": [],
                    "provider": "provider.azurerm"
                },
                "azurerm_subnet.dbserver": {
                    "type": "azurerm_subnet",
                    "depends_on": [
                        "azurerm_resource_group.demorg",
                        "azurerm_virtual_network.vnet-webapp",
                        "local.vnet-app-subnet-dbserver"
                    ],
                    "primary": {
                        "id": "/subscriptions/1431443c-49d2-4e4e-8569-e899fc5e5143/resourceGroups/DemoTerraRG/providers/Microsoft.Network/virtualNetworks/vnet-sea-app/subnets/vnet-sea-app-subnet-dbserver",
                        "attributes": {
                            "address_prefix": "192.168.2.0/24",
                            "delegation.#": "0",
                            "id": "/subscriptions/1431443c-49d2-4e4e-8569-e899fc5e5143/resourceGroups/DemoTerraRG/providers/Microsoft.Network/virtualNetworks/vnet-sea-app/subnets/vnet-sea-app-subnet-dbserver",
                            "ip_configurations.#": "0",
                            "name": "vnet-sea-app-subnet-dbserver",
                            "network_security_group_id": "",
                            "resource_group_name": "DemoTerraRG",
                            "route_table_id": "",
                            "service_endpoints.#": "0",
                            "virtual_network_name": "vnet-sea-app"
                        },
                        "meta": {},
                        "tainted": false
                    },
                    "deposed": [],
                    "provider": "provider.azurerm"
                },
                "azurerm_subnet.webserver": {
                    "type": "azurerm_subnet",
                    "depends_on": [
                        "azurerm_resource_group.demorg",
                        "azurerm_virtual_network.vnet-webapp",
                        "local.vnet-app-subnet-webserver"
                    ],
                    "primary": {
                        "id": "/subscriptions/1431443c-49d2-4e4e-8569-e899fc5e5143/resourceGroups/DemoTerraRG/providers/Microsoft.Network/virtualNetworks/vnet-sea-app/subnets/vnet-sea-app-subnet-webserver",
                        "attributes": {
                            "address_prefix": "192.168.1.0/24",
                            "delegation.#": "0",
                            "id": "/subscriptions/1431443c-49d2-4e4e-8569-e899fc5e5143/resourceGroups/DemoTerraRG/providers/Microsoft.Network/virtualNetworks/vnet-sea-app/subnets/vnet-sea-app-subnet-webserver",
                            "ip_configurations.#": "0",
                            "name": "vnet-sea-app-subnet-webserver",
                            "network_security_group_id": "",
                            "resource_group_name": "DemoTerraRG",
                            "route_table_id": "",
                            "service_endpoints.#": "0",
                            "virtual_network_name": "vnet-sea-app"
                        },
                        "meta": {},
                        "tainted": false
                    },
                    "deposed": [],
                    "provider": "provider.azurerm"
                },
                "azurerm_virtual_machine.webapp1": {
                    "type": "azurerm_virtual_machine",
                    "depends_on": [
                        "azurerm_availability_set.webapp-as1",
                        "azurerm_network_interface.webapp1-nic",
                        "azurerm_resource_group.demorg",
                        "local.webapp1"
                    ],
                    "primary": {
                        "id": "/subscriptions/1431443c-49d2-4e4e-8569-e899fc5e5143/resourceGroups/DemoTerraRG/providers/Microsoft.Compute/virtualMachines/webapp1",
                        "attributes": {
                            "availability_set_id": "/subscriptions/1431443c-49d2-4e4e-8569-e899fc5e5143/resourcegroups/demoterrarg/providers/microsoft.compute/availabilitysets/as01-demo-sea-webapp-prod",
                            "delete_data_disks_on_termination": "false",
                            "delete_os_disk_on_termination": "true",
                            "id": "/subscriptions/1431443c-49d2-4e4e-8569-e899fc5e5143/resourceGroups/DemoTerraRG/providers/Microsoft.Compute/virtualMachines/webapp1",
                            "identity.#": "0",
                            "location": "southeastasia",
                            "name": "webapp1",
                            "network_interface_ids.#": "1",
                            "network_interface_ids.0": "/subscriptions/1431443c-49d2-4e4e-8569-e899fc5e5143/resourceGroups/DemoTerraRG/providers/Microsoft.Network/networkInterfaces/webapp1-nic",
                            "os_profile.#": "1",
                            "os_profile.1727606854.admin_password": "",
                            "os_profile.1727606854.admin_username": "DemoAdmin",
                            "os_profile.1727606854.computer_name": "webapp1",
                            "os_profile.1727606854.custom_data": "",
                            "os_profile_linux_config.#": "0",
                            "os_profile_secrets.#": "0",
                            "os_profile_windows_config.#": "1",
                            "os_profile_windows_config.3143587113.additional_unattend_config.#": "0",
                            "os_profile_windows_config.3143587113.enable_automatic_upgrades": "false",
                            "os_profile_windows_config.3143587113.provision_vm_agent": "true",
                            "os_profile_windows_config.3143587113.timezone": "",
                            "os_profile_windows_config.3143587113.winrm.#": "0",
                            "plan.#": "0",
                            "resource_group_name": "DemoTerraRG",
                            "storage_data_disk.#": "0",
                            "storage_image_reference.#": "1",
                            "storage_image_reference.3904372903.id": "",
                            "storage_image_reference.3904372903.offer": "WindowsServer",
                            "storage_image_reference.3904372903.publisher": "MicrosoftWindowsServer",
                            "storage_image_reference.3904372903.sku": "2016-Datacenter",
                            "storage_image_reference.3904372903.version": "latest",
                            "storage_os_disk.#": "1",
                            "storage_os_disk.0.caching": "ReadWrite",
                            "storage_os_disk.0.create_option": "FromImage",
                            "storage_os_disk.0.disk_size_gb": "127",
                            "storage_os_disk.0.image_uri": "",
                            "storage_os_disk.0.managed_disk_id": "/subscriptions/1431443c-49d2-4e4e-8569-e899fc5e5143/resourceGroups/DemoTerraRG/providers/Microsoft.Compute/disks/webapp1",
                            "storage_os_disk.0.managed_disk_type": "Standard_LRS",
                            "storage_os_disk.0.name": "webapp1",
                            "storage_os_disk.0.os_type": "Windows",
                            "storage_os_disk.0.vhd_uri": "",
                            "storage_os_disk.0.write_accelerator_enabled": "false",
                            "tags.%": "0",
                            "vm_size": "Standard_D2s_v3",
                            "zones.#": "0"
                        },
                        "meta": {},
                        "tainted": false
                    },
                    "deposed": [],
                    "provider": "provider.azurerm"
                },
                "azurerm_virtual_machine.webapp2": {
                    "type": "azurerm_virtual_machine",
                    "depends_on": [
                        "azurerm_availability_set.webapp-as1",
                        "azurerm_network_interface.webapp2-nic",
                        "azurerm_resource_group.demorg",
                        "local.webapp2"
                    ],
                    "primary": {
                        "id": "/subscriptions/1431443c-49d2-4e4e-8569-e899fc5e5143/resourceGroups/DemoTerraRG/providers/Microsoft.Compute/virtualMachines/webapp2",
                        "attributes": {
                            "availability_set_id": "/subscriptions/1431443c-49d2-4e4e-8569-e899fc5e5143/resourcegroups/demoterrarg/providers/microsoft.compute/availabilitysets/as01-demo-sea-webapp-prod",
                            "delete_data_disks_on_termination": "false",
                            "delete_os_disk_on_termination": "true",
                            "id": "/subscriptions/1431443c-49d2-4e4e-8569-e899fc5e5143/resourceGroups/DemoTerraRG/providers/Microsoft.Compute/virtualMachines/webapp2",
                            "identity.#": "0",
                            "location": "southeastasia",
                            "name": "webapp2",
                            "network_interface_ids.#": "1",
                            "network_interface_ids.0": "/subscriptions/1431443c-49d2-4e4e-8569-e899fc5e5143/resourceGroups/DemoTerraRG/providers/Microsoft.Network/networkInterfaces/webapp2-nic",
                            "os_profile.#": "1",
                            "os_profile.1305764741.admin_password": "",
                            "os_profile.1305764741.admin_username": "DemoAdmin",
                            "os_profile.1305764741.computer_name": "webapp2",
                            "os_profile.1305764741.custom_data": "",
                            "os_profile_linux_config.#": "0",
                            "os_profile_secrets.#": "0",
                            "os_profile_windows_config.#": "1",
                            "os_profile_windows_config.3143587113.additional_unattend_config.#": "0",
                            "os_profile_windows_config.3143587113.enable_automatic_upgrades": "false",
                            "os_profile_windows_config.3143587113.provision_vm_agent": "true",
                            "os_profile_windows_config.3143587113.timezone": "",
                            "os_profile_windows_config.3143587113.winrm.#": "0",
                            "plan.#": "0",
                            "resource_group_name": "DemoTerraRG",
                            "storage_data_disk.#": "0",
                            "storage_image_reference.#": "1",
                            "storage_image_reference.3904372903.id": "",
                            "storage_image_reference.3904372903.offer": "WindowsServer",
                            "storage_image_reference.3904372903.publisher": "MicrosoftWindowsServer",
                            "storage_image_reference.3904372903.sku": "2016-Datacenter",
                            "storage_image_reference.3904372903.version": "latest",
                            "storage_os_disk.#": "1",
                            "storage_os_disk.0.caching": "ReadWrite",
                            "storage_os_disk.0.create_option": "FromImage",
                            "storage_os_disk.0.disk_size_gb": "127",
                            "storage_os_disk.0.image_uri": "",
                            "storage_os_disk.0.managed_disk_id": "/subscriptions/1431443c-49d2-4e4e-8569-e899fc5e5143/resourceGroups/DemoTerraRG/providers/Microsoft.Compute/disks/webapp2",
                            "storage_os_disk.0.managed_disk_type": "Standard_LRS",
                            "storage_os_disk.0.name": "webapp2",
                            "storage_os_disk.0.os_type": "Windows",
                            "storage_os_disk.0.vhd_uri": "",
                            "storage_os_disk.0.write_accelerator_enabled": "false",
                            "tags.%": "0",
                            "vm_size": "Standard_D2s_v3",
                            "zones.#": "0"
                        },
                        "meta": {},
                        "tainted": false
                    },
                    "deposed": [],
                    "provider": "provider.azurerm"
                },
                "azurerm_virtual_network.vnet-webapp": {
                    "type": "azurerm_virtual_network",
                    "depends_on": [
                        "azurerm_resource_group.demorg",
                        "local.vnet-app"
                    ],
                    "primary": {
                        "id": "/subscriptions/1431443c-49d2-4e4e-8569-e899fc5e5143/resourceGroups/DemoTerraRG/providers/Microsoft.Network/virtualNetworks/vnet-sea-app",
                        "attributes": {
                            "address_space.#": "1",
                            "address_space.0": "192.168.0.0/16",
                            "ddos_protection_plan.#": "0",
                            "dns_servers.#": "0",
                            "id": "/subscriptions/1431443c-49d2-4e4e-8569-e899fc5e5143/resourceGroups/DemoTerraRG/providers/Microsoft.Network/virtualNetworks/vnet-sea-app",
                            "location": "southeastasia",
                            "name": "vnet-sea-app",
                            "resource_group_name": "DemoTerraRG",
                            "subnet.#": "0",
                            "tags.%": "0"
                        },
                        "meta": {},
                        "tainted": false
                    },
                    "deposed": [],
                    "provider": "provider.azurerm"
                }
            },
            "depends_on": []
        }
    ]
}
